
Microsoft Visual Studio Solution File, Format Version 12.00
# Visual Studio 2012
Project("{FAE04EC0-301F-11D3-BF4B-00C04F79EFBC}") = "DistanceAndScaleExternalMapScale", "DistanceAndScaleExternalMapScale\DistanceAndScaleExternalMapScale.csproj", "{E989E25E-3910-40B8-A31A-A1306D8136EB}"
EndProject
Project("{FAE04EC0-301F-11D3-BF4B-00C04F79EFBC}") = "DistanceAndScaleExternalMapScale.Web", "DistanceAndScaleExternalMapScale.Web\DistanceAndScaleExternalMapScale.Web.csproj", "{87B4E9BE-35EA-4274-9707-4F86D1F66835}"
EndProject
Global
	 
	GlobalSection(SolutionConfigurationPlatforms) = preSolution
		Debug|Any CPU = Debug|Any CPU
		Release|Any CPU = Release|Any CPU
	EndGlobalSection
	GlobalSection(ProjectConfigurationPlatforms) = postSolution
		{E989E25E-3910-40B8-A31A-A1306D8136EB}.Debug|Any CPU.ActiveCfg = Debug|Any CPU
		{E989E25E-3910-40B8-A31A-A1306D8136EB}.Debug|Any CPU.Build.0 = Debug|Any CPU
		{E989E25E-3910-40B8-A31A-A1306D8136EB}.Release|Any CPU.ActiveCfg = Release|Any CPU
		{E989E25E-3910-40B8-A31A-A1306D8136EB}.Release|Any CPU.Build.0 = Release|Any CPU
		{87B4E9BE-35EA-4274-9707-4F86D1F66835}.Debug|Any CPU.ActiveCfg = Debug|Any CPU
		{87B4E9BE-35EA-4274-9707-4F86D1F66835}.Debug|Any CPU.Build.0 = Debug|Any CPU
		{87B4E9BE-35EA-4274-9707-4F86D1F66835}.Release|Any CPU.ActiveCfg = Release|Any CPU
		{87B4E9BE-35EA-4274-9707-4F86D1F66835}.Release|Any CPU.Build.0 = Release|Any CPU
	EndGlobalSection
	GlobalSection(SolutionProperties) = preSolution
		HideSolutionNode = FALSE
	EndGlobalSection
EndGlobal
