
Microsoft Visual Studio Solution File, Format Version 12.00
# Visual Studio 2013
VisualStudioVersion = 12.0.31101.0
MinimumVisualStudioVersion = 10.0.40219.1
Project("{FAE04EC0-301F-11D3-BF4B-00C04F79EFBC}") = "LocalDataSourcePersistence_WPF", "Persistence\LocalDataSourceProvider\LocalDataSourcePersistence_WPF.csproj", "{F370C170-4B92-40C5-BAB2-233FC0EBA1E0}"
EndProject
Project("{FAE04EC0-301F-11D3-BF4B-00C04F79EFBC}") = "AdomdPersistence_WPF", "Persistence\AdomdProvider\AdomdPersistence_WPF.csproj", "{FA194FB2-7355-428C-8346-816402C42097}"
EndProject
Project("{FAE04EC0-301F-11D3-BF4B-00C04F79EFBC}") = "XmlaPersistence_WPF", "Persistence\XmlaPersistence\XmlaPersistence_WPF.csproj", "{3D42501C-3065-493B-B345-58C9DF1D0D18}"
EndProject
Project("{FAE04EC0-301F-11D3-BF4B-00C04F79EFBC}") = "LocalDataSourceSerialization_WPF", "Serialization\LocalDataSourceProvider\LocalDataSourceSerialization_WPF.csproj", "{8A8BA244-EB53-496D-B987-133DE145A23F}"
EndProject
Project("{FAE04EC0-301F-11D3-BF4B-00C04F79EFBC}") = "AdomdSerialization_WPF", "Serialization\AdomdProvider\AdomdSerialization_WPF.csproj", "{8D38542E-60D2-47E4-9EB1-382BC77DEA7B}"
EndProject
Project("{FAE04EC0-301F-11D3-BF4B-00C04F79EFBC}") = "XmlaSerialization_WPF", "Serialization\XmlaProvider\XmlaSerialization_WPF.csproj", "{8A1E2356-2DA8-484E-9886-17901223AD37}"
EndProject
Project("{FAE04EC0-301F-11D3-BF4B-00C04F79EFBC}") = "CustomDateTimeGroupDescription_WPF", "CustomDateTimeGroupDescription\CustomDateTimeGroupDescription_WPF.csproj", "{6EE9B157-50CA-44FA-8346-A0DF35EC79C8}"
EndProject
Project("{FAE04EC0-301F-11D3-BF4B-00C04F79EFBC}") = "CustomizeFieldTree_WPF", "CustomizeFieldTree\CustomizeFieldTree_WPF.csproj", "{761F60E8-9B9B-43FE-8A1F-BC9D1EBA57F3}"
EndProject
Project("{FAE04EC0-301F-11D3-BF4B-00C04F79EFBC}") = "CustomCellTemplate_WPF", "CustomCellTemplate\CustomCellTemplate_WPF.csproj", "{05761B84-8DA6-4A0E-B1A9-63FF34ABF864}"
EndProject
Project("{FAE04EC0-301F-11D3-BF4B-00C04F79EFBC}") = "CustomHeaderTemplate_WPF", "CustomHeaderTemplate\CustomHeaderTemplate_WPF.csproj", "{F22AF841-B60E-486A-82D2-E805115FE4B1}"
EndProject
Project("{FAE04EC0-301F-11D3-BF4B-00C04F79EFBC}") = "ExportPivotGrid_WPF", "ExportPivotGrid\ExportPivotGrid_WPF.csproj", "{F9185FFE-0E2B-4560-A931-3997BFB1967D}"
EndProject
Project("{FAE04EC0-301F-11D3-BF4B-00C04F79EFBC}") = "PivotGridQuickStyles_WPF", "PivotGridQuickStyles\PivotGridQuickStyles_WPF.csproj", "{F7733E43-CC7B-4765-8133-E59F9195EC22}"
EndProject
Project("{FAE04EC0-301F-11D3-BF4B-00C04F79EFBC}") = "CustomLocalization_WPF", "CustomLocalization\CustomLocalization_WPF.csproj", "{0A6610F2-8A5A-40A2-A835-DA1BC8CEE0DB}"
EndProject
Project("{FAE04EC0-301F-11D3-BF4B-00C04F79EFBC}") = "ExpandBehavior_WPF", "ExpandBehavior\ExpandBehavior_WPF.csproj", "{BAE1B0E9-BFE7-4BB4-A2B5-8A568089B9C0}"
EndProject
Project("{FAE04EC0-301F-11D3-BF4B-00C04F79EFBC}") = "LocalDataSourceCalculatedFields_WPF", "CalculatedFields\LocalDataSourceCalculatedFields\LocalDataSourceCalculatedFields_WPF.csproj", "{00215A91-10B2-42E5-AD2E-F5F626B31F39}"
EndProject
Project("{FAE04EC0-301F-11D3-BF4B-00C04F79EFBC}") = "LocalDataSourceCalculatedItems_WPF", "CalculatedItems\LocalDataSourceCalculatedItems\LocalDataSourceCalculatedItems_WPF.csproj", "{20A4A188-CF3E-4C30-937F-697089388095}"
EndProject
Project("{FAE04EC0-301F-11D3-BF4B-00C04F79EFBC}") = "QueryableCalculatedFields_WPF", "CalculatedFields\QueryableCalculatedFields\QueryableCalculatedFields_WPF.csproj", "{6CFCB58E-40A4-4E70-9B82-99BEB4A091A2}"
EndProject
Project("{FAE04EC0-301F-11D3-BF4B-00C04F79EFBC}") = "QueryableCalculatedItems_WPF", "CalculatedItems\QueryableCalculatedItems\QueryableCalculatedItems_WPF.csproj", "{F2FFB684-83F5-4591-9082-920DC64FEA0B}"
EndProject
Project("{FAE04EC0-301F-11D3-BF4B-00C04F79EFBC}") = "CustomContextMenuBehavior_WPF", "CustomContextMenuBehavior\CustomContextMenuBehavior_WPF.csproj", "{08485209-7167-4FC5-AA2B-1B5826D7745C}"
EndProject
Project("{FAE04EC0-301F-11D3-BF4B-00C04F79EFBC}") = "AdomdStyleRaggedHierarchies_WPF", "StyleRaggedHierarchies\AdomdDataProvider\AdomdStyleRaggedHierarchies_WPF.csproj", "{AE7E0F15-99F2-46D4-BEC6-0B12BD04D12A}"
EndProject
Project("{FAE04EC0-301F-11D3-BF4B-00C04F79EFBC}") = "XmlaStyleRaggedHierarchies_WPF", "StyleRaggedHierarchies\XmlaDataProvider\XmlaStyleRaggedHierarchies_WPF.csproj", "{21026C2C-02FF-4AF9-975D-E3D1F28C525D}"
EndProject
Project("{FAE04EC0-301F-11D3-BF4B-00C04F79EFBC}") = "BindingLocalDataSourceProviderInMVVM_WPF", "BindingLocalDataSourceProviderInMVVM\BindingLocalDataSourceProviderInMVVM_WPF.csproj", "{A62868F0-6C47-41E9-A87D-726368596D44}"
EndProject
Global
	 
	GlobalSection(SolutionConfigurationPlatforms) = preSolution
		Debug|Any CPU = Debug|Any CPU
		Release|Any CPU = Release|Any CPU
	EndGlobalSection
	GlobalSection(ProjectConfigurationPlatforms) = postSolution
		{F370C170-4B92-40C5-BAB2-233FC0EBA1E0}.Debug|Any CPU.ActiveCfg = Debug|Any CPU
		{F370C170-4B92-40C5-BAB2-233FC0EBA1E0}.Debug|Any CPU.Build.0 = Debug|Any CPU
		{F370C170-4B92-40C5-BAB2-233FC0EBA1E0}.Release|Any CPU.ActiveCfg = Release|Any CPU
		{F370C170-4B92-40C5-BAB2-233FC0EBA1E0}.Release|Any CPU.Build.0 = Release|Any CPU
		{FA194FB2-7355-428C-8346-816402C42097}.Debug|Any CPU.ActiveCfg = Debug|Any CPU
		{FA194FB2-7355-428C-8346-816402C42097}.Debug|Any CPU.Build.0 = Debug|Any CPU
		{FA194FB2-7355-428C-8346-816402C42097}.Release|Any CPU.ActiveCfg = Release|Any CPU
		{FA194FB2-7355-428C-8346-816402C42097}.Release|Any CPU.Build.0 = Release|Any CPU
		{3D42501C-3065-493B-B345-58C9DF1D0D18}.Debug|Any CPU.ActiveCfg = Debug|Any CPU
		{3D42501C-3065-493B-B345-58C9DF1D0D18}.Debug|Any CPU.Build.0 = Debug|Any CPU
		{3D42501C-3065-493B-B345-58C9DF1D0D18}.Release|Any CPU.ActiveCfg = Release|Any CPU
		{3D42501C-3065-493B-B345-58C9DF1D0D18}.Release|Any CPU.Build.0 = Release|Any CPU
		{8A8BA244-EB53-496D-B987-133DE145A23F}.Debug|Any CPU.ActiveCfg = Debug|Any CPU
		{8A8BA244-EB53-496D-B987-133DE145A23F}.Debug|Any CPU.Build.0 = Debug|Any CPU
		{8A8BA244-EB53-496D-B987-133DE145A23F}.Release|Any CPU.ActiveCfg = Release|Any CPU
		{8A8BA244-EB53-496D-B987-133DE145A23F}.Release|Any CPU.Build.0 = Release|Any CPU
		{8D38542E-60D2-47E4-9EB1-382BC77DEA7B}.Debug|Any CPU.ActiveCfg = Debug|Any CPU
		{8D38542E-60D2-47E4-9EB1-382BC77DEA7B}.Debug|Any CPU.Build.0 = Debug|Any CPU
		{8D38542E-60D2-47E4-9EB1-382BC77DEA7B}.Release|Any CPU.ActiveCfg = Release|Any CPU
		{8D38542E-60D2-47E4-9EB1-382BC77DEA7B}.Release|Any CPU.Build.0 = Release|Any CPU
		{8A1E2356-2DA8-484E-9886-17901223AD37}.Debug|Any CPU.ActiveCfg = Debug|Any CPU
		{8A1E2356-2DA8-484E-9886-17901223AD37}.Debug|Any CPU.Build.0 = Debug|Any CPU
		{8A1E2356-2DA8-484E-9886-17901223AD37}.Release|Any CPU.ActiveCfg = Release|Any CPU
		{8A1E2356-2DA8-484E-9886-17901223AD37}.Release|Any CPU.Build.0 = Release|Any CPU
		{6EE9B157-50CA-44FA-8346-A0DF35EC79C8}.Debug|Any CPU.ActiveCfg = Debug|Any CPU
		{6EE9B157-50CA-44FA-8346-A0DF35EC79C8}.Debug|Any CPU.Build.0 = Debug|Any CPU
		{6EE9B157-50CA-44FA-8346-A0DF35EC79C8}.Release|Any CPU.ActiveCfg = Release|Any CPU
		{6EE9B157-50CA-44FA-8346-A0DF35EC79C8}.Release|Any CPU.Build.0 = Release|Any CPU
		{761F60E8-9B9B-43FE-8A1F-BC9D1EBA57F3}.Debug|Any CPU.ActiveCfg = Debug|Any CPU
		{761F60E8-9B9B-43FE-8A1F-BC9D1EBA57F3}.Debug|Any CPU.Build.0 = Debug|Any CPU
		{761F60E8-9B9B-43FE-8A1F-BC9D1EBA57F3}.Release|Any CPU.ActiveCfg = Release|Any CPU
		{761F60E8-9B9B-43FE-8A1F-BC9D1EBA57F3}.Release|Any CPU.Build.0 = Release|Any CPU
		{05761B84-8DA6-4A0E-B1A9-63FF34ABF864}.Debug|Any CPU.ActiveCfg = Debug|Any CPU
		{05761B84-8DA6-4A0E-B1A9-63FF34ABF864}.Debug|Any CPU.Build.0 = Debug|Any CPU
		{05761B84-8DA6-4A0E-B1A9-63FF34ABF864}.Release|Any CPU.ActiveCfg = Release|Any CPU
		{05761B84-8DA6-4A0E-B1A9-63FF34ABF864}.Release|Any CPU.Build.0 = Release|Any CPU
		{F22AF841-B60E-486A-82D2-E805115FE4B1}.Debug|Any CPU.ActiveCfg = Debug|Any CPU
		{F22AF841-B60E-486A-82D2-E805115FE4B1}.Debug|Any CPU.Build.0 = Debug|Any CPU
		{F22AF841-B60E-486A-82D2-E805115FE4B1}.Release|Any CPU.ActiveCfg = Release|Any CPU
		{F22AF841-B60E-486A-82D2-E805115FE4B1}.Release|Any CPU.Build.0 = Release|Any CPU
		{F9185FFE-0E2B-4560-A931-3997BFB1967D}.Debug|Any CPU.ActiveCfg = Debug|Any CPU
		{F9185FFE-0E2B-4560-A931-3997BFB1967D}.Debug|Any CPU.Build.0 = Debug|Any CPU
		{F9185FFE-0E2B-4560-A931-3997BFB1967D}.Release|Any CPU.ActiveCfg = Release|Any CPU
		{F9185FFE-0E2B-4560-A931-3997BFB1967D}.Release|Any CPU.Build.0 = Release|Any CPU
		{F7733E43-CC7B-4765-8133-E59F9195EC22}.Debug|Any CPU.ActiveCfg = Debug|Any CPU
		{F7733E43-CC7B-4765-8133-E59F9195EC22}.Debug|Any CPU.Build.0 = Debug|Any CPU
		{F7733E43-CC7B-4765-8133-E59F9195EC22}.Release|Any CPU.ActiveCfg = Release|Any CPU
		{F7733E43-CC7B-4765-8133-E59F9195EC22}.Release|Any CPU.Build.0 = Release|Any CPU
		{0A6610F2-8A5A-40A2-A835-DA1BC8CEE0DB}.Debug|Any CPU.ActiveCfg = Debug|Any CPU
		{0A6610F2-8A5A-40A2-A835-DA1BC8CEE0DB}.Debug|Any CPU.Build.0 = Debug|Any CPU
		{0A6610F2-8A5A-40A2-A835-DA1BC8CEE0DB}.Release|Any CPU.ActiveCfg = Release|Any CPU
		{0A6610F2-8A5A-40A2-A835-DA1BC8CEE0DB}.Release|Any CPU.Build.0 = Release|Any CPU
		{BAE1B0E9-BFE7-4BB4-A2B5-8A568089B9C0}.Debug|Any CPU.ActiveCfg = Debug|Any CPU
		{BAE1B0E9-BFE7-4BB4-A2B5-8A568089B9C0}.Debug|Any CPU.Build.0 = Debug|Any CPU
		{BAE1B0E9-BFE7-4BB4-A2B5-8A568089B9C0}.Release|Any CPU.ActiveCfg = Release|Any CPU
		{BAE1B0E9-BFE7-4BB4-A2B5-8A568089B9C0}.Release|Any CPU.Build.0 = Release|Any CPU
		{00215A91-10B2-42E5-AD2E-F5F626B31F39}.Debug|Any CPU.ActiveCfg = Debug|Any CPU
		{00215A91-10B2-42E5-AD2E-F5F626B31F39}.Debug|Any CPU.Build.0 = Debug|Any CPU
		{00215A91-10B2-42E5-AD2E-F5F626B31F39}.Release|Any CPU.ActiveCfg = Release|Any CPU
		{00215A91-10B2-42E5-AD2E-F5F626B31F39}.Release|Any CPU.Build.0 = Release|Any CPU
		{20A4A188-CF3E-4C30-937F-697089388095}.Debug|Any CPU.ActiveCfg = Debug|Any CPU
		{20A4A188-CF3E-4C30-937F-697089388095}.Debug|Any CPU.Build.0 = Debug|Any CPU
		{20A4A188-CF3E-4C30-937F-697089388095}.Release|Any CPU.ActiveCfg = Release|Any CPU
		{20A4A188-CF3E-4C30-937F-697089388095}.Release|Any CPU.Build.0 = Release|Any CPU
		{6CFCB58E-40A4-4E70-9B82-99BEB4A091A2}.Debug|Any CPU.ActiveCfg = Debug|Any CPU
		{6CFCB58E-40A4-4E70-9B82-99BEB4A091A2}.Debug|Any CPU.Build.0 = Debug|Any CPU
		{6CFCB58E-40A4-4E70-9B82-99BEB4A091A2}.Release|Any CPU.ActiveCfg = Release|Any CPU
		{6CFCB58E-40A4-4E70-9B82-99BEB4A091A2}.Release|Any CPU.Build.0 = Release|Any CPU
		{F2FFB684-83F5-4591-9082-920DC64FEA0B}.Debug|Any CPU.ActiveCfg = Debug|Any CPU
		{F2FFB684-83F5-4591-9082-920DC64FEA0B}.Debug|Any CPU.Build.0 = Debug|Any CPU
		{F2FFB684-83F5-4591-9082-920DC64FEA0B}.Release|Any CPU.ActiveCfg = Release|Any CPU
		{F2FFB684-83F5-4591-9082-920DC64FEA0B}.Release|Any CPU.Build.0 = Release|Any CPU
		{08485209-7167-4FC5-AA2B-1B5826D7745C}.Debug|Any CPU.ActiveCfg = Debug|Any CPU
		{08485209-7167-4FC5-AA2B-1B5826D7745C}.Debug|Any CPU.Build.0 = Debug|Any CPU
		{08485209-7167-4FC5-AA2B-1B5826D7745C}.Release|Any CPU.ActiveCfg = Release|Any CPU
		{08485209-7167-4FC5-AA2B-1B5826D7745C}.Release|Any CPU.Build.0 = Release|Any CPU
		{AE7E0F15-99F2-46D4-BEC6-0B12BD04D12A}.Debug|Any CPU.ActiveCfg = Debug|Any CPU
		{AE7E0F15-99F2-46D4-BEC6-0B12BD04D12A}.Debug|Any CPU.Build.0 = Debug|Any CPU
		{AE7E0F15-99F2-46D4-BEC6-0B12BD04D12A}.Release|Any CPU.ActiveCfg = Release|Any CPU
		{AE7E0F15-99F2-46D4-BEC6-0B12BD04D12A}.Release|Any CPU.Build.0 = Release|Any CPU
		{21026C2C-02FF-4AF9-975D-E3D1F28C525D}.Debug|Any CPU.ActiveCfg = Debug|Any CPU
		{21026C2C-02FF-4AF9-975D-E3D1F28C525D}.Debug|Any CPU.Build.0 = Debug|Any CPU
		{21026C2C-02FF-4AF9-975D-E3D1F28C525D}.Release|Any CPU.ActiveCfg = Release|Any CPU
		{21026C2C-02FF-4AF9-975D-E3D1F28C525D}.Release|Any CPU.Build.0 = Release|Any CPU
		{A62868F0-6C47-41E9-A87D-726368596D44}.Debug|Any CPU.ActiveCfg = Debug|Any CPU
		{A62868F0-6C47-41E9-A87D-726368596D44}.Debug|Any CPU.Build.0 = Debug|Any CPU
		{A62868F0-6C47-41E9-A87D-726368596D44}.Release|Any CPU.ActiveCfg = Release|Any CPU
		{A62868F0-6C47-41E9-A87D-726368596D44}.Release|Any CPU.Build.0 = Release|Any CPU
	EndGlobalSection
	GlobalSection(SolutionProperties) = preSolution
		HideSolutionNode = FALSE
	EndGlobalSection
EndGlobal
