
Microsoft Visual Studio Solution File, Format Version 12.00
# Visual Studio 2012
Project("{FAE04EC0-301F-11D3-BF4B-00C04F79EFBC}") = "LinkButton_WPF", "LinkButton\LinkButton_WPF.csproj", "{69D441AB-4352-4950-9478-60017B6A1BEF}"
EndProject
Project("{FAE04EC0-301F-11D3-BF4B-00C04F79EFBC}") = "ToggleSwitchButton_WPF", "ToggleSwitchButton\ToggleSwitchButton_WPF.csproj", "{3231D43E-98C7-496F-8D07-12F59B15BE88}"
EndProject
Global
	 
	GlobalSection(SolutionConfigurationPlatforms) = preSolution
		Debug|Any CPU = Debug|Any CPU
		Release|Any CPU = Release|Any CPU
	EndGlobalSection
	GlobalSection(ProjectConfigurationPlatforms) = postSolution
		{69D441AB-4352-4950-9478-60017B6A1BEF}.Debug|Any CPU.ActiveCfg = Debug|Any CPU
		{69D441AB-4352-4950-9478-60017B6A1BEF}.Debug|Any CPU.Build.0 = Debug|Any CPU
		{69D441AB-4352-4950-9478-60017B6A1BEF}.Release|Any CPU.ActiveCfg = Release|Any CPU
		{69D441AB-4352-4950-9478-60017B6A1BEF}.Release|Any CPU.Build.0 = Release|Any CPU
		{3231D43E-98C7-496F-8D07-12F59B15BE88}.Debug|Any CPU.ActiveCfg = Debug|Any CPU
		{3231D43E-98C7-496F-8D07-12F59B15BE88}.Debug|Any CPU.Build.0 = Debug|Any CPU
		{3231D43E-98C7-496F-8D07-12F59B15BE88}.Release|Any CPU.ActiveCfg = Release|Any CPU
		{3231D43E-98C7-496F-8D07-12F59B15BE88}.Release|Any CPU.Build.0 = Release|Any CPU
	EndGlobalSection
	GlobalSection(SolutionProperties) = preSolution
		HideSolutionNode = FALSE
	EndGlobalSection
EndGlobal
