
Microsoft Visual Studio Solution File, Format Version 12.00
# Visual Studio 2013
VisualStudioVersion = 12.0.30324.0
MinimumVisualStudioVersion = 10.0.40219.1
Project("{FAE04EC0-301F-11D3-BF4B-00C04F79EFBC}") = "TodayButton_SL", "TodayButton\TodayButton_SL.csproj", "{BFF97BF5-22F3-48D1-9585-7711FDC66AF0}"
EndProject
Project("{FAE04EC0-301F-11D3-BF4B-00C04F79EFBC}") = "ReadonlyInputField_SL", "ReadonlyInputField\ReadonlyInputField_SL.csproj", "{58518E6B-CCF2-49A6-A334-B70A5E45E982}"
EndProject
Project("{FAE04EC0-301F-11D3-BF4B-00C04F79EFBC}") = "TimeIntervalsScrollViewer_SL", "TimeIntervalsScrollViewer\TimeIntervalsScrollViewer_SL.csproj", "{A6CE41AD-8DE3-4FDA-9ED2-B8BE58D52C0C}"
EndProject
Project("{FAE04EC0-301F-11D3-BF4B-00C04F79EFBC}") = "StringFormatMVVM_SL", "StringFormatMVVM\StringFormatMVVM_SL.csproj", "{CB37EAE6-39C7-4A25-BD7B-8F1CE06E4080}"
EndProject
Project("{FAE04EC0-301F-11D3-BF4B-00C04F79EFBC}") = "ClearButton_SL", "ClearButton\ClearButton_SL.csproj", "{1BCF3446-013B-44A0-8E9A-DD7F155A6FB6}"
EndProject
Project("{FAE04EC0-301F-11D3-BF4B-00C04F79EFBC}") = "RestrictTheEnteredDate_SL", "RestrictTheEnteredDate\RestrictTheEnteredDate_SL.csproj", "{C26DE907-5894-47C4-9AAC-9B79B36C4C5D}"
EndProject
Project("{FAE04EC0-301F-11D3-BF4B-00C04F79EFBC}") = "CustomHeaderTemplate_SL", "CustomHeaderTemplate\CustomHeaderTemplate_SL.csproj", "{1AE78FF4-EAB4-48F5-A3E2-EB8E90070FEA}"
EndProject
Project("{FAE04EC0-301F-11D3-BF4B-00C04F79EFBC}") = "AllowedDates_SL", "AllowedDates\AllowedDates_SL.csproj", "{0E06FB17-94F8-4FE7-99AA-E61B62017597}"
EndProject
Global
	 
	GlobalSection(SolutionConfigurationPlatforms) = preSolution
		Debug|Any CPU = Debug|Any CPU
		Release|Any CPU = Release|Any CPU
	EndGlobalSection
	GlobalSection(ProjectConfigurationPlatforms) = postSolution
		{BFF97BF5-22F3-48D1-9585-7711FDC66AF0}.Debug|Any CPU.ActiveCfg = Debug|Any CPU
		{BFF97BF5-22F3-48D1-9585-7711FDC66AF0}.Debug|Any CPU.Build.0 = Debug|Any CPU
		{BFF97BF5-22F3-48D1-9585-7711FDC66AF0}.Release|Any CPU.ActiveCfg = Release|Any CPU
		{BFF97BF5-22F3-48D1-9585-7711FDC66AF0}.Release|Any CPU.Build.0 = Release|Any CPU
		{58518E6B-CCF2-49A6-A334-B70A5E45E982}.Debug|Any CPU.ActiveCfg = Debug|Any CPU
		{58518E6B-CCF2-49A6-A334-B70A5E45E982}.Debug|Any CPU.Build.0 = Debug|Any CPU
		{58518E6B-CCF2-49A6-A334-B70A5E45E982}.Release|Any CPU.ActiveCfg = Release|Any CPU
		{58518E6B-CCF2-49A6-A334-B70A5E45E982}.Release|Any CPU.Build.0 = Release|Any CPU
		{A6CE41AD-8DE3-4FDA-9ED2-B8BE58D52C0C}.Debug|Any CPU.ActiveCfg = Debug|Any CPU
		{A6CE41AD-8DE3-4FDA-9ED2-B8BE58D52C0C}.Debug|Any CPU.Build.0 = Debug|Any CPU
		{A6CE41AD-8DE3-4FDA-9ED2-B8BE58D52C0C}.Release|Any CPU.ActiveCfg = Release|Any CPU
		{A6CE41AD-8DE3-4FDA-9ED2-B8BE58D52C0C}.Release|Any CPU.Build.0 = Release|Any CPU
		{CB37EAE6-39C7-4A25-BD7B-8F1CE06E4080}.Debug|Any CPU.ActiveCfg = Debug|Any CPU
		{CB37EAE6-39C7-4A25-BD7B-8F1CE06E4080}.Debug|Any CPU.Build.0 = Debug|Any CPU
		{CB37EAE6-39C7-4A25-BD7B-8F1CE06E4080}.Release|Any CPU.ActiveCfg = Release|Any CPU
		{CB37EAE6-39C7-4A25-BD7B-8F1CE06E4080}.Release|Any CPU.Build.0 = Release|Any CPU
		{1BCF3446-013B-44A0-8E9A-DD7F155A6FB6}.Debug|Any CPU.ActiveCfg = Debug|Any CPU
		{1BCF3446-013B-44A0-8E9A-DD7F155A6FB6}.Debug|Any CPU.Build.0 = Debug|Any CPU
		{1BCF3446-013B-44A0-8E9A-DD7F155A6FB6}.Release|Any CPU.ActiveCfg = Release|Any CPU
		{1BCF3446-013B-44A0-8E9A-DD7F155A6FB6}.Release|Any CPU.Build.0 = Release|Any CPU
		{C26DE907-5894-47C4-9AAC-9B79B36C4C5D}.Debug|Any CPU.ActiveCfg = Debug|Any CPU
		{C26DE907-5894-47C4-9AAC-9B79B36C4C5D}.Debug|Any CPU.Build.0 = Debug|Any CPU
		{C26DE907-5894-47C4-9AAC-9B79B36C4C5D}.Release|Any CPU.ActiveCfg = Release|Any CPU
		{C26DE907-5894-47C4-9AAC-9B79B36C4C5D}.Release|Any CPU.Build.0 = Release|Any CPU
		{1AE78FF4-EAB4-48F5-A3E2-EB8E90070FEA}.Debug|Any CPU.ActiveCfg = Debug|Any CPU
		{1AE78FF4-EAB4-48F5-A3E2-EB8E90070FEA}.Debug|Any CPU.Build.0 = Debug|Any CPU
		{1AE78FF4-EAB4-48F5-A3E2-EB8E90070FEA}.Release|Any CPU.ActiveCfg = Release|Any CPU
		{1AE78FF4-EAB4-48F5-A3E2-EB8E90070FEA}.Release|Any CPU.Build.0 = Release|Any CPU
		{0E06FB17-94F8-4FE7-99AA-E61B62017597}.Debug|Any CPU.ActiveCfg = Debug|Any CPU
		{0E06FB17-94F8-4FE7-99AA-E61B62017597}.Debug|Any CPU.Build.0 = Debug|Any CPU
		{0E06FB17-94F8-4FE7-99AA-E61B62017597}.Release|Any CPU.ActiveCfg = Release|Any CPU
		{0E06FB17-94F8-4FE7-99AA-E61B62017597}.Release|Any CPU.Build.0 = Release|Any CPU
	EndGlobalSection
	GlobalSection(SolutionProperties) = preSolution
		HideSolutionNode = FALSE
	EndGlobalSection
EndGlobal
