
Microsoft Visual Studio Solution File, Format Version 12.00
# Visual Studio 2012
Project("{FAE04EC0-301F-11D3-BF4B-00C04F79EFBC}") = "TodayButton_WPF", "TodayButton\TodayButton_WPF.csproj", "{E58BBA9F-7452-4C8E-9B41-BF0941F9949C}"
EndProject
Project("{FAE04EC0-301F-11D3-BF4B-00C04F79EFBC}") = "ReadonlyInputField_WPF", "ReadonlyInputField\ReadonlyInputField_WPF.csproj", "{A7FC9615-0610-4CD1-BAE4-66AF0E91CFB3}"
EndProject
Project("{FAE04EC0-301F-11D3-BF4B-00C04F79EFBC}") = "TimeIntervalsScrollViewer_WPF", "TimeIntervalsScrollViewer\TimeIntervalsScrollViewer_WPF.csproj", "{64971FDC-26DB-4F4D-AFD1-4A7067D059FF}"
EndProject
Project("{FAE04EC0-301F-11D3-BF4B-00C04F79EFBC}") = "StringFormatMVVM_WPF", "StringFormatMVVM\StringFormatMVVM_WPF.csproj", "{F1830C9E-CFAC-429B-BC19-CBE7D0795CD9}"
EndProject
Global
	 
	GlobalSection(SolutionConfigurationPlatforms) = preSolution
		Debug|Any CPU = Debug|Any CPU
		Release|Any CPU = Release|Any CPU
	EndGlobalSection
	GlobalSection(ProjectConfigurationPlatforms) = postSolution
		{E58BBA9F-7452-4C8E-9B41-BF0941F9949C}.Debug|Any CPU.ActiveCfg = Debug|Any CPU
		{E58BBA9F-7452-4C8E-9B41-BF0941F9949C}.Debug|Any CPU.Build.0 = Debug|Any CPU
		{E58BBA9F-7452-4C8E-9B41-BF0941F9949C}.Release|Any CPU.ActiveCfg = Release|Any CPU
		{E58BBA9F-7452-4C8E-9B41-BF0941F9949C}.Release|Any CPU.Build.0 = Release|Any CPU
		{A7FC9615-0610-4CD1-BAE4-66AF0E91CFB3}.Debug|Any CPU.ActiveCfg = Debug|Any CPU
		{A7FC9615-0610-4CD1-BAE4-66AF0E91CFB3}.Debug|Any CPU.Build.0 = Debug|Any CPU
		{A7FC9615-0610-4CD1-BAE4-66AF0E91CFB3}.Release|Any CPU.ActiveCfg = Release|Any CPU
		{A7FC9615-0610-4CD1-BAE4-66AF0E91CFB3}.Release|Any CPU.Build.0 = Release|Any CPU
		{64971FDC-26DB-4F4D-AFD1-4A7067D059FF}.Debug|Any CPU.ActiveCfg = Debug|Any CPU
		{64971FDC-26DB-4F4D-AFD1-4A7067D059FF}.Debug|Any CPU.Build.0 = Debug|Any CPU
		{64971FDC-26DB-4F4D-AFD1-4A7067D059FF}.Release|Any CPU.ActiveCfg = Release|Any CPU
		{64971FDC-26DB-4F4D-AFD1-4A7067D059FF}.Release|Any CPU.Build.0 = Release|Any CPU
		{F1830C9E-CFAC-429B-BC19-CBE7D0795CD9}.Debug|Any CPU.ActiveCfg = Debug|Any CPU
		{F1830C9E-CFAC-429B-BC19-CBE7D0795CD9}.Debug|Any CPU.Build.0 = Debug|Any CPU
		{F1830C9E-CFAC-429B-BC19-CBE7D0795CD9}.Release|Any CPU.ActiveCfg = Release|Any CPU
		{F1830C9E-CFAC-429B-BC19-CBE7D0795CD9}.Release|Any CPU.Build.0 = Release|Any CPU
	EndGlobalSection
	GlobalSection(SolutionProperties) = preSolution
		HideSolutionNode = FALSE
	EndGlobalSection
EndGlobal
