
Microsoft Visual Studio Solution File, Format Version 12.00
# Visual Studio 2012
Project("{FAE04EC0-301F-11D3-BF4B-00C04F79EFBC}") = "RadSpellCheckerUsingDataBase", "RadSpellCheckerUsingDataBase\RadSpellCheckerUsingDataBase.csproj", "{D7F24DF2-9303-481B-946D-5F7A3ED5F767}"
EndProject
Project("{FAE04EC0-301F-11D3-BF4B-00C04F79EFBC}") = "RadSpellCheckerUsingDataBase.Web", "RadSpellCheckerUsingDataBase.Web\RadSpellCheckerUsingDataBase.Web.csproj", "{F00D44AB-0CEF-4F22-8078-4A56C437EE8F}"
EndProject
Global
	 
	GlobalSection(SolutionConfigurationPlatforms) = preSolution
		Debug|Any CPU = Debug|Any CPU
		Release|Any CPU = Release|Any CPU
	EndGlobalSection
	GlobalSection(ProjectConfigurationPlatforms) = postSolution
		{D7F24DF2-9303-481B-946D-5F7A3ED5F767}.Debug|Any CPU.ActiveCfg = Debug|Any CPU
		{D7F24DF2-9303-481B-946D-5F7A3ED5F767}.Debug|Any CPU.Build.0 = Debug|Any CPU
		{D7F24DF2-9303-481B-946D-5F7A3ED5F767}.Release|Any CPU.ActiveCfg = Release|Any CPU
		{D7F24DF2-9303-481B-946D-5F7A3ED5F767}.Release|Any CPU.Build.0 = Release|Any CPU
		{F00D44AB-0CEF-4F22-8078-4A56C437EE8F}.Debug|Any CPU.ActiveCfg = Debug|Any CPU
		{F00D44AB-0CEF-4F22-8078-4A56C437EE8F}.Debug|Any CPU.Build.0 = Debug|Any CPU
		{F00D44AB-0CEF-4F22-8078-4A56C437EE8F}.Release|Any CPU.ActiveCfg = Release|Any CPU
		{F00D44AB-0CEF-4F22-8078-4A56C437EE8F}.Release|Any CPU.Build.0 = Release|Any CPU
	EndGlobalSection
	GlobalSection(SolutionProperties) = preSolution
		HideSolutionNode = FALSE
	EndGlobalSection
EndGlobal
