
Microsoft Visual Studio Solution File, Format Version 12.00
# Visual Studio 2012
Project("{FAE04EC0-301F-11D3-BF4B-00C04F79EFBC}") = "ValueToTextConverterSL", "ValueToTextConverter\ValueToTextConverterSL.csproj", "{21A6694F-123E-439B-8DDD-85441AD52E1D}"
EndProject
Global
	 
	GlobalSection(SolutionConfigurationPlatforms) = preSolution
		Debug|Any CPU = Debug|Any CPU
		Release|Any CPU = Release|Any CPU
	EndGlobalSection
	GlobalSection(ProjectConfigurationPlatforms) = postSolution
		{21A6694F-123E-439B-8DDD-85441AD52E1D}.Debug|Any CPU.ActiveCfg = Debug|Any CPU
		{21A6694F-123E-439B-8DDD-85441AD52E1D}.Debug|Any CPU.Build.0 = Debug|Any CPU
		{21A6694F-123E-439B-8DDD-85441AD52E1D}.Release|Any CPU.ActiveCfg = Release|Any CPU
		{21A6694F-123E-439B-8DDD-85441AD52E1D}.Release|Any CPU.Build.0 = Release|Any CPU
	EndGlobalSection
	GlobalSection(SolutionProperties) = preSolution
		HideSolutionNode = FALSE
	EndGlobalSection
EndGlobal
