
Microsoft Visual Studio Solution File, Format Version 12.00
# Visual Studio 2012
Project("{FAE04EC0-301F-11D3-BF4B-00C04F79EFBC}") = "StylesAndTemplates_PivotMap", "StylesAndTemplates_PivotMap\StylesAndTemplates_PivotMap.csproj", "{D1B0764F-027B-468C-8ECA-B98C54630790}"
EndProject
Project("{FAE04EC0-301F-11D3-BF4B-00C04F79EFBC}") = "StylesAndTemplates_TreeMap", "StylesAndTemplates_TreeMap\StylesAndTemplates_TreeMap.csproj", "{9ACCDC31-69A0-4F9A-952E-EF4B6FF864EC}"
EndProject
Project("{FAE04EC0-301F-11D3-BF4B-00C04F79EFBC}") = "PopulatingWithData_TreeMap", "PopulatingWithData_TreeMap\PopulatingWithData_TreeMap.csproj", "{32696598-6BD1-41CB-875D-257303A4B0FA}"
EndProject
Project("{FAE04EC0-301F-11D3-BF4B-00C04F79EFBC}") = "PopulatingWithData_PivotMap", "PopulatingWithData_PivotMap\PopulatingWithData_PivotMap.csproj", "{9DB63B60-17ED-4349-BB12-62F47A07EA07}"
EndProject
Project("{FAE04EC0-301F-11D3-BF4B-00C04F79EFBC}") = "Mappings", "Mappings\Mappings.csproj", "{B35B7394-C455-43C7-BD56-21669BDA8211}"
EndProject
Project("{FAE04EC0-301F-11D3-BF4B-00C04F79EFBC}") = "Colorizers", "Colorizers\Colorizers.csproj", "{1D6FA949-3A34-4515-A67E-7BCB631227BD}"
EndProject
Global
	 
	GlobalSection(SolutionConfigurationPlatforms) = preSolution
		Debug|Any CPU = Debug|Any CPU
		Release|Any CPU = Release|Any CPU
	EndGlobalSection
	GlobalSection(ProjectConfigurationPlatforms) = postSolution
		{D1B0764F-027B-468C-8ECA-B98C54630790}.Debug|Any CPU.ActiveCfg = Debug|x86
		{D1B0764F-027B-468C-8ECA-B98C54630790}.Debug|Any CPU.Build.0 = Debug|x86
		{D1B0764F-027B-468C-8ECA-B98C54630790}.Release|Any CPU.ActiveCfg = Release|x86
		{D1B0764F-027B-468C-8ECA-B98C54630790}.Release|Any CPU.Build.0 = Release|x86
		{9ACCDC31-69A0-4F9A-952E-EF4B6FF864EC}.Debug|Any CPU.ActiveCfg = Debug|x86
		{9ACCDC31-69A0-4F9A-952E-EF4B6FF864EC}.Debug|Any CPU.Build.0 = Debug|x86
		{9ACCDC31-69A0-4F9A-952E-EF4B6FF864EC}.Release|Any CPU.ActiveCfg = Release|x86
		{9ACCDC31-69A0-4F9A-952E-EF4B6FF864EC}.Release|Any CPU.Build.0 = Release|x86
		{32696598-6BD1-41CB-875D-257303A4B0FA}.Debug|Any CPU.ActiveCfg = Debug|x86
		{32696598-6BD1-41CB-875D-257303A4B0FA}.Debug|Any CPU.Build.0 = Debug|x86
		{32696598-6BD1-41CB-875D-257303A4B0FA}.Release|Any CPU.ActiveCfg = Release|x86
		{32696598-6BD1-41CB-875D-257303A4B0FA}.Release|Any CPU.Build.0 = Release|x86
		{9DB63B60-17ED-4349-BB12-62F47A07EA07}.Debug|Any CPU.ActiveCfg = Debug|x86
		{9DB63B60-17ED-4349-BB12-62F47A07EA07}.Debug|Any CPU.Build.0 = Debug|x86
		{9DB63B60-17ED-4349-BB12-62F47A07EA07}.Release|Any CPU.ActiveCfg = Release|x86
		{9DB63B60-17ED-4349-BB12-62F47A07EA07}.Release|Any CPU.Build.0 = Release|x86
		{B35B7394-C455-43C7-BD56-21669BDA8211}.Debug|Any CPU.ActiveCfg = Debug|x86
		{B35B7394-C455-43C7-BD56-21669BDA8211}.Debug|Any CPU.Build.0 = Debug|x86
		{B35B7394-C455-43C7-BD56-21669BDA8211}.Release|Any CPU.ActiveCfg = Release|x86
		{B35B7394-C455-43C7-BD56-21669BDA8211}.Release|Any CPU.Build.0 = Release|x86
		{1D6FA949-3A34-4515-A67E-7BCB631227BD}.Debug|Any CPU.ActiveCfg = Debug|x86
		{1D6FA949-3A34-4515-A67E-7BCB631227BD}.Debug|Any CPU.Build.0 = Debug|x86
		{1D6FA949-3A34-4515-A67E-7BCB631227BD}.Release|Any CPU.ActiveCfg = Release|x86
		{1D6FA949-3A34-4515-A67E-7BCB631227BD}.Release|Any CPU.Build.0 = Release|x86
	EndGlobalSection
	GlobalSection(SolutionProperties) = preSolution
		HideSolutionNode = FALSE
	EndGlobalSection
EndGlobal
