
Microsoft Visual Studio Solution File, Format Version 11.00
# Visual Studio 2010
Project("{FAE04EC0-301F-11D3-BF4B-00C04F79EFBC}") = "DataBinding", "DataBinding\DataBinding.csproj", "{D5DF8380-C446-4710-8993-3ABE944F298D}"
EndProject
Project("{FAE04EC0-301F-11D3-BF4B-00C04F79EFBC}") = "DataBinding_BusinessObjects", "DataBinding_BusinessObjects\DataBinding_BusinessObjects.csproj", "{696F7F15-5F2F-456B-BA71-21765A4A8B1B}"
EndProject
Global
	 
	GlobalSection(SolutionConfigurationPlatforms) = preSolution
		Debug|Any CPU = Debug|Any CPU
		Release|Any CPU = Release|Any CPU
	EndGlobalSection
	GlobalSection(ProjectConfigurationPlatforms) = postSolution
		{D5DF8380-C446-4710-8993-3ABE944F298D}.Debug|Any CPU.ActiveCfg = Debug|Any CPU
		{D5DF8380-C446-4710-8993-3ABE944F298D}.Debug|Any CPU.Build.0 = Debug|Any CPU
		{D5DF8380-C446-4710-8993-3ABE944F298D}.Release|Any CPU.ActiveCfg = Release|Any CPU
		{D5DF8380-C446-4710-8993-3ABE944F298D}.Release|Any CPU.Build.0 = Release|Any CPU
		{696F7F15-5F2F-456B-BA71-21765A4A8B1B}.Debug|Any CPU.ActiveCfg = Debug|Any CPU
		{696F7F15-5F2F-456B-BA71-21765A4A8B1B}.Debug|Any CPU.Build.0 = Debug|Any CPU
		{696F7F15-5F2F-456B-BA71-21765A4A8B1B}.Release|Any CPU.ActiveCfg = Release|Any CPU
		{696F7F15-5F2F-456B-BA71-21765A4A8B1B}.Release|Any CPU.Build.0 = Release|Any CPU
	EndGlobalSection
	GlobalSection(SolutionProperties) = preSolution
		HideSolutionNode = FALSE
	EndGlobalSection
EndGlobal
