
Microsoft Visual Studio Solution File, Format Version 12.00
# Visual Studio 2012
Project("{FAE04EC0-301F-11D3-BF4B-00C04F79EFBC}") = "ConvertDocuments", "ConvertDocuments\ConvertDocuments.csproj", "{C21FB8BA-8A42-4C06-A870-74A4C0743796}"
EndProject
Project("{FAE04EC0-301F-11D3-BF4B-00C04F79EFBC}") = "GenerateDocument", "GenerateDocument\GenerateDocument.csproj", "{6BD0AD6A-35D5-4194-9C8A-438E27942792}"
EndProject
Project("{FAE04EC0-301F-11D3-BF4B-00C04F79EFBC}") = "HtmlGenerator", "HtmlGenerator\HtmlGenerator.csproj", "{0DCF0250-89EC-47CC-A1C1-BD1D4B44A917}"
EndProject
Project("{FAE04EC0-301F-11D3-BF4B-00C04F79EFBC}") = "MailMerge", "MailMerge\MailMerge.csproj", "{914F7E57-E4A5-4707-B7BA-386D241C9A19}"
EndProject
Global
	 
	GlobalSection(SolutionConfigurationPlatforms) = preSolution
		Debug|Any CPU = Debug|Any CPU
		Release|Any CPU = Release|Any CPU
	EndGlobalSection
	GlobalSection(ProjectConfigurationPlatforms) = postSolution
		{C21FB8BA-8A42-4C06-A870-74A4C0743796}.Debug|Any CPU.ActiveCfg = Debug|Any CPU
		{C21FB8BA-8A42-4C06-A870-74A4C0743796}.Debug|Any CPU.Build.0 = Debug|Any CPU
		{C21FB8BA-8A42-4C06-A870-74A4C0743796}.Release|Any CPU.ActiveCfg = Release|Any CPU
		{C21FB8BA-8A42-4C06-A870-74A4C0743796}.Release|Any CPU.Build.0 = Release|Any CPU
		{6BD0AD6A-35D5-4194-9C8A-438E27942792}.Debug|Any CPU.ActiveCfg = Debug|Any CPU
		{6BD0AD6A-35D5-4194-9C8A-438E27942792}.Debug|Any CPU.Build.0 = Debug|Any CPU
		{6BD0AD6A-35D5-4194-9C8A-438E27942792}.Release|Any CPU.ActiveCfg = Release|Any CPU
		{6BD0AD6A-35D5-4194-9C8A-438E27942792}.Release|Any CPU.Build.0 = Release|Any CPU
		{0DCF0250-89EC-47CC-A1C1-BD1D4B44A917}.Debug|Any CPU.ActiveCfg = Debug|Any CPU
		{0DCF0250-89EC-47CC-A1C1-BD1D4B44A917}.Debug|Any CPU.Build.0 = Debug|Any CPU
		{0DCF0250-89EC-47CC-A1C1-BD1D4B44A917}.Release|Any CPU.ActiveCfg = Release|Any CPU
		{0DCF0250-89EC-47CC-A1C1-BD1D4B44A917}.Release|Any CPU.Build.0 = Release|Any CPU
		{914F7E57-E4A5-4707-B7BA-386D241C9A19}.Debug|Any CPU.ActiveCfg = Debug|Any CPU
		{914F7E57-E4A5-4707-B7BA-386D241C9A19}.Debug|Any CPU.Build.0 = Debug|Any CPU
		{914F7E57-E4A5-4707-B7BA-386D241C9A19}.Release|Any CPU.ActiveCfg = Release|Any CPU
		{914F7E57-E4A5-4707-B7BA-386D241C9A19}.Release|Any CPU.Build.0 = Release|Any CPU
	EndGlobalSection
	GlobalSection(SolutionProperties) = preSolution
		HideSolutionNode = FALSE
	EndGlobalSection
EndGlobal
