
Microsoft Visual Studio Solution File, Format Version 12.00
# Visual Studio 2012
Project("{FAE04EC0-301F-11D3-BF4B-00C04F79EFBC}") = "InformationLayerMapRectangle", "InformationLayerMapRectangle\InformationLayerMapRectangle.csproj", "{746A5F96-2908-43CD-9A07-2322188E5451}"
EndProject
Project("{FAE04EC0-301F-11D3-BF4B-00C04F79EFBC}") = "InformationLayerMapRectangle.Web", "InformationLayerMapRectangle.Web\InformationLayerMapRectangle.Web.csproj", "{31C6FBE6-0728-4629-BF83-75ABF2BC2CC0}"
EndProject
Global
	 
	GlobalSection(SolutionConfigurationPlatforms) = preSolution
		Debug|Any CPU = Debug|Any CPU
		Release|Any CPU = Release|Any CPU
	EndGlobalSection
	GlobalSection(ProjectConfigurationPlatforms) = postSolution
		{746A5F96-2908-43CD-9A07-2322188E5451}.Debug|Any CPU.ActiveCfg = Debug|Any CPU
		{746A5F96-2908-43CD-9A07-2322188E5451}.Debug|Any CPU.Build.0 = Debug|Any CPU
		{746A5F96-2908-43CD-9A07-2322188E5451}.Release|Any CPU.ActiveCfg = Release|Any CPU
		{746A5F96-2908-43CD-9A07-2322188E5451}.Release|Any CPU.Build.0 = Release|Any CPU
		{31C6FBE6-0728-4629-BF83-75ABF2BC2CC0}.Debug|Any CPU.ActiveCfg = Debug|Any CPU
		{31C6FBE6-0728-4629-BF83-75ABF2BC2CC0}.Debug|Any CPU.Build.0 = Debug|Any CPU
		{31C6FBE6-0728-4629-BF83-75ABF2BC2CC0}.Release|Any CPU.ActiveCfg = Release|Any CPU
		{31C6FBE6-0728-4629-BF83-75ABF2BC2CC0}.Release|Any CPU.Build.0 = Release|Any CPU
	EndGlobalSection
	GlobalSection(SolutionProperties) = preSolution
		HideSolutionNode = FALSE
	EndGlobalSection
EndGlobal
