
Microsoft Visual Studio Solution File, Format Version 12.00
# Visual Studio 2012
Project("{FAE04EC0-301F-11D3-BF4B-00C04F79EFBC}") = "BindingToDynamicData_SL", "BindingToDynamicData\BindingToDynamicData_SL.csproj", "{EC53D1AB-D338-44AD-9E6B-98480193B45C}"
EndProject
Project("{FAE04EC0-301F-11D3-BF4B-00C04F79EFBC}") = "RadContextMenuAndRadGridViewMVVM_SL", "RadContextMenuAndRadGridViewMVVM\RadContextMenuAndRadGridViewMVVM_SL.csproj", "{6C371D5F-A072-4D65-9044-0C2A57B0041D}"
EndProject
Project("{FAE04EC0-301F-11D3-BF4B-00C04F79EFBC}") = "RadContextMenuForRadGridView_SL", "RadContextMenuForRadGridView\RadContextMenuForRadGridView_SL.csproj", "{DDAE4B9A-56B0-4296-B855-D25A756A797F}"
EndProject
Project("{FAE04EC0-301F-11D3-BF4B-00C04F79EFBC}") = "ButtonsAndContextMenu_SL", "ButtonsAndContextMenu\ButtonsAndContextMenu_SL.csproj", "{5F557ABC-FB5F-4096-84D6-578BDEA9B210}"
EndProject
Global
	 
	GlobalSection(SolutionConfigurationPlatforms) = preSolution
		Debug|Any CPU = Debug|Any CPU
		Release|Any CPU = Release|Any CPU
	EndGlobalSection
	GlobalSection(ProjectConfigurationPlatforms) = postSolution
		{EC53D1AB-D338-44AD-9E6B-98480193B45C}.Debug|Any CPU.ActiveCfg = Debug|Any CPU
		{EC53D1AB-D338-44AD-9E6B-98480193B45C}.Debug|Any CPU.Build.0 = Debug|Any CPU
		{EC53D1AB-D338-44AD-9E6B-98480193B45C}.Release|Any CPU.ActiveCfg = Release|Any CPU
		{EC53D1AB-D338-44AD-9E6B-98480193B45C}.Release|Any CPU.Build.0 = Release|Any CPU
		{6C371D5F-A072-4D65-9044-0C2A57B0041D}.Debug|Any CPU.ActiveCfg = Debug|Any CPU
		{6C371D5F-A072-4D65-9044-0C2A57B0041D}.Debug|Any CPU.Build.0 = Debug|Any CPU
		{6C371D5F-A072-4D65-9044-0C2A57B0041D}.Release|Any CPU.ActiveCfg = Release|Any CPU
		{6C371D5F-A072-4D65-9044-0C2A57B0041D}.Release|Any CPU.Build.0 = Release|Any CPU
		{DDAE4B9A-56B0-4296-B855-D25A756A797F}.Debug|Any CPU.ActiveCfg = Debug|Any CPU
		{DDAE4B9A-56B0-4296-B855-D25A756A797F}.Debug|Any CPU.Build.0 = Debug|Any CPU
		{DDAE4B9A-56B0-4296-B855-D25A756A797F}.Release|Any CPU.ActiveCfg = Release|Any CPU
		{DDAE4B9A-56B0-4296-B855-D25A756A797F}.Release|Any CPU.Build.0 = Release|Any CPU
		{5F557ABC-FB5F-4096-84D6-578BDEA9B210}.Debug|Any CPU.ActiveCfg = Debug|Any CPU
		{5F557ABC-FB5F-4096-84D6-578BDEA9B210}.Debug|Any CPU.Build.0 = Debug|Any CPU
		{5F557ABC-FB5F-4096-84D6-578BDEA9B210}.Release|Any CPU.ActiveCfg = Release|Any CPU
		{5F557ABC-FB5F-4096-84D6-578BDEA9B210}.Release|Any CPU.Build.0 = Release|Any CPU
	EndGlobalSection
	GlobalSection(SolutionProperties) = preSolution
		HideSolutionNode = FALSE
	EndGlobalSection
EndGlobal
