
Microsoft Visual Studio Solution File, Format Version 12.00
# Visual Studio 2012
Project("{FAE04EC0-301F-11D3-BF4B-00C04F79EFBC}") = "CustomAzureProvider", "CustomAzureProvider\CustomAzureProvider.csproj", "{BB7F2D9D-19A1-4365-9D9A-0884BF2FB318}"
EndProject
Project("{FAE04EC0-301F-11D3-BF4B-00C04F79EFBC}") = "CustomAmazonS3Provider", "CustomAmazonS3Provider\CustomAmazonS3Provider.csproj", "{451894A8-B7D8-4700-BD76-CDE19E85FC0A}"
EndProject
Project("{FAE04EC0-301F-11D3-BF4B-00C04F79EFBC}") = "CustomTelerikBackendServicesProvider", "CustomTelerikBackendServicesProvider\CustomTelerikBackendServicesProvider.csproj", "{12C4C159-6760-4D27-9A71-C17A136741EE}"
EndProject
Global
	 
	GlobalSection(SolutionConfigurationPlatforms) = preSolution
		Debug.NoXaml|Any CPU = Debug.NoXaml|Any CPU
		Debug|Any CPU = Debug|Any CPU
		Debug45.NoXaml|Any CPU = Debug45.NoXaml|Any CPU
		Debug45|Any CPU = Debug45|Any CPU
		Debug451.NoXaml|Any CPU = Debug451.NoXaml|Any CPU
		Debug451|Any CPU = Debug451|Any CPU
		Release.NoXaml|Any CPU = Release.NoXaml|Any CPU
		Release|Any CPU = Release|Any CPU
		Release45.NoXaml|Any CPU = Release45.NoXaml|Any CPU
		Release45|Any CPU = Release45|Any CPU
		Release451.NoXaml|Any CPU = Release451.NoXaml|Any CPU
		Release451|Any CPU = Release451|Any CPU
		ReleaseNoCA|Any CPU = ReleaseNoCA|Any CPU
		ReleaseTrial.NoXaml|Any CPU = ReleaseTrial.NoXaml|Any CPU
		ReleaseTrial|Any CPU = ReleaseTrial|Any CPU
		ReleaseTrial45.NoXaml|Any CPU = ReleaseTrial45.NoXaml|Any CPU
		ReleaseTrial45|Any CPU = ReleaseTrial45|Any CPU
		ReleaseTrial451.NoXaml|Any CPU = ReleaseTrial451.NoXaml|Any CPU
		ReleaseTrial451|Any CPU = ReleaseTrial451|Any CPU
	EndGlobalSection
	GlobalSection(ProjectConfigurationPlatforms) = postSolution
		{BB7F2D9D-19A1-4365-9D9A-0884BF2FB318}.Debug.NoXaml|Any CPU.ActiveCfg = Debug|Any CPU
		{BB7F2D9D-19A1-4365-9D9A-0884BF2FB318}.Debug.NoXaml|Any CPU.Build.0 = Debug|Any CPU
		{BB7F2D9D-19A1-4365-9D9A-0884BF2FB318}.Debug|Any CPU.ActiveCfg = Debug|Any CPU
		{BB7F2D9D-19A1-4365-9D9A-0884BF2FB318}.Debug45.NoXaml|Any CPU.ActiveCfg = Debug|Any CPU
		{BB7F2D9D-19A1-4365-9D9A-0884BF2FB318}.Debug45.NoXaml|Any CPU.Build.0 = Debug|Any CPU
		{BB7F2D9D-19A1-4365-9D9A-0884BF2FB318}.Debug45|Any CPU.ActiveCfg = Debug|Any CPU
		{BB7F2D9D-19A1-4365-9D9A-0884BF2FB318}.Debug45|Any CPU.Build.0 = Debug|Any CPU
		{BB7F2D9D-19A1-4365-9D9A-0884BF2FB318}.Debug451.NoXaml|Any CPU.ActiveCfg = Debug|Any CPU
		{BB7F2D9D-19A1-4365-9D9A-0884BF2FB318}.Debug451.NoXaml|Any CPU.Build.0 = Debug|Any CPU
		{BB7F2D9D-19A1-4365-9D9A-0884BF2FB318}.Debug451|Any CPU.ActiveCfg = Debug|Any CPU
		{BB7F2D9D-19A1-4365-9D9A-0884BF2FB318}.Debug451|Any CPU.Build.0 = Debug|Any CPU
		{BB7F2D9D-19A1-4365-9D9A-0884BF2FB318}.Release.NoXaml|Any CPU.ActiveCfg = Release|Any CPU
		{BB7F2D9D-19A1-4365-9D9A-0884BF2FB318}.Release.NoXaml|Any CPU.Build.0 = Release|Any CPU
		{BB7F2D9D-19A1-4365-9D9A-0884BF2FB318}.Release|Any CPU.ActiveCfg = Release|Any CPU
		{BB7F2D9D-19A1-4365-9D9A-0884BF2FB318}.Release45.NoXaml|Any CPU.ActiveCfg = Release|Any CPU
		{BB7F2D9D-19A1-4365-9D9A-0884BF2FB318}.Release45.NoXaml|Any CPU.Build.0 = Release|Any CPU
		{BB7F2D9D-19A1-4365-9D9A-0884BF2FB318}.Release45|Any CPU.ActiveCfg = Release|Any CPU
		{BB7F2D9D-19A1-4365-9D9A-0884BF2FB318}.Release45|Any CPU.Build.0 = Release|Any CPU
		{BB7F2D9D-19A1-4365-9D9A-0884BF2FB318}.Release451.NoXaml|Any CPU.ActiveCfg = Release|Any CPU
		{BB7F2D9D-19A1-4365-9D9A-0884BF2FB318}.Release451.NoXaml|Any CPU.Build.0 = Release|Any CPU
		{BB7F2D9D-19A1-4365-9D9A-0884BF2FB318}.Release451|Any CPU.ActiveCfg = Release|Any CPU
		{BB7F2D9D-19A1-4365-9D9A-0884BF2FB318}.Release451|Any CPU.Build.0 = Release|Any CPU
		{BB7F2D9D-19A1-4365-9D9A-0884BF2FB318}.ReleaseNoCA|Any CPU.ActiveCfg = Release|Any CPU
		{BB7F2D9D-19A1-4365-9D9A-0884BF2FB318}.ReleaseNoCA|Any CPU.Build.0 = Release|Any CPU
		{BB7F2D9D-19A1-4365-9D9A-0884BF2FB318}.ReleaseTrial.NoXaml|Any CPU.ActiveCfg = Release|Any CPU
		{BB7F2D9D-19A1-4365-9D9A-0884BF2FB318}.ReleaseTrial.NoXaml|Any CPU.Build.0 = Release|Any CPU
		{BB7F2D9D-19A1-4365-9D9A-0884BF2FB318}.ReleaseTrial|Any CPU.ActiveCfg = Release|Any CPU
		{BB7F2D9D-19A1-4365-9D9A-0884BF2FB318}.ReleaseTrial|Any CPU.Build.0 = Release|Any CPU
		{BB7F2D9D-19A1-4365-9D9A-0884BF2FB318}.ReleaseTrial45.NoXaml|Any CPU.ActiveCfg = Release|Any CPU
		{BB7F2D9D-19A1-4365-9D9A-0884BF2FB318}.ReleaseTrial45.NoXaml|Any CPU.Build.0 = Release|Any CPU
		{BB7F2D9D-19A1-4365-9D9A-0884BF2FB318}.ReleaseTrial45|Any CPU.ActiveCfg = Release|Any CPU
		{BB7F2D9D-19A1-4365-9D9A-0884BF2FB318}.ReleaseTrial45|Any CPU.Build.0 = Release|Any CPU
		{BB7F2D9D-19A1-4365-9D9A-0884BF2FB318}.ReleaseTrial451.NoXaml|Any CPU.ActiveCfg = Release|Any CPU
		{BB7F2D9D-19A1-4365-9D9A-0884BF2FB318}.ReleaseTrial451.NoXaml|Any CPU.Build.0 = Release|Any CPU
		{BB7F2D9D-19A1-4365-9D9A-0884BF2FB318}.ReleaseTrial451|Any CPU.ActiveCfg = Release|Any CPU
		{BB7F2D9D-19A1-4365-9D9A-0884BF2FB318}.ReleaseTrial451|Any CPU.Build.0 = Release|Any CPU
		{451894A8-B7D8-4700-BD76-CDE19E85FC0A}.Debug.NoXaml|Any CPU.ActiveCfg = Debug|Any CPU
		{451894A8-B7D8-4700-BD76-CDE19E85FC0A}.Debug.NoXaml|Any CPU.Build.0 = Debug|Any CPU
		{451894A8-B7D8-4700-BD76-CDE19E85FC0A}.Debug|Any CPU.ActiveCfg = Debug|Any CPU
		{451894A8-B7D8-4700-BD76-CDE19E85FC0A}.Debug|Any CPU.Build.0 = Debug|Any CPU
		{451894A8-B7D8-4700-BD76-CDE19E85FC0A}.Debug45.NoXaml|Any CPU.ActiveCfg = Debug|Any CPU
		{451894A8-B7D8-4700-BD76-CDE19E85FC0A}.Debug45.NoXaml|Any CPU.Build.0 = Debug|Any CPU
		{451894A8-B7D8-4700-BD76-CDE19E85FC0A}.Debug45|Any CPU.ActiveCfg = Debug|Any CPU
		{451894A8-B7D8-4700-BD76-CDE19E85FC0A}.Debug45|Any CPU.Build.0 = Debug|Any CPU
		{451894A8-B7D8-4700-BD76-CDE19E85FC0A}.Debug451.NoXaml|Any CPU.ActiveCfg = Debug|Any CPU
		{451894A8-B7D8-4700-BD76-CDE19E85FC0A}.Debug451.NoXaml|Any CPU.Build.0 = Debug|Any CPU
		{451894A8-B7D8-4700-BD76-CDE19E85FC0A}.Debug451|Any CPU.ActiveCfg = Debug|Any CPU
		{451894A8-B7D8-4700-BD76-CDE19E85FC0A}.Debug451|Any CPU.Build.0 = Debug|Any CPU
		{451894A8-B7D8-4700-BD76-CDE19E85FC0A}.Release.NoXaml|Any CPU.ActiveCfg = Release|Any CPU
		{451894A8-B7D8-4700-BD76-CDE19E85FC0A}.Release.NoXaml|Any CPU.Build.0 = Release|Any CPU
		{451894A8-B7D8-4700-BD76-CDE19E85FC0A}.Release|Any CPU.ActiveCfg = Release|Any CPU
		{451894A8-B7D8-4700-BD76-CDE19E85FC0A}.Release|Any CPU.Build.0 = Release|Any CPU
		{451894A8-B7D8-4700-BD76-CDE19E85FC0A}.Release45.NoXaml|Any CPU.ActiveCfg = Release|Any CPU
		{451894A8-B7D8-4700-BD76-CDE19E85FC0A}.Release45.NoXaml|Any CPU.Build.0 = Release|Any CPU
		{451894A8-B7D8-4700-BD76-CDE19E85FC0A}.Release45|Any CPU.ActiveCfg = Release|Any CPU
		{451894A8-B7D8-4700-BD76-CDE19E85FC0A}.Release45|Any CPU.Build.0 = Release|Any CPU
		{451894A8-B7D8-4700-BD76-CDE19E85FC0A}.Release451.NoXaml|Any CPU.ActiveCfg = Release|Any CPU
		{451894A8-B7D8-4700-BD76-CDE19E85FC0A}.Release451.NoXaml|Any CPU.Build.0 = Release|Any CPU
		{451894A8-B7D8-4700-BD76-CDE19E85FC0A}.Release451|Any CPU.ActiveCfg = Release|Any CPU
		{451894A8-B7D8-4700-BD76-CDE19E85FC0A}.Release451|Any CPU.Build.0 = Release|Any CPU
		{451894A8-B7D8-4700-BD76-CDE19E85FC0A}.ReleaseNoCA|Any CPU.ActiveCfg = Release|Any CPU
		{451894A8-B7D8-4700-BD76-CDE19E85FC0A}.ReleaseNoCA|Any CPU.Build.0 = Release|Any CPU
		{451894A8-B7D8-4700-BD76-CDE19E85FC0A}.ReleaseTrial.NoXaml|Any CPU.ActiveCfg = Release|Any CPU
		{451894A8-B7D8-4700-BD76-CDE19E85FC0A}.ReleaseTrial.NoXaml|Any CPU.Build.0 = Release|Any CPU
		{451894A8-B7D8-4700-BD76-CDE19E85FC0A}.ReleaseTrial|Any CPU.ActiveCfg = Release|Any CPU
		{451894A8-B7D8-4700-BD76-CDE19E85FC0A}.ReleaseTrial|Any CPU.Build.0 = Release|Any CPU
		{451894A8-B7D8-4700-BD76-CDE19E85FC0A}.ReleaseTrial45.NoXaml|Any CPU.ActiveCfg = Release|Any CPU
		{451894A8-B7D8-4700-BD76-CDE19E85FC0A}.ReleaseTrial45.NoXaml|Any CPU.Build.0 = Release|Any CPU
		{451894A8-B7D8-4700-BD76-CDE19E85FC0A}.ReleaseTrial45|Any CPU.ActiveCfg = Release|Any CPU
		{451894A8-B7D8-4700-BD76-CDE19E85FC0A}.ReleaseTrial45|Any CPU.Build.0 = Release|Any CPU
		{451894A8-B7D8-4700-BD76-CDE19E85FC0A}.ReleaseTrial451.NoXaml|Any CPU.ActiveCfg = Release|Any CPU
		{451894A8-B7D8-4700-BD76-CDE19E85FC0A}.ReleaseTrial451.NoXaml|Any CPU.Build.0 = Release|Any CPU
		{451894A8-B7D8-4700-BD76-CDE19E85FC0A}.ReleaseTrial451|Any CPU.ActiveCfg = Release|Any CPU
		{451894A8-B7D8-4700-BD76-CDE19E85FC0A}.ReleaseTrial451|Any CPU.Build.0 = Release|Any CPU
		{12C4C159-6760-4D27-9A71-C17A136741EE}.Debug.NoXaml|Any CPU.ActiveCfg = Debug|Any CPU
		{12C4C159-6760-4D27-9A71-C17A136741EE}.Debug.NoXaml|Any CPU.Build.0 = Debug|Any CPU
		{12C4C159-6760-4D27-9A71-C17A136741EE}.Debug|Any CPU.ActiveCfg = Debug|Any CPU
		{12C4C159-6760-4D27-9A71-C17A136741EE}.Debug45.NoXaml|Any CPU.ActiveCfg = Debug|Any CPU
		{12C4C159-6760-4D27-9A71-C17A136741EE}.Debug45.NoXaml|Any CPU.Build.0 = Debug|Any CPU
		{12C4C159-6760-4D27-9A71-C17A136741EE}.Debug45|Any CPU.ActiveCfg = Debug|Any CPU
		{12C4C159-6760-4D27-9A71-C17A136741EE}.Debug45|Any CPU.Build.0 = Debug|Any CPU
		{12C4C159-6760-4D27-9A71-C17A136741EE}.Debug451.NoXaml|Any CPU.ActiveCfg = Debug|Any CPU
		{12C4C159-6760-4D27-9A71-C17A136741EE}.Debug451.NoXaml|Any CPU.Build.0 = Debug|Any CPU
		{12C4C159-6760-4D27-9A71-C17A136741EE}.Debug451|Any CPU.ActiveCfg = Debug|Any CPU
		{12C4C159-6760-4D27-9A71-C17A136741EE}.Debug451|Any CPU.Build.0 = Debug|Any CPU
		{12C4C159-6760-4D27-9A71-C17A136741EE}.Release.NoXaml|Any CPU.ActiveCfg = Release|Any CPU
		{12C4C159-6760-4D27-9A71-C17A136741EE}.Release.NoXaml|Any CPU.Build.0 = Release|Any CPU
		{12C4C159-6760-4D27-9A71-C17A136741EE}.Release|Any CPU.ActiveCfg = Release|Any CPU
		{12C4C159-6760-4D27-9A71-C17A136741EE}.Release45.NoXaml|Any CPU.ActiveCfg = Release|Any CPU
		{12C4C159-6760-4D27-9A71-C17A136741EE}.Release45.NoXaml|Any CPU.Build.0 = Release|Any CPU
		{12C4C159-6760-4D27-9A71-C17A136741EE}.Release45|Any CPU.ActiveCfg = Release|Any CPU
		{12C4C159-6760-4D27-9A71-C17A136741EE}.Release45|Any CPU.Build.0 = Release|Any CPU
		{12C4C159-6760-4D27-9A71-C17A136741EE}.Release451.NoXaml|Any CPU.ActiveCfg = Release|Any CPU
		{12C4C159-6760-4D27-9A71-C17A136741EE}.Release451.NoXaml|Any CPU.Build.0 = Release|Any CPU
		{12C4C159-6760-4D27-9A71-C17A136741EE}.Release451|Any CPU.ActiveCfg = Release|Any CPU
		{12C4C159-6760-4D27-9A71-C17A136741EE}.Release451|Any CPU.Build.0 = Release|Any CPU
		{12C4C159-6760-4D27-9A71-C17A136741EE}.ReleaseNoCA|Any CPU.ActiveCfg = Release|Any CPU
		{12C4C159-6760-4D27-9A71-C17A136741EE}.ReleaseNoCA|Any CPU.Build.0 = Release|Any CPU
		{12C4C159-6760-4D27-9A71-C17A136741EE}.ReleaseTrial.NoXaml|Any CPU.ActiveCfg = Release|Any CPU
		{12C4C159-6760-4D27-9A71-C17A136741EE}.ReleaseTrial.NoXaml|Any CPU.Build.0 = Release|Any CPU
		{12C4C159-6760-4D27-9A71-C17A136741EE}.ReleaseTrial|Any CPU.ActiveCfg = Release|Any CPU
		{12C4C159-6760-4D27-9A71-C17A136741EE}.ReleaseTrial|Any CPU.Build.0 = Release|Any CPU
		{12C4C159-6760-4D27-9A71-C17A136741EE}.ReleaseTrial45.NoXaml|Any CPU.ActiveCfg = Release|Any CPU
		{12C4C159-6760-4D27-9A71-C17A136741EE}.ReleaseTrial45.NoXaml|Any CPU.Build.0 = Release|Any CPU
		{12C4C159-6760-4D27-9A71-C17A136741EE}.ReleaseTrial45|Any CPU.ActiveCfg = Release|Any CPU
		{12C4C159-6760-4D27-9A71-C17A136741EE}.ReleaseTrial45|Any CPU.Build.0 = Release|Any CPU
		{12C4C159-6760-4D27-9A71-C17A136741EE}.ReleaseTrial451.NoXaml|Any CPU.ActiveCfg = Release|Any CPU
		{12C4C159-6760-4D27-9A71-C17A136741EE}.ReleaseTrial451.NoXaml|Any CPU.Build.0 = Release|Any CPU
		{12C4C159-6760-4D27-9A71-C17A136741EE}.ReleaseTrial451|Any CPU.ActiveCfg = Release|Any CPU
		{12C4C159-6760-4D27-9A71-C17A136741EE}.ReleaseTrial451|Any CPU.Build.0 = Release|Any CPU
	EndGlobalSection
	GlobalSection(SolutionProperties) = preSolution
		HideSolutionNode = FALSE
	EndGlobalSection
EndGlobal
