
Microsoft Visual Studio Solution File, Format Version 12.00
# Visual Studio 2012
Project("{FAE04EC0-301F-11D3-BF4B-00C04F79EFBC}") = "PaneGroupItemsSource_SL", "PaneGroupItemsSource\PaneGroupItemsSource_SL.csproj", "{BCAB4476-5EBC-4490-BBA6-BEBE0FB28FC6}"
EndProject
Project("{FAE04EC0-301F-11D3-BF4B-00C04F79EFBC}") = "OpenClosedPanesWithContextMenu_SL", "OpenClosedPanesWithContextMenu\OpenClosedPanesWithContextMenu_SL.csproj", "{CB179E0F-1D08-4006-8779-E057A66F34EC}"
EndProject
Project("{FAE04EC0-301F-11D3-BF4B-00C04F79EFBC}") = "CloseSinglePaneInToolWindow_SL", "CloseSinglePaneInToolWindow\CloseSinglePaneInToolWindow_SL.csproj", "{53845EBB-9543-4007-B16A-1DEA84F75551}"
EndProject
Project("{FAE04EC0-301F-11D3-BF4B-00C04F79EFBC}") = "AutoGeneratedTag_SL", "AutoGeneratedTag\AutoGeneratedTag_SL.csproj", "{41B3626B-E73E-4225-9393-B52A9B94F7E8}"
EndProject
Project("{FAE04EC0-301F-11D3-BF4B-00C04F79EFBC}") = "SaveLoadLayout_SL", "SaveLoadLayout\SaveLoadLayout_SL.csproj", "{40C33F38-5A45-42F4-9016-44023A79B9C9}"
EndProject
Global
	 
	GlobalSection(SolutionConfigurationPlatforms) = preSolution
		Debug|Any CPU = Debug|Any CPU
		Release|Any CPU = Release|Any CPU
	EndGlobalSection
	GlobalSection(ProjectConfigurationPlatforms) = postSolution
		{BCAB4476-5EBC-4490-BBA6-BEBE0FB28FC6}.Debug|Any CPU.ActiveCfg = Debug|Any CPU
		{BCAB4476-5EBC-4490-BBA6-BEBE0FB28FC6}.Debug|Any CPU.Build.0 = Debug|Any CPU
		{BCAB4476-5EBC-4490-BBA6-BEBE0FB28FC6}.Release|Any CPU.ActiveCfg = Release|Any CPU
		{BCAB4476-5EBC-4490-BBA6-BEBE0FB28FC6}.Release|Any CPU.Build.0 = Release|Any CPU
		{CB179E0F-1D08-4006-8779-E057A66F34EC}.Debug|Any CPU.ActiveCfg = Debug|Any CPU
		{CB179E0F-1D08-4006-8779-E057A66F34EC}.Debug|Any CPU.Build.0 = Debug|Any CPU
		{CB179E0F-1D08-4006-8779-E057A66F34EC}.Release|Any CPU.ActiveCfg = Release|Any CPU
		{CB179E0F-1D08-4006-8779-E057A66F34EC}.Release|Any CPU.Build.0 = Release|Any CPU
		{53845EBB-9543-4007-B16A-1DEA84F75551}.Debug|Any CPU.ActiveCfg = Debug|Any CPU
		{53845EBB-9543-4007-B16A-1DEA84F75551}.Debug|Any CPU.Build.0 = Debug|Any CPU
		{53845EBB-9543-4007-B16A-1DEA84F75551}.Release|Any CPU.ActiveCfg = Release|Any CPU
		{53845EBB-9543-4007-B16A-1DEA84F75551}.Release|Any CPU.Build.0 = Release|Any CPU
		{41B3626B-E73E-4225-9393-B52A9B94F7E8}.Debug|Any CPU.ActiveCfg = Debug|Any CPU
		{41B3626B-E73E-4225-9393-B52A9B94F7E8}.Debug|Any CPU.Build.0 = Debug|Any CPU
		{41B3626B-E73E-4225-9393-B52A9B94F7E8}.Release|Any CPU.ActiveCfg = Release|Any CPU
		{41B3626B-E73E-4225-9393-B52A9B94F7E8}.Release|Any CPU.Build.0 = Release|Any CPU
		{40C33F38-5A45-42F4-9016-44023A79B9C9}.Debug|Any CPU.ActiveCfg = Debug|Any CPU
		{40C33F38-5A45-42F4-9016-44023A79B9C9}.Debug|Any CPU.Build.0 = Debug|Any CPU
		{40C33F38-5A45-42F4-9016-44023A79B9C9}.Release|Any CPU.ActiveCfg = Release|Any CPU
		{40C33F38-5A45-42F4-9016-44023A79B9C9}.Release|Any CPU.Build.0 = Release|Any CPU
	EndGlobalSection
	GlobalSection(SolutionProperties) = preSolution
		HideSolutionNode = FALSE
	EndGlobalSection
EndGlobal
