
Microsoft Visual Studio Solution File, Format Version 12.00
# Visual Studio 2013
VisualStudioVersion = 12.0.31101.0
MinimumVisualStudioVersion = 10.0.40219.1
Project("{FAE04EC0-301F-11D3-BF4B-00C04F79EFBC}") = "ItemCommands_SL", "ItemCommands\ItemCommands_SL.csproj", "{8656BDE9-F5B4-4071-A9D7-447D31BE57FA}"
EndProject
Project("{FAE04EC0-301F-11D3-BF4B-00C04F79EFBC}") = "CustomRadialButtonContent_SL", "CustomRadialButtonContent\CustomRadialButtonContent_SL.csproj", "{61A17122-9021-48B8-9D7D-D0D1DDA9D85E}"
EndProject
Project("{FAE04EC0-301F-11D3-BF4B-00C04F79EFBC}") = "Positioning_SL", "Positioning\Positioning_SL.csproj", "{98AC0782-C58C-4045-834C-DAAE0C270B95}"
EndProject
Project("{FAE04EC0-301F-11D3-BF4B-00C04F79EFBC}") = "SimpleRadialContextMenu_SL", "SimpleRadialContextMenu\SimpleRadialContextMenu_SL.csproj", "{6AC8D23E-4EF2-4910-BB77-44C400F668A1}"
EndProject
Project("{FAE04EC0-301F-11D3-BF4B-00C04F79EFBC}") = "SimpleRadialMenu_SL", "SimpleRadialMenu\SimpleRadialMenu_SL.csproj", "{8F5A3569-ABDB-46B6-ABF0-A57540F395DE}"
EndProject
Project("{FAE04EC0-301F-11D3-BF4B-00C04F79EFBC}") = "CustomTooltip_SL", "CustomTooltip\CustomTooltip_SL.csproj", "{BE022926-70B9-4E11-8AE4-49B3636876EA}"
EndProject
Project("{FAE04EC0-301F-11D3-BF4B-00C04F79EFBC}") = "ShowHideAsContextMenu_SL", "ShowHideAsContextMenu\ShowHideAsContextMenu_SL.csproj", "{D68A4C43-465F-420E-867B-3EFE485F0DBA}"
EndProject
Project("{FAE04EC0-301F-11D3-BF4B-00C04F79EFBC}") = "MenuQuickMode_SL", "MenuQuickMode\MenuQuickMode_SL.csproj", "{3B24D315-7F1A-4F41-A0F9-84D11CDE3CF2}"
EndProject
Project("{FAE04EC0-301F-11D3-BF4B-00C04F79EFBC}") = "OpenMenuOnShow_SL", "OpenMenuOnShow\OpenMenuOnShow_SL.csproj", "{91A9F8FD-5841-4044-B39B-674DE6225A01}"
EndProject
Project("{FAE04EC0-301F-11D3-BF4B-00C04F79EFBC}") = "BindingItemsSource_SL", "BindingItemsSource\BindingItemsSource_SL.csproj", "{C6398F1C-58D5-48C9-A024-4ADAA28B6F5B}"
EndProject
Global
	 
	GlobalSection(SolutionConfigurationPlatforms) = preSolution
		Debug|Any CPU = Debug|Any CPU
		Release|Any CPU = Release|Any CPU
	EndGlobalSection
	GlobalSection(ProjectConfigurationPlatforms) = postSolution
		{8656BDE9-F5B4-4071-A9D7-447D31BE57FA}.Debug|Any CPU.ActiveCfg = Debug|Any CPU
		{8656BDE9-F5B4-4071-A9D7-447D31BE57FA}.Debug|Any CPU.Build.0 = Debug|Any CPU
		{8656BDE9-F5B4-4071-A9D7-447D31BE57FA}.Release|Any CPU.ActiveCfg = Release|Any CPU
		{8656BDE9-F5B4-4071-A9D7-447D31BE57FA}.Release|Any CPU.Build.0 = Release|Any CPU
		{61A17122-9021-48B8-9D7D-D0D1DDA9D85E}.Debug|Any CPU.ActiveCfg = Debug|Any CPU
		{61A17122-9021-48B8-9D7D-D0D1DDA9D85E}.Debug|Any CPU.Build.0 = Debug|Any CPU
		{61A17122-9021-48B8-9D7D-D0D1DDA9D85E}.Release|Any CPU.ActiveCfg = Release|Any CPU
		{61A17122-9021-48B8-9D7D-D0D1DDA9D85E}.Release|Any CPU.Build.0 = Release|Any CPU
		{98AC0782-C58C-4045-834C-DAAE0C270B95}.Debug|Any CPU.ActiveCfg = Debug|Any CPU
		{98AC0782-C58C-4045-834C-DAAE0C270B95}.Debug|Any CPU.Build.0 = Debug|Any CPU
		{98AC0782-C58C-4045-834C-DAAE0C270B95}.Release|Any CPU.ActiveCfg = Release|Any CPU
		{98AC0782-C58C-4045-834C-DAAE0C270B95}.Release|Any CPU.Build.0 = Release|Any CPU
		{6AC8D23E-4EF2-4910-BB77-44C400F668A1}.Debug|Any CPU.ActiveCfg = Debug|Any CPU
		{6AC8D23E-4EF2-4910-BB77-44C400F668A1}.Debug|Any CPU.Build.0 = Debug|Any CPU
		{6AC8D23E-4EF2-4910-BB77-44C400F668A1}.Release|Any CPU.ActiveCfg = Release|Any CPU
		{6AC8D23E-4EF2-4910-BB77-44C400F668A1}.Release|Any CPU.Build.0 = Release|Any CPU
		{8F5A3569-ABDB-46B6-ABF0-A57540F395DE}.Debug|Any CPU.ActiveCfg = Debug|Any CPU
		{8F5A3569-ABDB-46B6-ABF0-A57540F395DE}.Debug|Any CPU.Build.0 = Debug|Any CPU
		{8F5A3569-ABDB-46B6-ABF0-A57540F395DE}.Release|Any CPU.ActiveCfg = Release|Any CPU
		{8F5A3569-ABDB-46B6-ABF0-A57540F395DE}.Release|Any CPU.Build.0 = Release|Any CPU
		{BE022926-70B9-4E11-8AE4-49B3636876EA}.Debug|Any CPU.ActiveCfg = Debug|Any CPU
		{BE022926-70B9-4E11-8AE4-49B3636876EA}.Debug|Any CPU.Build.0 = Debug|Any CPU
		{BE022926-70B9-4E11-8AE4-49B3636876EA}.Release|Any CPU.ActiveCfg = Release|Any CPU
		{BE022926-70B9-4E11-8AE4-49B3636876EA}.Release|Any CPU.Build.0 = Release|Any CPU
		{D68A4C43-465F-420E-867B-3EFE485F0DBA}.Debug|Any CPU.ActiveCfg = Debug|Any CPU
		{D68A4C43-465F-420E-867B-3EFE485F0DBA}.Debug|Any CPU.Build.0 = Debug|Any CPU
		{D68A4C43-465F-420E-867B-3EFE485F0DBA}.Release|Any CPU.ActiveCfg = Release|Any CPU
		{D68A4C43-465F-420E-867B-3EFE485F0DBA}.Release|Any CPU.Build.0 = Release|Any CPU
		{3B24D315-7F1A-4F41-A0F9-84D11CDE3CF2}.Debug|Any CPU.ActiveCfg = Debug|Any CPU
		{3B24D315-7F1A-4F41-A0F9-84D11CDE3CF2}.Debug|Any CPU.Build.0 = Debug|Any CPU
		{3B24D315-7F1A-4F41-A0F9-84D11CDE3CF2}.Release|Any CPU.ActiveCfg = Release|Any CPU
		{3B24D315-7F1A-4F41-A0F9-84D11CDE3CF2}.Release|Any CPU.Build.0 = Release|Any CPU
		{91A9F8FD-5841-4044-B39B-674DE6225A01}.Debug|Any CPU.ActiveCfg = Debug|Any CPU
		{91A9F8FD-5841-4044-B39B-674DE6225A01}.Debug|Any CPU.Build.0 = Debug|Any CPU
		{91A9F8FD-5841-4044-B39B-674DE6225A01}.Release|Any CPU.ActiveCfg = Release|Any CPU
		{91A9F8FD-5841-4044-B39B-674DE6225A01}.Release|Any CPU.Build.0 = Release|Any CPU
		{C6398F1C-58D5-48C9-A024-4ADAA28B6F5B}.Debug|Any CPU.ActiveCfg = Debug|Any CPU
		{C6398F1C-58D5-48C9-A024-4ADAA28B6F5B}.Debug|Any CPU.Build.0 = Debug|Any CPU
		{C6398F1C-58D5-48C9-A024-4ADAA28B6F5B}.Release|Any CPU.ActiveCfg = Release|Any CPU
		{C6398F1C-58D5-48C9-A024-4ADAA28B6F5B}.Release|Any CPU.Build.0 = Release|Any CPU
	EndGlobalSection
	GlobalSection(SolutionProperties) = preSolution
		HideSolutionNode = FALSE
	EndGlobalSection
EndGlobal
