
Microsoft Visual Studio Solution File, Format Version 12.00
# Visual Studio 2012
Project("{FAE04EC0-301F-11D3-BF4B-00C04F79EFBC}") = "MapShapeReaderToolTipStyle", "MapShapeReaderToolTipStyle\MapShapeReaderToolTipStyle.csproj", "{C486D187-9C6E-411B-9790-11D17B1F903F}"
EndProject
Project("{FAE04EC0-301F-11D3-BF4B-00C04F79EFBC}") = "MapShapeReaderToolTipStyle.Web", "MapShapeReaderToolTipStyle.Web\MapShapeReaderToolTipStyle.Web.csproj", "{A8F21FEB-88B2-4B59-B93A-8F5338832937}"
EndProject
Global
	 
	GlobalSection(SolutionConfigurationPlatforms) = preSolution
		Debug|Any CPU = Debug|Any CPU
		Release|Any CPU = Release|Any CPU
	EndGlobalSection
	GlobalSection(ProjectConfigurationPlatforms) = postSolution
		{C486D187-9C6E-411B-9790-11D17B1F903F}.Debug|Any CPU.ActiveCfg = Debug|Any CPU
		{C486D187-9C6E-411B-9790-11D17B1F903F}.Debug|Any CPU.Build.0 = Debug|Any CPU
		{C486D187-9C6E-411B-9790-11D17B1F903F}.Release|Any CPU.ActiveCfg = Release|Any CPU
		{C486D187-9C6E-411B-9790-11D17B1F903F}.Release|Any CPU.Build.0 = Release|Any CPU
		{A8F21FEB-88B2-4B59-B93A-8F5338832937}.Debug|Any CPU.ActiveCfg = Debug|Any CPU
		{A8F21FEB-88B2-4B59-B93A-8F5338832937}.Debug|Any CPU.Build.0 = Debug|Any CPU
		{A8F21FEB-88B2-4B59-B93A-8F5338832937}.Release|Any CPU.ActiveCfg = Release|Any CPU
		{A8F21FEB-88B2-4B59-B93A-8F5338832937}.Release|Any CPU.Build.0 = Release|Any CPU
	EndGlobalSection
	GlobalSection(SolutionProperties) = preSolution
		HideSolutionNode = FALSE
	EndGlobalSection
EndGlobal
