
Microsoft Visual Studio Solution File, Format Version 12.00
# Visual Studio 2012
Project("{FAE04EC0-301F-11D3-BF4B-00C04F79EFBC}") = "CustomFindReplaceDialog_SL", "CustomFindReplaceDialog\CustomFindReplaceDialog_SL.csproj", "{CBF6DC0D-C163-45B2-AB34-A3807E2B413B}"
EndProject
Project("{FAE04EC0-301F-11D3-BF4B-00C04F79EFBC}") = "DragAndDrop_SL", "DragAndDropRRTB\DragAndDrop_SL.csproj", "{F3E076A0-2D3D-4B35-95B4-B12DBFF6F87B}"
EndProject
Project("{FAE04EC0-301F-11D3-BF4B-00C04F79EFBC}") = "SearchAndHighlight_SL", "SearchAndHighlight\SearchAndHighlight_SL.csproj", "{C6B0DD84-1A72-428C-8472-033FBD71B769}"
EndProject
Project("{FAE04EC0-301F-11D3-BF4B-00C04F79EFBC}") = "RadToolBarUI_SL", "RadToolBarUI\RadToolBarUI_SL.csproj", "{354D7C63-84A8-40A8-9EA6-462FD5A478DA}"
EndProject
Project("{FAE04EC0-301F-11D3-BF4B-00C04F79EFBC}") = "TelerikEditorDemo_SL", "TelerikEditor\TelerikEditorDemo_SL.csproj", "{4A69A4D9-A648-42C7-B36B-E07A9FDEEF4D}"
EndProject
Project("{FAE04EC0-301F-11D3-BF4B-00C04F79EFBC}") = "PlainTextEditor_SL", "PlainTextEditor\PlainTextEditor_SL.csproj", "{31221A88-893C-4048-9CD8-A92296C1CE9F}"
EndProject
Project("{FAE04EC0-301F-11D3-BF4B-00C04F79EFBC}") = "GettingStarted_SL", "GettingStarted\GettingStarted_SL.csproj", "{2A5D62CC-785F-4524-B0F7-7E625F2CD7AA}"
EndProject
Project("{FAE04EC0-301F-11D3-BF4B-00C04F79EFBC}") = "MergeDocuments_SL", "MergeDocuments\MergeDocuments_SL.csproj", "{0E58C189-B865-4508-BC0C-7A6D524C81C2}"
EndProject
Project("{FAE04EC0-301F-11D3-BF4B-00C04F79EFBC}") = "Watermark_SL", "Watermark\Watermark_SL.csproj", "{596852DF-5A87-4B9E-8AC7-9FE476234E0F}"
EndProject
Project("{FAE04EC0-301F-11D3-BF4B-00C04F79EFBC}") = "CustomInsertHyperlinkDialog", "CustomInsertHyperlinkDialog\CustomInsertHyperlinkDialog.csproj", "{580227ED-F7DF-4EF2-9A08-01CEB0029D0D}"
EndProject
Project("{FAE04EC0-301F-11D3-BF4B-00C04F79EFBC}") = "CustomCodeFormattingLanguage_SL", "CustomCodeFormattingLanguage\CustomCodeFormattingLanguage_SL.csproj", "{485CE77B-9CD5-4468-8BF9-A5839DAC1740}"
EndProject
Project("{FAE04EC0-301F-11D3-BF4B-00C04F79EFBC}") = "CustomSpellCheckingDialog_SL", "CustomSpellCheckingDialog\CustomSpellCheckingDialog_SL.csproj", "{4BA142BB-2A66-4411-B75B-C4A77780B99F}"
EndProject
Project("{FAE04EC0-301F-11D3-BF4B-00C04F79EFBC}") = "CustomImageEditorDialog_SL", "CustomImageEditorDialog\CustomImageEditorDialog_SL.csproj", "{B073F0DF-49F2-4260-8E91-F06A9910FEBC}"
EndProject
Project("{FAE04EC0-301F-11D3-BF4B-00C04F79EFBC}") = "CustomFloatingBlockPropertiesDialogDemo_SL", "CustomFloatingBlockPropertiesDialogDemo\CustomFloatingBlockPropertiesDialogDemo_SL.csproj", "{DDD1E9E2-66D5-497C-B10D-A80C35C9B8CC}"
EndProject
Project("{FAE04EC0-301F-11D3-BF4B-00C04F79EFBC}") = "Localization_SL", "Localization\Localization_SL.csproj", "{46EC19F2-8093-4EBD-8BD3-B73E8E6405FA}"
EndProject
Project("{FAE04EC0-301F-11D3-BF4B-00C04F79EFBC}") = "ChangeRibbonUIDataContext_SL", "ChangeRibbonUIDataContext\ChangeRibbonUIDataContext_SL.csproj", "{B5653D59-C73F-4824-A218-D1C1E3EC80F6}"
EndProject
Project("{FAE04EC0-301F-11D3-BF4B-00C04F79EFBC}") = "DataBinding_SL", "DataBinding\DataBinding_SL.csproj", "{CF815898-F41C-4AEC-BE07-C6124A0B867A}"
EndProject
Project("{FAE04EC0-301F-11D3-BF4B-00C04F79EFBC}") = "SimulateWatermark_SL", "SimulateWatermark\SimulateWatermark_SL.csproj", "{BE866F9D-1763-460D-B3F8-56652B9308BD}"
EndProject
Project("{FAE04EC0-301F-11D3-BF4B-00C04F79EFBC}") = "MailMerge_SL", "MailMerge\MailMerge_SL.csproj", "{CC0C1F1A-10CD-4E09-8CB5-9FDBBCCCD520}"
EndProject
Project("{FAE04EC0-301F-11D3-BF4B-00C04F79EFBC}") = "CustomField_SL", "CustomField\CustomField_SL.csproj", "{788F9CAF-1F74-4C6C-A5F8-60BC7C337CEF}"
EndProject
Project("{FAE04EC0-301F-11D3-BF4B-00C04F79EFBC}") = "WorkingWithRadDocumentEditor_SL", "WorkingWithRadDocumentEditor\WorkingWithRadDocumentEditor_SL.csproj", "{D31E9ED2-18D0-402F-8924-A74B0FBA69B9}"
EndProject
Project("{FAE04EC0-301F-11D3-BF4B-00C04F79EFBC}") = "CustomLayerAndCustomAnnotation_SL", "CustomLayerAndCustomAnnotation\CustomLayerAndCustomAnnotation_SL.csproj", "{9325BC14-4001-4951-B965-4C1D88D756B0}"
EndProject
Project("{FAE04EC0-301F-11D3-BF4B-00C04F79EFBC}") = "CustomInsertTableDialog_SL", "CustomInsertTableDialog\CustomInsertTableDialog_SL.csproj", "{DE181CD5-FF93-492D-BE2C-59A23D8B1D24}"
EndProject
Project("{FAE04EC0-301F-11D3-BF4B-00C04F79EFBC}") = "PrintPreviewUsingRichTextBox_SL", "PrintPreview\PrintPreviewUsingRichTextBox_SL.csproj", "{CFBFBA8F-B6E5-4FD8-9556-9A6D4027EAB5}"
EndProject
Project("{FAE04EC0-301F-11D3-BF4B-00C04F79EFBC}") = "CustomFontPropertiesDialog_SL", "CustomFontPropertiesDialog\CustomFontPropertiesDialog_SL.csproj", "{D4E5EE8A-EEE2-4752-B798-9D96B17F1606}"
EndProject
Project("{FAE04EC0-301F-11D3-BF4B-00C04F79EFBC}") = "CustomParagraphPropertiesDialog_SL", "CustomParagraphPropertiesDialog\CustomParagraphPropertiesDialog_SL.csproj", "{D9EDB015-634F-41D6-8900-750006F3591B}"
EndProject
Global
	 
	GlobalSection(SolutionConfigurationPlatforms) = preSolution
		Debug|Any CPU = Debug|Any CPU
		Release|Any CPU = Release|Any CPU
	EndGlobalSection
	GlobalSection(ProjectConfigurationPlatforms) = postSolution
		{CBF6DC0D-C163-45B2-AB34-A3807E2B413B}.Debug|Any CPU.ActiveCfg = Debug|Any CPU
		{CBF6DC0D-C163-45B2-AB34-A3807E2B413B}.Debug|Any CPU.Build.0 = Debug|Any CPU
		{CBF6DC0D-C163-45B2-AB34-A3807E2B413B}.Release|Any CPU.ActiveCfg = Release|Any CPU
		{CBF6DC0D-C163-45B2-AB34-A3807E2B413B}.Release|Any CPU.Build.0 = Release|Any CPU
		{F3E076A0-2D3D-4B35-95B4-B12DBFF6F87B}.Debug|Any CPU.ActiveCfg = Debug|Any CPU
		{F3E076A0-2D3D-4B35-95B4-B12DBFF6F87B}.Debug|Any CPU.Build.0 = Debug|Any CPU
		{F3E076A0-2D3D-4B35-95B4-B12DBFF6F87B}.Release|Any CPU.ActiveCfg = Release|Any CPU
		{F3E076A0-2D3D-4B35-95B4-B12DBFF6F87B}.Release|Any CPU.Build.0 = Release|Any CPU
		{C6B0DD84-1A72-428C-8472-033FBD71B769}.Debug|Any CPU.ActiveCfg = Debug|Any CPU
		{C6B0DD84-1A72-428C-8472-033FBD71B769}.Debug|Any CPU.Build.0 = Debug|Any CPU
		{C6B0DD84-1A72-428C-8472-033FBD71B769}.Release|Any CPU.ActiveCfg = Release|Any CPU
		{C6B0DD84-1A72-428C-8472-033FBD71B769}.Release|Any CPU.Build.0 = Release|Any CPU
		{354D7C63-84A8-40A8-9EA6-462FD5A478DA}.Debug|Any CPU.ActiveCfg = Debug|Any CPU
		{354D7C63-84A8-40A8-9EA6-462FD5A478DA}.Debug|Any CPU.Build.0 = Debug|Any CPU
		{354D7C63-84A8-40A8-9EA6-462FD5A478DA}.Release|Any CPU.ActiveCfg = Release|Any CPU
		{354D7C63-84A8-40A8-9EA6-462FD5A478DA}.Release|Any CPU.Build.0 = Release|Any CPU
		{4A69A4D9-A648-42C7-B36B-E07A9FDEEF4D}.Debug|Any CPU.ActiveCfg = Debug|Any CPU
		{4A69A4D9-A648-42C7-B36B-E07A9FDEEF4D}.Debug|Any CPU.Build.0 = Debug|Any CPU
		{4A69A4D9-A648-42C7-B36B-E07A9FDEEF4D}.Release|Any CPU.ActiveCfg = Release|Any CPU
		{4A69A4D9-A648-42C7-B36B-E07A9FDEEF4D}.Release|Any CPU.Build.0 = Release|Any CPU
		{31221A88-893C-4048-9CD8-A92296C1CE9F}.Debug|Any CPU.ActiveCfg = Debug|Any CPU
		{31221A88-893C-4048-9CD8-A92296C1CE9F}.Debug|Any CPU.Build.0 = Debug|Any CPU
		{31221A88-893C-4048-9CD8-A92296C1CE9F}.Release|Any CPU.ActiveCfg = Release|Any CPU
		{31221A88-893C-4048-9CD8-A92296C1CE9F}.Release|Any CPU.Build.0 = Release|Any CPU
		{2A5D62CC-785F-4524-B0F7-7E625F2CD7AA}.Debug|Any CPU.ActiveCfg = Debug|Any CPU
		{2A5D62CC-785F-4524-B0F7-7E625F2CD7AA}.Debug|Any CPU.Build.0 = Debug|Any CPU
		{2A5D62CC-785F-4524-B0F7-7E625F2CD7AA}.Release|Any CPU.ActiveCfg = Release|Any CPU
		{2A5D62CC-785F-4524-B0F7-7E625F2CD7AA}.Release|Any CPU.Build.0 = Release|Any CPU
		{0E58C189-B865-4508-BC0C-7A6D524C81C2}.Debug|Any CPU.ActiveCfg = Debug|Any CPU
		{0E58C189-B865-4508-BC0C-7A6D524C81C2}.Debug|Any CPU.Build.0 = Debug|Any CPU
		{0E58C189-B865-4508-BC0C-7A6D524C81C2}.Release|Any CPU.ActiveCfg = Release|Any CPU
		{0E58C189-B865-4508-BC0C-7A6D524C81C2}.Release|Any CPU.Build.0 = Release|Any CPU
		{596852DF-5A87-4B9E-8AC7-9FE476234E0F}.Debug|Any CPU.ActiveCfg = Debug|Any CPU
		{596852DF-5A87-4B9E-8AC7-9FE476234E0F}.Debug|Any CPU.Build.0 = Debug|Any CPU
		{596852DF-5A87-4B9E-8AC7-9FE476234E0F}.Release|Any CPU.ActiveCfg = Release|Any CPU
		{596852DF-5A87-4B9E-8AC7-9FE476234E0F}.Release|Any CPU.Build.0 = Release|Any CPU
		{580227ED-F7DF-4EF2-9A08-01CEB0029D0D}.Debug|Any CPU.ActiveCfg = Debug|Any CPU
		{580227ED-F7DF-4EF2-9A08-01CEB0029D0D}.Debug|Any CPU.Build.0 = Debug|Any CPU
		{580227ED-F7DF-4EF2-9A08-01CEB0029D0D}.Release|Any CPU.ActiveCfg = Release|Any CPU
		{580227ED-F7DF-4EF2-9A08-01CEB0029D0D}.Release|Any CPU.Build.0 = Release|Any CPU
		{485CE77B-9CD5-4468-8BF9-A5839DAC1740}.Debug|Any CPU.ActiveCfg = Debug|Any CPU
		{485CE77B-9CD5-4468-8BF9-A5839DAC1740}.Debug|Any CPU.Build.0 = Debug|Any CPU
		{485CE77B-9CD5-4468-8BF9-A5839DAC1740}.Release|Any CPU.ActiveCfg = Release|Any CPU
		{485CE77B-9CD5-4468-8BF9-A5839DAC1740}.Release|Any CPU.Build.0 = Release|Any CPU
		{4BA142BB-2A66-4411-B75B-C4A77780B99F}.Debug|Any CPU.ActiveCfg = Debug|Any CPU
		{4BA142BB-2A66-4411-B75B-C4A77780B99F}.Debug|Any CPU.Build.0 = Debug|Any CPU
		{4BA142BB-2A66-4411-B75B-C4A77780B99F}.Release|Any CPU.ActiveCfg = Release|Any CPU
		{4BA142BB-2A66-4411-B75B-C4A77780B99F}.Release|Any CPU.Build.0 = Release|Any CPU
		{B073F0DF-49F2-4260-8E91-F06A9910FEBC}.Debug|Any CPU.ActiveCfg = Debug|Any CPU
		{B073F0DF-49F2-4260-8E91-F06A9910FEBC}.Debug|Any CPU.Build.0 = Debug|Any CPU
		{B073F0DF-49F2-4260-8E91-F06A9910FEBC}.Release|Any CPU.ActiveCfg = Release|Any CPU
		{B073F0DF-49F2-4260-8E91-F06A9910FEBC}.Release|Any CPU.Build.0 = Release|Any CPU
		{DDD1E9E2-66D5-497C-B10D-A80C35C9B8CC}.Debug|Any CPU.ActiveCfg = Debug|Any CPU
		{DDD1E9E2-66D5-497C-B10D-A80C35C9B8CC}.Debug|Any CPU.Build.0 = Debug|Any CPU
		{DDD1E9E2-66D5-497C-B10D-A80C35C9B8CC}.Release|Any CPU.ActiveCfg = Release|Any CPU
		{DDD1E9E2-66D5-497C-B10D-A80C35C9B8CC}.Release|Any CPU.Build.0 = Release|Any CPU
		{46EC19F2-8093-4EBD-8BD3-B73E8E6405FA}.Debug|Any CPU.ActiveCfg = Debug|Any CPU
		{46EC19F2-8093-4EBD-8BD3-B73E8E6405FA}.Debug|Any CPU.Build.0 = Debug|Any CPU
		{46EC19F2-8093-4EBD-8BD3-B73E8E6405FA}.Release|Any CPU.ActiveCfg = Release|Any CPU
		{46EC19F2-8093-4EBD-8BD3-B73E8E6405FA}.Release|Any CPU.Build.0 = Release|Any CPU
		{B5653D59-C73F-4824-A218-D1C1E3EC80F6}.Debug|Any CPU.ActiveCfg = Debug|Any CPU
		{B5653D59-C73F-4824-A218-D1C1E3EC80F6}.Debug|Any CPU.Build.0 = Debug|Any CPU
		{B5653D59-C73F-4824-A218-D1C1E3EC80F6}.Release|Any CPU.ActiveCfg = Release|Any CPU
		{B5653D59-C73F-4824-A218-D1C1E3EC80F6}.Release|Any CPU.Build.0 = Release|Any CPU
		{CF815898-F41C-4AEC-BE07-C6124A0B867A}.Debug|Any CPU.ActiveCfg = Debug|Any CPU
		{CF815898-F41C-4AEC-BE07-C6124A0B867A}.Debug|Any CPU.Build.0 = Debug|Any CPU
		{CF815898-F41C-4AEC-BE07-C6124A0B867A}.Release|Any CPU.ActiveCfg = Release|Any CPU
		{CF815898-F41C-4AEC-BE07-C6124A0B867A}.Release|Any CPU.Build.0 = Release|Any CPU
		{BE866F9D-1763-460D-B3F8-56652B9308BD}.Debug|Any CPU.ActiveCfg = Debug|Any CPU
		{BE866F9D-1763-460D-B3F8-56652B9308BD}.Debug|Any CPU.Build.0 = Debug|Any CPU
		{BE866F9D-1763-460D-B3F8-56652B9308BD}.Release|Any CPU.ActiveCfg = Release|Any CPU
		{BE866F9D-1763-460D-B3F8-56652B9308BD}.Release|Any CPU.Build.0 = Release|Any CPU
		{CC0C1F1A-10CD-4E09-8CB5-9FDBBCCCD520}.Debug|Any CPU.ActiveCfg = Debug|Any CPU
		{CC0C1F1A-10CD-4E09-8CB5-9FDBBCCCD520}.Debug|Any CPU.Build.0 = Debug|Any CPU
		{CC0C1F1A-10CD-4E09-8CB5-9FDBBCCCD520}.Release|Any CPU.ActiveCfg = Release|Any CPU
		{CC0C1F1A-10CD-4E09-8CB5-9FDBBCCCD520}.Release|Any CPU.Build.0 = Release|Any CPU
		{788F9CAF-1F74-4C6C-A5F8-60BC7C337CEF}.Debug|Any CPU.ActiveCfg = Debug|Any CPU
		{788F9CAF-1F74-4C6C-A5F8-60BC7C337CEF}.Debug|Any CPU.Build.0 = Debug|Any CPU
		{788F9CAF-1F74-4C6C-A5F8-60BC7C337CEF}.Release|Any CPU.ActiveCfg = Release|Any CPU
		{788F9CAF-1F74-4C6C-A5F8-60BC7C337CEF}.Release|Any CPU.Build.0 = Release|Any CPU
		{D31E9ED2-18D0-402F-8924-A74B0FBA69B9}.Debug|Any CPU.ActiveCfg = Debug|Any CPU
		{D31E9ED2-18D0-402F-8924-A74B0FBA69B9}.Debug|Any CPU.Build.0 = Debug|Any CPU
		{D31E9ED2-18D0-402F-8924-A74B0FBA69B9}.Release|Any CPU.ActiveCfg = Release|Any CPU
		{D31E9ED2-18D0-402F-8924-A74B0FBA69B9}.Release|Any CPU.Build.0 = Release|Any CPU
		{9325BC14-4001-4951-B965-4C1D88D756B0}.Debug|Any CPU.ActiveCfg = Debug|Any CPU
		{9325BC14-4001-4951-B965-4C1D88D756B0}.Debug|Any CPU.Build.0 = Debug|Any CPU
		{9325BC14-4001-4951-B965-4C1D88D756B0}.Release|Any CPU.ActiveCfg = Release|Any CPU
		{9325BC14-4001-4951-B965-4C1D88D756B0}.Release|Any CPU.Build.0 = Release|Any CPU
		{DE181CD5-FF93-492D-BE2C-59A23D8B1D24}.Debug|Any CPU.ActiveCfg = Debug|Any CPU
		{DE181CD5-FF93-492D-BE2C-59A23D8B1D24}.Debug|Any CPU.Build.0 = Debug|Any CPU
		{DE181CD5-FF93-492D-BE2C-59A23D8B1D24}.Release|Any CPU.ActiveCfg = Release|Any CPU
		{DE181CD5-FF93-492D-BE2C-59A23D8B1D24}.Release|Any CPU.Build.0 = Release|Any CPU
		{CFBFBA8F-B6E5-4FD8-9556-9A6D4027EAB5}.Debug|Any CPU.ActiveCfg = Debug|Any CPU
		{CFBFBA8F-B6E5-4FD8-9556-9A6D4027EAB5}.Debug|Any CPU.Build.0 = Debug|Any CPU
		{CFBFBA8F-B6E5-4FD8-9556-9A6D4027EAB5}.Release|Any CPU.ActiveCfg = Release|Any CPU
		{CFBFBA8F-B6E5-4FD8-9556-9A6D4027EAB5}.Release|Any CPU.Build.0 = Release|Any CPU
		{D4E5EE8A-EEE2-4752-B798-9D96B17F1606}.Debug|Any CPU.ActiveCfg = Debug|Any CPU
		{D4E5EE8A-EEE2-4752-B798-9D96B17F1606}.Debug|Any CPU.Build.0 = Debug|Any CPU
		{D4E5EE8A-EEE2-4752-B798-9D96B17F1606}.Release|Any CPU.ActiveCfg = Release|Any CPU
		{D4E5EE8A-EEE2-4752-B798-9D96B17F1606}.Release|Any CPU.Build.0 = Release|Any CPU
		{D9EDB015-634F-41D6-8900-750006F3591B}.Debug|Any CPU.ActiveCfg = Debug|Any CPU
		{D9EDB015-634F-41D6-8900-750006F3591B}.Debug|Any CPU.Build.0 = Debug|Any CPU
		{D9EDB015-634F-41D6-8900-750006F3591B}.Release|Any CPU.ActiveCfg = Release|Any CPU
		{D9EDB015-634F-41D6-8900-750006F3591B}.Release|Any CPU.Build.0 = Release|Any CPU
	EndGlobalSection
	GlobalSection(SolutionProperties) = preSolution
		HideSolutionNode = FALSE
	EndGlobalSection
EndGlobal
