
Microsoft Visual Studio Solution File, Format Version 12.00
# Visual Studio 2012
Project("{FAE04EC0-301F-11D3-BF4B-00C04F79EFBC}") = "Geocode", "Geocode\Geocode.csproj", "{C73EF435-0C02-4C05-B454-ABB82380F84B}"
EndProject
Project("{FAE04EC0-301F-11D3-BF4B-00C04F79EFBC}") = "Geocode.Web", "Geocode.Web\Geocode.Web.csproj", "{858AFC6F-2A40-425D-A683-07A539CA9EA0}"
EndProject
Global
	 
	GlobalSection(SolutionConfigurationPlatforms) = preSolution
		Debug|Any CPU = Debug|Any CPU
		Release|Any CPU = Release|Any CPU
	EndGlobalSection
	GlobalSection(ProjectConfigurationPlatforms) = postSolution
		{C73EF435-0C02-4C05-B454-ABB82380F84B}.Debug|Any CPU.ActiveCfg = Debug|Any CPU
		{C73EF435-0C02-4C05-B454-ABB82380F84B}.Debug|Any CPU.Build.0 = Debug|Any CPU
		{C73EF435-0C02-4C05-B454-ABB82380F84B}.Release|Any CPU.ActiveCfg = Release|Any CPU
		{C73EF435-0C02-4C05-B454-ABB82380F84B}.Release|Any CPU.Build.0 = Release|Any CPU
		{858AFC6F-2A40-425D-A683-07A539CA9EA0}.Debug|Any CPU.ActiveCfg = Debug|Any CPU
		{858AFC6F-2A40-425D-A683-07A539CA9EA0}.Debug|Any CPU.Build.0 = Debug|Any CPU
		{858AFC6F-2A40-425D-A683-07A539CA9EA0}.Release|Any CPU.ActiveCfg = Release|Any CPU
		{858AFC6F-2A40-425D-A683-07A539CA9EA0}.Release|Any CPU.Build.0 = Release|Any CPU
	EndGlobalSection
	GlobalSection(SolutionProperties) = preSolution
		HideSolutionNode = FALSE
	EndGlobalSection
EndGlobal
