
Microsoft Visual Studio Solution File, Format Version 12.00
# Visual Studio Version 16
VisualStudioVersion = 16.0.31005.135
MinimumVisualStudioVersion = 10.0.40219.1
Project("{9A19103F-16F7-4668-BE54-9A1E7A4F7556}") = "WindowPrismDialogService", "WindowPrismDialogService\WindowPrismDialogService.csproj", "{17D20283-E842-40C6-B682-42964E6161C3}"
EndProject
Global
	GlobalSection(SolutionConfigurationPlatforms) = preSolution
		Debug|Any CPU = Debug|Any CPU
		Release|Any CPU = Release|Any CPU
	EndGlobalSection
	GlobalSection(ProjectConfigurationPlatforms) = postSolution
		{17D20283-E842-40C6-B682-42964E6161C3}.Debug|Any CPU.ActiveCfg = Debug|Any CPU
		{17D20283-E842-40C6-B682-42964E6161C3}.Debug|Any CPU.Build.0 = Debug|Any CPU
		{17D20283-E842-40C6-B682-42964E6161C3}.Release|Any CPU.ActiveCfg = Release|Any CPU
		{17D20283-E842-40C6-B682-42964E6161C3}.Release|Any CPU.Build.0 = Release|Any CPU
	EndGlobalSection
	GlobalSection(SolutionProperties) = preSolution
		HideSolutionNode = FALSE
	EndGlobalSection
	GlobalSection(ExtensibilityGlobals) = postSolution
		SolutionGuid = {2207FAEF-4F63-4329-A314-8DF9C78107C2}
	EndGlobalSection
EndGlobal
