
Microsoft Visual Studio Solution File, Format Version 12.00
# Visual Studio 2012
Project("{FAE04EC0-301F-11D3-BF4B-00C04F79EFBC}") = "BringIntoView_WPF", "BringIntoView\BringIntoView_WPF.csproj", "{70337B65-C3A0-41A6-8C54-D41325DE1595}"
EndProject
Project("{FAE04EC0-301F-11D3-BF4B-00C04F79EFBC}") = "FilterSearchSort_WPF", "FilterSearchSort\FilterSearchSort_WPF.csproj", "{3746B1FB-6751-481B-807C-8C3765249063}"
EndProject
Project("{FAE04EC0-301F-11D3-BF4B-00C04F79EFBC}") = "Windows_Explorer_Like_TreeView_WPF", "WindowsExplorerLikeTreeView\Windows_Explorer_Like_TreeView_WPF.csproj", "{3FBF27F2-71ED-4898-A25A-42DBA79EE0BC}"
EndProject
Project("{FAE04EC0-301F-11D3-BF4B-00C04F79EFBC}") = "ContextMenu_WPF", "AddContextMenu\ContextMenu_WPF.csproj", "{63C4139D-FA8D-43BB-A4F3-EF5FA2B23BE1}"
EndProject
Project("{FAE04EC0-301F-11D3-BF4B-00C04F79EFBC}") = "DenyDropVisualFeedback_WPF", "DenyDropVisualFeedback\DenyDropVisualFeedback_WPF.csproj", "{681EB2D2-BDD6-4DFA-A0BB-A2D413E5672B}"
EndProject
Project("{FAE04EC0-301F-11D3-BF4B-00C04F79EFBC}") = "EnableOnlyDropInsideItem_WPF", "EnableOnlyDropInsideItem\EnableOnlyDropInsideItem_WPF.csproj", "{ECABC27C-9B29-4985-9123-9EA8CA794615}"
EndProject
Project("{FAE04EC0-301F-11D3-BF4B-00C04F79EFBC}") = "DragDropTreeViewToControls_WPF", "DragDropTreeViewToControls\DragDropTreeViewToControls_WPF.csproj", "{DF4529DF-6A45-4C13-8975-54DF9AE0DAE9}"
EndProject
Project("{FAE04EC0-301F-11D3-BF4B-00C04F79EFBC}") = "BindToSelfReferencingData_WPF", "BindToSelfReferencingData\BindToSelfReferencingData_WPF.csproj", "{11478184-B1DC-4D83-94E1-3DF19E18EBE9}"
EndProject
Project("{FAE04EC0-301F-11D3-BF4B-00C04F79EFBC}") = "DragDropBetweenTreeViews_WPF", "DragDropBetweenTreeViews\DragDropBetweenTreeViews_WPF.csproj", "{139AB2A1-EDE8-46F1-8B5A-4B8E42F44CDD}"
EndProject
Project("{FAE04EC0-301F-11D3-BF4B-00C04F79EFBC}") = "CustomDragVisual_WPF", "CustomDragVisual\CustomDragVisual_WPF.csproj", "{072CDB69-BAE2-4B3C-BDEF-FA1BAC33642A}"
EndProject
Global
	 
	GlobalSection(SolutionConfigurationPlatforms) = preSolution
		Debug|Any CPU = Debug|Any CPU
		Debug|Mixed Platforms = Debug|Mixed Platforms
		Debug|x86 = Debug|x86
		Release|Any CPU = Release|Any CPU
		Release|Mixed Platforms = Release|Mixed Platforms
		Release|x86 = Release|x86
	EndGlobalSection
	GlobalSection(ProjectConfigurationPlatforms) = postSolution
		{70337B65-C3A0-41A6-8C54-D41325DE1595}.Debug|Any CPU.ActiveCfg = Debug|Any CPU
		{70337B65-C3A0-41A6-8C54-D41325DE1595}.Debug|Any CPU.Build.0 = Debug|Any CPU
		{70337B65-C3A0-41A6-8C54-D41325DE1595}.Debug|Mixed Platforms.ActiveCfg = Debug|Any CPU
		{70337B65-C3A0-41A6-8C54-D41325DE1595}.Debug|Mixed Platforms.Build.0 = Debug|Any CPU
		{70337B65-C3A0-41A6-8C54-D41325DE1595}.Debug|x86.ActiveCfg = Debug|Any CPU
		{70337B65-C3A0-41A6-8C54-D41325DE1595}.Release|Any CPU.ActiveCfg = Release|Any CPU
		{70337B65-C3A0-41A6-8C54-D41325DE1595}.Release|Any CPU.Build.0 = Release|Any CPU
		{70337B65-C3A0-41A6-8C54-D41325DE1595}.Release|Mixed Platforms.ActiveCfg = Release|Any CPU
		{70337B65-C3A0-41A6-8C54-D41325DE1595}.Release|Mixed Platforms.Build.0 = Release|Any CPU
		{70337B65-C3A0-41A6-8C54-D41325DE1595}.Release|x86.ActiveCfg = Release|Any CPU
		{3746B1FB-6751-481B-807C-8C3765249063}.Debug|Any CPU.ActiveCfg = Release|Any CPU
		{3746B1FB-6751-481B-807C-8C3765249063}.Debug|Any CPU.Build.0 = Release|Any CPU
		{3746B1FB-6751-481B-807C-8C3765249063}.Debug|Mixed Platforms.ActiveCfg = Release|Any CPU
		{3746B1FB-6751-481B-807C-8C3765249063}.Debug|Mixed Platforms.Build.0 = Release|Any CPU
		{3746B1FB-6751-481B-807C-8C3765249063}.Debug|x86.ActiveCfg = Release|Any CPU
		{3746B1FB-6751-481B-807C-8C3765249063}.Release|Any CPU.ActiveCfg = Release|Any CPU
		{3746B1FB-6751-481B-807C-8C3765249063}.Release|Any CPU.Build.0 = Release|Any CPU
		{3746B1FB-6751-481B-807C-8C3765249063}.Release|Mixed Platforms.ActiveCfg = Release|Any CPU
		{3746B1FB-6751-481B-807C-8C3765249063}.Release|Mixed Platforms.Build.0 = Release|Any CPU
		{3746B1FB-6751-481B-807C-8C3765249063}.Release|x86.ActiveCfg = Release|Any CPU
		{3FBF27F2-71ED-4898-A25A-42DBA79EE0BC}.Debug|Any CPU.ActiveCfg = Debug|Any CPU
		{3FBF27F2-71ED-4898-A25A-42DBA79EE0BC}.Debug|Any CPU.Build.0 = Debug|Any CPU
		{3FBF27F2-71ED-4898-A25A-42DBA79EE0BC}.Debug|Mixed Platforms.ActiveCfg = Debug|Any CPU
		{3FBF27F2-71ED-4898-A25A-42DBA79EE0BC}.Debug|Mixed Platforms.Build.0 = Debug|Any CPU
		{3FBF27F2-71ED-4898-A25A-42DBA79EE0BC}.Debug|x86.ActiveCfg = Debug|Any CPU
		{3FBF27F2-71ED-4898-A25A-42DBA79EE0BC}.Release|Any CPU.ActiveCfg = Release|Any CPU
		{3FBF27F2-71ED-4898-A25A-42DBA79EE0BC}.Release|Any CPU.Build.0 = Release|Any CPU
		{3FBF27F2-71ED-4898-A25A-42DBA79EE0BC}.Release|Mixed Platforms.ActiveCfg = Release|Any CPU
		{3FBF27F2-71ED-4898-A25A-42DBA79EE0BC}.Release|Mixed Platforms.Build.0 = Release|Any CPU
		{3FBF27F2-71ED-4898-A25A-42DBA79EE0BC}.Release|x86.ActiveCfg = Release|Any CPU
		{63C4139D-FA8D-43BB-A4F3-EF5FA2B23BE1}.Debug|Any CPU.ActiveCfg = Debug|Any CPU
		{63C4139D-FA8D-43BB-A4F3-EF5FA2B23BE1}.Debug|Any CPU.Build.0 = Debug|Any CPU
		{63C4139D-FA8D-43BB-A4F3-EF5FA2B23BE1}.Debug|Mixed Platforms.ActiveCfg = Debug|Any CPU
		{63C4139D-FA8D-43BB-A4F3-EF5FA2B23BE1}.Debug|Mixed Platforms.Build.0 = Debug|Any CPU
		{63C4139D-FA8D-43BB-A4F3-EF5FA2B23BE1}.Debug|x86.ActiveCfg = Debug|Any CPU
		{63C4139D-FA8D-43BB-A4F3-EF5FA2B23BE1}.Release|Any CPU.ActiveCfg = Release|Any CPU
		{63C4139D-FA8D-43BB-A4F3-EF5FA2B23BE1}.Release|Any CPU.Build.0 = Release|Any CPU
		{63C4139D-FA8D-43BB-A4F3-EF5FA2B23BE1}.Release|Mixed Platforms.ActiveCfg = Release|Any CPU
		{63C4139D-FA8D-43BB-A4F3-EF5FA2B23BE1}.Release|Mixed Platforms.Build.0 = Release|Any CPU
		{63C4139D-FA8D-43BB-A4F3-EF5FA2B23BE1}.Release|x86.ActiveCfg = Release|Any CPU
		{681EB2D2-BDD6-4DFA-A0BB-A2D413E5672B}.Debug|Any CPU.ActiveCfg = Debug|Any CPU
		{681EB2D2-BDD6-4DFA-A0BB-A2D413E5672B}.Debug|Any CPU.Build.0 = Debug|Any CPU
		{681EB2D2-BDD6-4DFA-A0BB-A2D413E5672B}.Debug|Mixed Platforms.ActiveCfg = Debug|Any CPU
		{681EB2D2-BDD6-4DFA-A0BB-A2D413E5672B}.Debug|Mixed Platforms.Build.0 = Debug|Any CPU
		{681EB2D2-BDD6-4DFA-A0BB-A2D413E5672B}.Debug|x86.ActiveCfg = Debug|Any CPU
		{681EB2D2-BDD6-4DFA-A0BB-A2D413E5672B}.Release|Any CPU.ActiveCfg = Release|Any CPU
		{681EB2D2-BDD6-4DFA-A0BB-A2D413E5672B}.Release|Any CPU.Build.0 = Release|Any CPU
		{681EB2D2-BDD6-4DFA-A0BB-A2D413E5672B}.Release|Mixed Platforms.ActiveCfg = Release|Any CPU
		{681EB2D2-BDD6-4DFA-A0BB-A2D413E5672B}.Release|Mixed Platforms.Build.0 = Release|Any CPU
		{681EB2D2-BDD6-4DFA-A0BB-A2D413E5672B}.Release|x86.ActiveCfg = Release|Any CPU
		{ECABC27C-9B29-4985-9123-9EA8CA794615}.Debug|Any CPU.ActiveCfg = Debug|Any CPU
		{ECABC27C-9B29-4985-9123-9EA8CA794615}.Debug|Any CPU.Build.0 = Debug|Any CPU
		{ECABC27C-9B29-4985-9123-9EA8CA794615}.Debug|Mixed Platforms.ActiveCfg = Debug|Any CPU
		{ECABC27C-9B29-4985-9123-9EA8CA794615}.Debug|Mixed Platforms.Build.0 = Debug|Any CPU
		{ECABC27C-9B29-4985-9123-9EA8CA794615}.Debug|x86.ActiveCfg = Debug|Any CPU
		{ECABC27C-9B29-4985-9123-9EA8CA794615}.Release|Any CPU.ActiveCfg = Release|Any CPU
		{ECABC27C-9B29-4985-9123-9EA8CA794615}.Release|Any CPU.Build.0 = Release|Any CPU
		{ECABC27C-9B29-4985-9123-9EA8CA794615}.Release|Mixed Platforms.ActiveCfg = Release|Any CPU
		{ECABC27C-9B29-4985-9123-9EA8CA794615}.Release|Mixed Platforms.Build.0 = Release|Any CPU
		{ECABC27C-9B29-4985-9123-9EA8CA794615}.Release|x86.ActiveCfg = Release|Any CPU
		{DF4529DF-6A45-4C13-8975-54DF9AE0DAE9}.Debug|Any CPU.ActiveCfg = Debug|Any CPU
		{DF4529DF-6A45-4C13-8975-54DF9AE0DAE9}.Debug|Any CPU.Build.0 = Debug|Any CPU
		{DF4529DF-6A45-4C13-8975-54DF9AE0DAE9}.Debug|Mixed Platforms.ActiveCfg = Debug|Any CPU
		{DF4529DF-6A45-4C13-8975-54DF9AE0DAE9}.Debug|Mixed Platforms.Build.0 = Debug|Any CPU
		{DF4529DF-6A45-4C13-8975-54DF9AE0DAE9}.Debug|x86.ActiveCfg = Debug|Any CPU
		{DF4529DF-6A45-4C13-8975-54DF9AE0DAE9}.Release|Any CPU.ActiveCfg = Release|Any CPU
		{DF4529DF-6A45-4C13-8975-54DF9AE0DAE9}.Release|Any CPU.Build.0 = Release|Any CPU
		{DF4529DF-6A45-4C13-8975-54DF9AE0DAE9}.Release|Mixed Platforms.ActiveCfg = Release|Any CPU
		{DF4529DF-6A45-4C13-8975-54DF9AE0DAE9}.Release|Mixed Platforms.Build.0 = Release|Any CPU
		{DF4529DF-6A45-4C13-8975-54DF9AE0DAE9}.Release|x86.ActiveCfg = Release|Any CPU
		{11478184-B1DC-4D83-94E1-3DF19E18EBE9}.Debug|Any CPU.ActiveCfg = Debug|Any CPU
		{11478184-B1DC-4D83-94E1-3DF19E18EBE9}.Debug|Any CPU.Build.0 = Debug|Any CPU
		{11478184-B1DC-4D83-94E1-3DF19E18EBE9}.Debug|Mixed Platforms.ActiveCfg = Debug|Any CPU
		{11478184-B1DC-4D83-94E1-3DF19E18EBE9}.Debug|Mixed Platforms.Build.0 = Debug|Any CPU
		{11478184-B1DC-4D83-94E1-3DF19E18EBE9}.Debug|x86.ActiveCfg = Debug|Any CPU
		{11478184-B1DC-4D83-94E1-3DF19E18EBE9}.Release|Any CPU.ActiveCfg = Release|Any CPU
		{11478184-B1DC-4D83-94E1-3DF19E18EBE9}.Release|Any CPU.Build.0 = Release|Any CPU
		{11478184-B1DC-4D83-94E1-3DF19E18EBE9}.Release|Mixed Platforms.ActiveCfg = Release|Any CPU
		{11478184-B1DC-4D83-94E1-3DF19E18EBE9}.Release|Mixed Platforms.Build.0 = Release|Any CPU
		{11478184-B1DC-4D83-94E1-3DF19E18EBE9}.Release|x86.ActiveCfg = Release|Any CPU
		{139AB2A1-EDE8-46F1-8B5A-4B8E42F44CDD}.Debug|Any CPU.ActiveCfg = Debug|Any CPU
		{139AB2A1-EDE8-46F1-8B5A-4B8E42F44CDD}.Debug|Any CPU.Build.0 = Debug|Any CPU
		{139AB2A1-EDE8-46F1-8B5A-4B8E42F44CDD}.Debug|Mixed Platforms.ActiveCfg = Debug|Any CPU
		{139AB2A1-EDE8-46F1-8B5A-4B8E42F44CDD}.Debug|Mixed Platforms.Build.0 = Debug|Any CPU
		{139AB2A1-EDE8-46F1-8B5A-4B8E42F44CDD}.Debug|x86.ActiveCfg = Debug|Any CPU
		{139AB2A1-EDE8-46F1-8B5A-4B8E42F44CDD}.Release|Any CPU.ActiveCfg = Release|Any CPU
		{139AB2A1-EDE8-46F1-8B5A-4B8E42F44CDD}.Release|Any CPU.Build.0 = Release|Any CPU
		{139AB2A1-EDE8-46F1-8B5A-4B8E42F44CDD}.Release|Mixed Platforms.ActiveCfg = Release|Any CPU
		{139AB2A1-EDE8-46F1-8B5A-4B8E42F44CDD}.Release|Mixed Platforms.Build.0 = Release|Any CPU
		{139AB2A1-EDE8-46F1-8B5A-4B8E42F44CDD}.Release|x86.ActiveCfg = Release|Any CPU
		{072CDB69-BAE2-4B3C-BDEF-FA1BAC33642A}.Debug|Any CPU.ActiveCfg = Debug|Any CPU
		{072CDB69-BAE2-4B3C-BDEF-FA1BAC33642A}.Debug|Any CPU.Build.0 = Debug|Any CPU
		{072CDB69-BAE2-4B3C-BDEF-FA1BAC33642A}.Debug|Mixed Platforms.ActiveCfg = Debug|Any CPU
		{072CDB69-BAE2-4B3C-BDEF-FA1BAC33642A}.Debug|Mixed Platforms.Build.0 = Debug|Any CPU
		{072CDB69-BAE2-4B3C-BDEF-FA1BAC33642A}.Debug|x86.ActiveCfg = Debug|Any CPU
		{072CDB69-BAE2-4B3C-BDEF-FA1BAC33642A}.Release|Any CPU.ActiveCfg = Release|Any CPU
		{072CDB69-BAE2-4B3C-BDEF-FA1BAC33642A}.Release|Any CPU.Build.0 = Release|Any CPU
		{072CDB69-BAE2-4B3C-BDEF-FA1BAC33642A}.Release|Mixed Platforms.ActiveCfg = Release|Any CPU
		{072CDB69-BAE2-4B3C-BDEF-FA1BAC33642A}.Release|Mixed Platforms.Build.0 = Release|Any CPU
		{072CDB69-BAE2-4B3C-BDEF-FA1BAC33642A}.Release|x86.ActiveCfg = Release|Any CPU
	EndGlobalSection
	GlobalSection(SolutionProperties) = preSolution
		HideSolutionNode = FALSE
	EndGlobalSection
EndGlobal
