
Microsoft Visual Studio Solution File, Format Version 12.00
# Visual Studio 2012
Project("{FAE04EC0-301F-11D3-BF4B-00C04F79EFBC}") = "IconSourceDemo_SL", "IconSourceDemo\IconSourceDemo_SL.csproj", "{1C306D4F-98DC-4C10-B5FA-97200840C114}"
EndProject
Global
	 
	GlobalSection(SolutionConfigurationPlatforms) = preSolution
		Debug|Any CPU = Debug|Any CPU
		Release|Any CPU = Release|Any CPU
	EndGlobalSection
	GlobalSection(ProjectConfigurationPlatforms) = postSolution
		{1C306D4F-98DC-4C10-B5FA-97200840C114}.Debug|Any CPU.ActiveCfg = Debug|Any CPU
		{1C306D4F-98DC-4C10-B5FA-97200840C114}.Debug|Any CPU.Build.0 = Debug|Any CPU
		{1C306D4F-98DC-4C10-B5FA-97200840C114}.Release|Any CPU.ActiveCfg = Release|Any CPU
		{1C306D4F-98DC-4C10-B5FA-97200840C114}.Release|Any CPU.Build.0 = Release|Any CPU
	EndGlobalSection
	GlobalSection(SolutionProperties) = preSolution
		HideSolutionNode = FALSE
	EndGlobalSection
EndGlobal
