
Microsoft Visual Studio Solution File, Format Version 12.00
# Visual Studio 2012
Project("{FAE04EC0-301F-11D3-BF4B-00C04F79EFBC}") = "ProvidersBingMapTrafficProvider", "ProvidersBingMapTrafficProvider\ProvidersBingMapTrafficProvider.csproj", "{26164653-D435-4FDE-954A-0970FB1DC58F}"
EndProject
Project("{FAE04EC0-301F-11D3-BF4B-00C04F79EFBC}") = "ProvidersBingMapTrafficProvider.Web", "ProvidersBingMapTrafficProvider.Web\ProvidersBingMapTrafficProvider.Web.csproj", "{D10E18CC-36ED-491D-9F46-CAD3BDE9FA38}"
EndProject
Global
	 
	GlobalSection(SolutionConfigurationPlatforms) = preSolution
		Debug|Any CPU = Debug|Any CPU
		Release|Any CPU = Release|Any CPU
	EndGlobalSection
	GlobalSection(ProjectConfigurationPlatforms) = postSolution
		{26164653-D435-4FDE-954A-0970FB1DC58F}.Debug|Any CPU.ActiveCfg = Debug|Any CPU
		{26164653-D435-4FDE-954A-0970FB1DC58F}.Debug|Any CPU.Build.0 = Debug|Any CPU
		{26164653-D435-4FDE-954A-0970FB1DC58F}.Release|Any CPU.ActiveCfg = Release|Any CPU
		{26164653-D435-4FDE-954A-0970FB1DC58F}.Release|Any CPU.Build.0 = Release|Any CPU
		{D10E18CC-36ED-491D-9F46-CAD3BDE9FA38}.Debug|Any CPU.ActiveCfg = Debug|Any CPU
		{D10E18CC-36ED-491D-9F46-CAD3BDE9FA38}.Debug|Any CPU.Build.0 = Debug|Any CPU
		{D10E18CC-36ED-491D-9F46-CAD3BDE9FA38}.Release|Any CPU.ActiveCfg = Release|Any CPU
		{D10E18CC-36ED-491D-9F46-CAD3BDE9FA38}.Release|Any CPU.Build.0 = Release|Any CPU
	EndGlobalSection
	GlobalSection(SolutionProperties) = preSolution
		HideSolutionNode = FALSE
	EndGlobalSection
EndGlobal
