
Microsoft Visual Studio Solution File, Format Version 12.00
# Visual Studio 2012
Project("{FAE04EC0-301F-11D3-BF4B-00C04F79EFBC}") = "CreatingRadialGauge", "CreatingRadialGauge\CreatingRadialGauge.csproj", "{B0F2F264-45B0-47F6-9E1C-C3A33230D466}"
EndProject
Project("{FAE04EC0-301F-11D3-BF4B-00C04F79EFBC}") = "CreatingLinearGauge", "CreatingLinearGauge\CreatingLinearGauge.csproj", "{CC8EE4F9-AC78-41D3-B442-10BD628D5E6F}"
EndProject
Project("{FAE04EC0-301F-11D3-BF4B-00C04F79EFBC}") = "CreatingNumericGauge", "CreatingNumericGauge\CreatingNumericGauge.csproj", "{660CF117-EFF2-40BE-9109-B826459B937C}"
EndProject
Project("{FAE04EC0-301F-11D3-BF4B-00C04F79EFBC}") = "LinearRadialScalesBasicsScaleOffsets", "LinearRadialScalesBasicsScaleOffsets\LinearRadialScalesBasicsScaleOffsets.csproj", "{C29AB6C9-DED3-4678-B265-CA2559EE9DEC}"
EndProject
Project("{FAE04EC0-301F-11D3-BF4B-00C04F79EFBC}") = "LinearRadialScalesBasicsScaleWidth", "LinearRadialScalesBasicsScaleWidth\LinearRadialScalesBasicsScaleWidth.csproj", "{3C0D6B02-5DC6-48AF-AFC0-88E4CF293897}"
EndProject
Project("{FAE04EC0-301F-11D3-BF4B-00C04F79EFBC}") = "LinearRadialScalesBasicsInteractivity", "LinearRadialScalesBasicsInteractivity\LinearRadialScalesBasicsInteractivity.csproj", "{947C3F17-F5D4-483E-9F38-4614DCD9E197}"
EndProject
Project("{FAE04EC0-301F-11D3-BF4B-00C04F79EFBC}") = "LinearRadialScalesBasicsReversedScale", "LinearRadialScalesBasicsReversedScale\LinearRadialScalesBasicsReversedScale.csproj", "{1E351740-C7E9-46E8-AF8A-896C416E179C}"
EndProject
Project("{FAE04EC0-301F-11D3-BF4B-00C04F79EFBC}") = "LinearRadialScalesRadialScaleMultiplier", "LinearRadialScalesRadialScaleMultiplier\LinearRadialScalesRadialScaleMultiplier.csproj", "{60E414E8-5AE5-4F9C-B591-6503BAEA9637}"
EndProject
Project("{FAE04EC0-301F-11D3-BF4B-00C04F79EFBC}") = "LinearRadialScalesRadialScaleScaleCenter", "LinearRadialScalesRadialScaleScaleCenter\LinearRadialScalesRadialScaleScaleCenter.csproj", "{C3987258-504B-4DDD-96C3-A0CA3F0B6F8C}"
EndProject
Project("{FAE04EC0-301F-11D3-BF4B-00C04F79EFBC}") = "LinearRadialScalesRadialScaleLabelRotationMode", "LinearRadialScalesRadialScaleLabelRotationMode\LinearRadialScalesRadialScaleLabelRotationMode.csproj", "{89D72A51-7BFD-46AE-8585-CF9E3A2F8524}"
EndProject
Project("{FAE04EC0-301F-11D3-BF4B-00C04F79EFBC}") = "LinearRadialScalesRadialScaleRadius", "LinearRadialScalesRadialScaleRadius\LinearRadialScalesRadialScaleRadius.csproj", "{4BF2203C-BC3B-43FA-BCED-0A5E386E03E1}"
EndProject
Project("{FAE04EC0-301F-11D3-BF4B-00C04F79EFBC}") = "LinearRadialScalesRadialScaleStartAngle", "LinearRadialScalesRadialScaleStartAngle\LinearRadialScalesRadialScaleStartAngle.csproj", "{3F1E25A2-ACCB-4E3F-9ABD-C119B6D84851}"
EndProject
Project("{FAE04EC0-301F-11D3-BF4B-00C04F79EFBC}") = "LinearRadialScalesRadialScaleSweepAngle", "LinearRadialScalesRadialScaleSweepAngle\LinearRadialScalesRadialScaleSweepAngle.csproj", "{F9D65E8D-702C-406D-AD8B-690170D604CF}"
EndProject
Project("{FAE04EC0-301F-11D3-BF4B-00C04F79EFBC}") = "LinearRadialScalesLinearScaleOrientation", "LinearRadialScalesLinearScaleOrientation\LinearRadialScalesLinearScaleOrientation.csproj", "{D5EE2D59-88D2-4BC6-AEC3-5E43F925D500}"
EndProject
Project("{FAE04EC0-301F-11D3-BF4B-00C04F79EFBC}") = "LinearRadialScalesLinearScaleRelativeSize", "LinearRadialScalesLinearScaleRelativeSize\LinearRadialScalesLinearScaleRelativeSize.csproj", "{5B8C499A-E560-41E6-8F88-A93DEBEF8464}"
EndProject
Project("{FAE04EC0-301F-11D3-BF4B-00C04F79EFBC}") = "LinearRadialScalesLinearScalePlacement", "LinearRadialScalesLinearScalePlacement\LinearRadialScalesLinearScalePlacement.csproj", "{8AFD1427-1C30-464F-BEC2-9B7E495B9B23}"
EndProject
Project("{FAE04EC0-301F-11D3-BF4B-00C04F79EFBC}") = "NumericScale", "NumericScale\NumericScale.csproj", "{37CAD71D-EDC7-4F2F-A3C7-DE624112EFB4}"
EndProject
Project("{FAE04EC0-301F-11D3-BF4B-00C04F79EFBC}") = "IndicatorsBasicsAnimating", "IndicatorsBasicsAnimating\IndicatorsBasicsAnimating.csproj", "{58ED849B-556B-4973-908B-56B5082BDE1A}"
EndProject
Project("{FAE04EC0-301F-11D3-BF4B-00C04F79EFBC}") = "IndicatorsBasicsRefreshing", "IndicatorsBasicsRefreshing\IndicatorsBasicsRefreshing.csproj", "{C1AFC6D1-D249-4B13-B629-E8DBDE90F597}"
EndProject
Project("{FAE04EC0-301F-11D3-BF4B-00C04F79EFBC}") = "IndicatorsBasicsSnapping", "IndicatorsBasicsSnappings\IndicatorsBasicsSnapping.csproj", "{795BD4CF-6290-496A-AFB3-97976F969F9B}"
EndProject
Project("{FAE04EC0-301F-11D3-BF4B-00C04F79EFBC}") = "IndicatorsBasicsSize", "IndicatorsBasicsSize\IndicatorsBasicsSize.csproj", "{11EC5C54-A1D6-4A21-9C13-32D8891A7195}"
EndProject
Project("{FAE04EC0-301F-11D3-BF4B-00C04F79EFBC}") = "IndicatorsBasicsUsingRangeColor", "IndicatorsBasicsUsingRangeColor\IndicatorsBasicsUsingRangeColor.csproj", "{D1C41C07-69E8-4561-A6FC-CBA5AD7505F8}"
EndProject
Project("{FAE04EC0-301F-11D3-BF4B-00C04F79EFBC}") = "IndicatorsMarker", "IndicatorsMarker\IndicatorsMarker.csproj", "{15254D72-97F4-4906-9254-EE7A0B7A46F2}"
EndProject
Project("{FAE04EC0-301F-11D3-BF4B-00C04F79EFBC}") = "IndicatorsNeedle", "IndicatorsNeedle\IndicatorsNeedle.csproj", "{5CE43AAC-4B40-44A6-9C74-FA4A351BC0D5}"
EndProject
Project("{FAE04EC0-301F-11D3-BF4B-00C04F79EFBC}") = "IndicatorsBarIndicator", "IndicatorsBarIndicator\IndicatorsBarIndicator.csproj", "{AB06FF2D-A30C-4BCF-B82B-1FD7C4BAEE87}"
EndProject
Project("{FAE04EC0-301F-11D3-BF4B-00C04F79EFBC}") = "IndicatorsStateIndicator", "IndicatorsStateIndicator\IndicatorsStateIndicator.csproj", "{62A3FE10-37ED-4149-96A0-05C609EBF18E}"
EndProject
Project("{FAE04EC0-301F-11D3-BF4B-00C04F79EFBC}") = "NumericIndicatorNumberPositions", "NumericIndicatorNumberPositions\NumericIndicatorNumberPositions.csproj", "{4A617DEB-C0CD-4D21-BD26-122B597F01C5}"
EndProject
Project("{FAE04EC0-301F-11D3-BF4B-00C04F79EFBC}") = "NumericIndicatorSize", "NumericIndicatorSize\NumericIndicatorSize.csproj", "{DFC3E51F-6EB3-4D8B-808D-9FE4A7CA2B9F}"
EndProject
Project("{FAE04EC0-301F-11D3-BF4B-00C04F79EFBC}") = "NumericIndicatorPlacement", "NumericIndicatorPlacement\NumericIndicatorPlacement.csproj", "{8F946BC6-18E7-451D-BCD6-38371EDCF1F3}"
EndProject
Project("{FAE04EC0-301F-11D3-BF4B-00C04F79EFBC}") = "NumericIndicatorCornerRadius", "NumericIndicatorCornerRadius\NumericIndicatorCornerRadius.csproj", "{D1BEE369-3A08-4F52-BECC-6CAFDE45B653}"
EndProject
Project("{FAE04EC0-301F-11D3-BF4B-00C04F79EFBC}") = "NumericIndicatorDisplayValueFormat", "NumericIndicatorDisplayValueFormat\NumericIndicatorDisplayValueFormat.csproj", "{01D3677C-7A12-4FFB-9368-30EE5DC3D410}"
EndProject
Project("{FAE04EC0-301F-11D3-BF4B-00C04F79EFBC}") = "GaugeRangeMaxAndMinValue", "GaugeRangeMaxAndMinValue\GaugeRangeMaxAndMinValue.csproj", "{843FD70B-445C-4834-8BAF-AB017A6B40D6}"
EndProject
Project("{FAE04EC0-301F-11D3-BF4B-00C04F79EFBC}") = "GaugeRangeWidth", "GaugeRangeWidth\GaugeRangeWidth.csproj", "{26345D4B-8D64-4153-8344-C729432AEB72}"
EndProject
Project("{FAE04EC0-301F-11D3-BF4B-00C04F79EFBC}") = "GaugeRangeAppearance", "GaugeRangeAppearance\GaugeRangeAppearance.csproj", "{A87CAB50-A19E-4524-894E-F462B90C0FFC}"
EndProject
Project("{FAE04EC0-301F-11D3-BF4B-00C04F79EFBC}") = "GaugeRangeIndicatorBackground", "GaugeRangeIndicatorBackground\GaugeRangeIndicatorBackground.csproj", "{88BAA339-9A87-44E8-8FC7-DBB5FB333F31}"
EndProject
Project("{FAE04EC0-301F-11D3-BF4B-00C04F79EFBC}") = "GaugeRangeIndicatorColorMixSensitivity", "GaugeRangeIndicatorColorMixSensitivity\GaugeRangeIndicatorColorMixSensitivity.csproj", "{E847DBEC-9E94-43CA-9B1C-DF523E998579}"
EndProject
Project("{FAE04EC0-301F-11D3-BF4B-00C04F79EFBC}") = "GaugeRangeLabelsAppearance", "GaugeRangeLabelsAppearance\GaugeRangeLabelsAppearance.csproj", "{207A5864-C4FC-421E-9BCD-8CB91C3E9BAA}"
EndProject
Project("{FAE04EC0-301F-11D3-BF4B-00C04F79EFBC}") = "GaugeRangeTicksAppearance", "GaugeRangeTicksAppearance\GaugeRangeTicksAppearance.csproj", "{7F8EE766-F935-4A0A-905E-3856C7374B39}"
EndProject
Project("{FAE04EC0-301F-11D3-BF4B-00C04F79EFBC}") = "LabelsLocation", "LabelsLocation\LabelsLocation.csproj", "{E39F96E7-8153-4E41-B8C7-C94C784D1AF7}"
EndProject
Project("{FAE04EC0-301F-11D3-BF4B-00C04F79EFBC}") = "LabelsOffset", "LabelsOffset\LabelsOffset.csproj", "{1A2E5E46-9CD2-484B-A417-6533DBCD2B9C}"
EndProject
Project("{FAE04EC0-301F-11D3-BF4B-00C04F79EFBC}") = "LabelsFormat", "LabelsFormat\LabelsFormat.csproj", "{B97FE140-1BA6-4D9C-9A8D-56071C4DFE7F}"
EndProject
Project("{FAE04EC0-301F-11D3-BF4B-00C04F79EFBC}") = "LabelsAppearance", "LabelsAppearance\LabelsAppearance.csproj", "{064F3A19-B167-4CFB-9462-77735E07FD4F}"
EndProject
Project("{FAE04EC0-301F-11D3-BF4B-00C04F79EFBC}") = "LabelsSpecifyingLabelTemplate", "LabelsSpecifyingLabelTemplate\LabelsSpecifyingLabelTemplate.csproj", "{AD8D767A-C8F4-4A48-972C-D75031A1EAA6}"
EndProject
Project("{FAE04EC0-301F-11D3-BF4B-00C04F79EFBC}") = "TicksSize", "TicksSize\TicksSize.csproj", "{3C479DF2-CA21-4F8E-9C11-4C362F836C42}"
EndProject
Project("{FAE04EC0-301F-11D3-BF4B-00C04F79EFBC}") = "TicksLocation", "TicksLocation\TicksLocation.csproj", "{B1552AF7-5145-4798-B00E-5F6214BF3AFB}"
EndProject
Project("{FAE04EC0-301F-11D3-BF4B-00C04F79EFBC}") = "TicksAppearance", "TicksAppearance\TicksAppearance.csproj", "{625E8461-40A4-424E-80D0-641910C0F922}"
EndProject
Project("{FAE04EC0-301F-11D3-BF4B-00C04F79EFBC}") = "TicksDataTemplate", "TicksDataTemplate\TicksDataTemplate.csproj", "{AC31B63B-4790-4CBB-962D-7A282ED9E067}"
EndProject
Project("{FAE04EC0-301F-11D3-BF4B-00C04F79EFBC}") = "Groups", "Groups\Groups.csproj", "{06921DD1-374B-4800-951B-E35B3592FD4E}"
EndProject
Project("{FAE04EC0-301F-11D3-BF4B-00C04F79EFBC}") = "DataBinding", "DataBinding\DataBinding.csproj", "{2AC7A49F-A0CD-4278-8E25-034116B86D43}"
EndProject
Project("{FAE04EC0-301F-11D3-BF4B-00C04F79EFBC}") = "RadialScaleOverview", "RadialScaleOverview\RadialScaleOverview.csproj", "{F7539D13-825C-4500-A51B-D5CEFF6F9799}"
EndProject
Project("{FAE04EC0-301F-11D3-BF4B-00C04F79EFBC}") = "RadialScaleTickMarks", "RadialScaleTickMarks\RadialScaleTickMarks.csproj", "{053B9FC7-B65F-44A3-AB6A-46F02EDE6FC0}"
EndProject
Project("{FAE04EC0-301F-11D3-BF4B-00C04F79EFBC}") = "RadialScaleLabels", "RadialScaleLabels\RadialScaleLabels.csproj", "{21864F79-C6E8-4711-AD05-845EC8CE8031}"
EndProject
Project("{FAE04EC0-301F-11D3-BF4B-00C04F79EFBC}") = "RadialScaleMarker", "RadialScaleMarker\RadialScaleMarker.csproj", "{4F84FA3E-FAEA-45FE-8C55-2D11F226F0B8}"
EndProject
Project("{FAE04EC0-301F-11D3-BF4B-00C04F79EFBC}") = "RadialScaleBarIndicatorLayout", "RadialScaleBarIndicatorLayout\RadialScaleBarIndicatorLayout.csproj", "{994BF838-5B76-49FD-8DC3-BBADA2D94683}"
EndProject
Project("{FAE04EC0-301F-11D3-BF4B-00C04F79EFBC}") = "RadialScaleBarIndicatorAppearance", "RadialScaleBarIndicatorAppearance\RadialScaleBarIndicatorAppearance.csproj", "{58A175D0-4377-4C98-B8C6-98A1EA0323F9}"
EndProject
Project("{FAE04EC0-301F-11D3-BF4B-00C04F79EFBC}") = "RadialScaleNumericIndicator", "RadialScaleNumericIndicator\RadialScaleNumericIndicator.csproj", "{8E59AACA-D276-474D-ADD3-7A9C4E58EAE8}"
EndProject
Project("{FAE04EC0-301F-11D3-BF4B-00C04F79EFBC}") = "RadialScaleStateIndicator", "RadialScaleStateIndicator\RadialScaleStateIndicator.csproj", "{3248AAF1-A4B4-4096-9827-0CAEAB28396A}"
EndProject
Project("{FAE04EC0-301F-11D3-BF4B-00C04F79EFBC}") = "RadialScaleInteractivity", "RadialScaleInteractivity\RadialScaleInteractivity.csproj", "{5BFD8206-9801-43D2-A45A-BF64C9215A51}"
EndProject
Project("{FAE04EC0-301F-11D3-BF4B-00C04F79EFBC}") = "RadialScaleSemiCircleGauge", "RadialScaleSemiCircleGauge\RadialScaleSemiCircleGauge.csproj", "{CCCE0416-2632-41E5-BEB8-77ADEC57B355}"
EndProject
Project("{FAE04EC0-301F-11D3-BF4B-00C04F79EFBC}") = "RadialScaleQuadrantStyleGauge", "RadialScaleQuadrantStyleGauge\RadialScaleQuadrantStyleGauge.csproj", "{6BFED67F-B871-4433-9F32-8C88E3017718}"
EndProject
Project("{FAE04EC0-301F-11D3-BF4B-00C04F79EFBC}") = "LinearScaleOverview", "LinearScaleOverview\LinearScaleOverview.csproj", "{00646426-D09D-4418-AF66-7034F71BEAD9}"
EndProject
Project("{FAE04EC0-301F-11D3-BF4B-00C04F79EFBC}") = "LinearScaleTickMarks", "LinearScaleTickMarks\LinearScaleTickMarks.csproj", "{6E3F6E74-5570-4D92-80BD-4699C762CC41}"
EndProject
Project("{FAE04EC0-301F-11D3-BF4B-00C04F79EFBC}") = "LinearScaleTickMarksCustomTickMarks", "LinearScaleTickMarksCustomTickMarks\LinearScaleTickMarksCustomTickMarks.csproj", "{233A60E4-70B9-42A1-9280-4C6401D6BB1C}"
EndProject
Project("{FAE04EC0-301F-11D3-BF4B-00C04F79EFBC}") = "LinearScaleLabels", "LinearScaleLabels\LinearScaleLabels.csproj", "{64FFD98E-FCB1-4AB9-9DBA-9F9D715A2212}"
EndProject
Project("{FAE04EC0-301F-11D3-BF4B-00C04F79EFBC}") = "LinearScaleBarIndicator", "LinearScaleBarIndicator\LinearScaleBarIndicator.csproj", "{FA9ABC8F-36F3-4F68-9A3E-295C004243BF}"
EndProject
Project("{FAE04EC0-301F-11D3-BF4B-00C04F79EFBC}") = "LinearScaleMarker", "LinearScaleMarker\LinearScaleMarker.csproj", "{30067E45-788B-47F6-BF00-2205B99C2FB0}"
EndProject
Project("{FAE04EC0-301F-11D3-BF4B-00C04F79EFBC}") = "LinearScaleStateIndicator", "LinearScaleStateIndicator\LinearScaleStateIndicator.csproj", "{77D14EF6-A650-4E87-B1BF-B929583F5783}"
EndProject
Project("{FAE04EC0-301F-11D3-BF4B-00C04F79EFBC}") = "LinearScaleNumericIndicator", "LinearScaleNumericIndicator\LinearScaleNumericIndicator.csproj", "{A0428C78-BB99-4099-9A4A-DBFDCBAB1E45}"
EndProject
Project("{FAE04EC0-301F-11D3-BF4B-00C04F79EFBC}") = "LinearScaleInteractivity", "LinearScaleInteractivity\LinearScaleInteractivity.csproj", "{0A74599F-F27B-42F3-B04E-FB55BAFD52CE}"
EndProject
Project("{FAE04EC0-301F-11D3-BF4B-00C04F79EFBC}") = "NumericScaleOverview", "NumericScaleOverview\NumericScaleOverview.csproj", "{F13CF6D8-8529-4D8F-BBA0-3BE2455805DC}"
EndProject
Project("{FAE04EC0-301F-11D3-BF4B-00C04F79EFBC}") = "NumericScaleNumericIndicator", "NumericScaleNumericIndicator\NumericScaleNumericIndicator.csproj", "{BA263B4E-76F9-45B9-A398-E0E2D2D86EC9}"
EndProject
Project("{FAE04EC0-301F-11D3-BF4B-00C04F79EFBC}") = "NumericScaleStateIndicator", "NumericScaleStateIndicator\NumericScaleStateIndicator.csproj", "{2A9D73D5-A15B-4FDA-911E-DD1F927C5C9A}"
EndProject
Project("{FAE04EC0-301F-11D3-BF4B-00C04F79EFBC}") = "HowToCreateThermometer", "HowToCreateThermometer\HowToCreateThermometer.csproj", "{E7A72F3B-B49B-44AE-A957-9401AF88891A}"
EndProject
Project("{FAE04EC0-301F-11D3-BF4B-00C04F79EFBC}") = "HowToCreateCompass", "HowToCreateCompass\HowToCreateCompass.csproj", "{FC7305A9-3F0A-47EB-A728-99EC32A4C35F}"
EndProject
Global
	 
	GlobalSection(SolutionConfigurationPlatforms) = preSolution
		Debug|Any CPU = Debug|Any CPU
		Release|Any CPU = Release|Any CPU
	EndGlobalSection
	GlobalSection(ProjectConfigurationPlatforms) = postSolution
		{B0F2F264-45B0-47F6-9E1C-C3A33230D466}.Debug|Any CPU.ActiveCfg = Debug|Any CPU
		{B0F2F264-45B0-47F6-9E1C-C3A33230D466}.Debug|Any CPU.Build.0 = Debug|Any CPU
		{B0F2F264-45B0-47F6-9E1C-C3A33230D466}.Release|Any CPU.ActiveCfg = Release|Any CPU
		{B0F2F264-45B0-47F6-9E1C-C3A33230D466}.Release|Any CPU.Build.0 = Release|Any CPU
		{CC8EE4F9-AC78-41D3-B442-10BD628D5E6F}.Debug|Any CPU.ActiveCfg = Debug|Any CPU
		{CC8EE4F9-AC78-41D3-B442-10BD628D5E6F}.Debug|Any CPU.Build.0 = Debug|Any CPU
		{CC8EE4F9-AC78-41D3-B442-10BD628D5E6F}.Release|Any CPU.ActiveCfg = Release|Any CPU
		{CC8EE4F9-AC78-41D3-B442-10BD628D5E6F}.Release|Any CPU.Build.0 = Release|Any CPU
		{660CF117-EFF2-40BE-9109-B826459B937C}.Debug|Any CPU.ActiveCfg = Debug|Any CPU
		{660CF117-EFF2-40BE-9109-B826459B937C}.Debug|Any CPU.Build.0 = Debug|Any CPU
		{660CF117-EFF2-40BE-9109-B826459B937C}.Release|Any CPU.ActiveCfg = Release|Any CPU
		{660CF117-EFF2-40BE-9109-B826459B937C}.Release|Any CPU.Build.0 = Release|Any CPU
		{C29AB6C9-DED3-4678-B265-CA2559EE9DEC}.Debug|Any CPU.ActiveCfg = Debug|Any CPU
		{C29AB6C9-DED3-4678-B265-CA2559EE9DEC}.Debug|Any CPU.Build.0 = Debug|Any CPU
		{C29AB6C9-DED3-4678-B265-CA2559EE9DEC}.Release|Any CPU.ActiveCfg = Release|Any CPU
		{C29AB6C9-DED3-4678-B265-CA2559EE9DEC}.Release|Any CPU.Build.0 = Release|Any CPU
		{3C0D6B02-5DC6-48AF-AFC0-88E4CF293897}.Debug|Any CPU.ActiveCfg = Debug|Any CPU
		{3C0D6B02-5DC6-48AF-AFC0-88E4CF293897}.Debug|Any CPU.Build.0 = Debug|Any CPU
		{3C0D6B02-5DC6-48AF-AFC0-88E4CF293897}.Release|Any CPU.ActiveCfg = Release|Any CPU
		{3C0D6B02-5DC6-48AF-AFC0-88E4CF293897}.Release|Any CPU.Build.0 = Release|Any CPU
		{947C3F17-F5D4-483E-9F38-4614DCD9E197}.Debug|Any CPU.ActiveCfg = Debug|Any CPU
		{947C3F17-F5D4-483E-9F38-4614DCD9E197}.Debug|Any CPU.Build.0 = Debug|Any CPU
		{947C3F17-F5D4-483E-9F38-4614DCD9E197}.Release|Any CPU.ActiveCfg = Release|Any CPU
		{947C3F17-F5D4-483E-9F38-4614DCD9E197}.Release|Any CPU.Build.0 = Release|Any CPU
		{1E351740-C7E9-46E8-AF8A-896C416E179C}.Debug|Any CPU.ActiveCfg = Debug|Any CPU
		{1E351740-C7E9-46E8-AF8A-896C416E179C}.Debug|Any CPU.Build.0 = Debug|Any CPU
		{1E351740-C7E9-46E8-AF8A-896C416E179C}.Release|Any CPU.ActiveCfg = Release|Any CPU
		{1E351740-C7E9-46E8-AF8A-896C416E179C}.Release|Any CPU.Build.0 = Release|Any CPU
		{60E414E8-5AE5-4F9C-B591-6503BAEA9637}.Debug|Any CPU.ActiveCfg = Debug|Any CPU
		{60E414E8-5AE5-4F9C-B591-6503BAEA9637}.Debug|Any CPU.Build.0 = Debug|Any CPU
		{60E414E8-5AE5-4F9C-B591-6503BAEA9637}.Release|Any CPU.ActiveCfg = Release|Any CPU
		{60E414E8-5AE5-4F9C-B591-6503BAEA9637}.Release|Any CPU.Build.0 = Release|Any CPU
		{C3987258-504B-4DDD-96C3-A0CA3F0B6F8C}.Debug|Any CPU.ActiveCfg = Debug|Any CPU
		{C3987258-504B-4DDD-96C3-A0CA3F0B6F8C}.Debug|Any CPU.Build.0 = Debug|Any CPU
		{C3987258-504B-4DDD-96C3-A0CA3F0B6F8C}.Release|Any CPU.ActiveCfg = Release|Any CPU
		{C3987258-504B-4DDD-96C3-A0CA3F0B6F8C}.Release|Any CPU.Build.0 = Release|Any CPU
		{89D72A51-7BFD-46AE-8585-CF9E3A2F8524}.Debug|Any CPU.ActiveCfg = Debug|Any CPU
		{89D72A51-7BFD-46AE-8585-CF9E3A2F8524}.Debug|Any CPU.Build.0 = Debug|Any CPU
		{89D72A51-7BFD-46AE-8585-CF9E3A2F8524}.Release|Any CPU.ActiveCfg = Release|Any CPU
		{89D72A51-7BFD-46AE-8585-CF9E3A2F8524}.Release|Any CPU.Build.0 = Release|Any CPU
		{4BF2203C-BC3B-43FA-BCED-0A5E386E03E1}.Debug|Any CPU.ActiveCfg = Debug|Any CPU
		{4BF2203C-BC3B-43FA-BCED-0A5E386E03E1}.Debug|Any CPU.Build.0 = Debug|Any CPU
		{4BF2203C-BC3B-43FA-BCED-0A5E386E03E1}.Release|Any CPU.ActiveCfg = Release|Any CPU
		{4BF2203C-BC3B-43FA-BCED-0A5E386E03E1}.Release|Any CPU.Build.0 = Release|Any CPU
		{3F1E25A2-ACCB-4E3F-9ABD-C119B6D84851}.Debug|Any CPU.ActiveCfg = Debug|Any CPU
		{3F1E25A2-ACCB-4E3F-9ABD-C119B6D84851}.Debug|Any CPU.Build.0 = Debug|Any CPU
		{3F1E25A2-ACCB-4E3F-9ABD-C119B6D84851}.Release|Any CPU.ActiveCfg = Release|Any CPU
		{3F1E25A2-ACCB-4E3F-9ABD-C119B6D84851}.Release|Any CPU.Build.0 = Release|Any CPU
		{F9D65E8D-702C-406D-AD8B-690170D604CF}.Debug|Any CPU.ActiveCfg = Debug|Any CPU
		{F9D65E8D-702C-406D-AD8B-690170D604CF}.Debug|Any CPU.Build.0 = Debug|Any CPU
		{F9D65E8D-702C-406D-AD8B-690170D604CF}.Release|Any CPU.ActiveCfg = Release|Any CPU
		{F9D65E8D-702C-406D-AD8B-690170D604CF}.Release|Any CPU.Build.0 = Release|Any CPU
		{D5EE2D59-88D2-4BC6-AEC3-5E43F925D500}.Debug|Any CPU.ActiveCfg = Debug|Any CPU
		{D5EE2D59-88D2-4BC6-AEC3-5E43F925D500}.Debug|Any CPU.Build.0 = Debug|Any CPU
		{D5EE2D59-88D2-4BC6-AEC3-5E43F925D500}.Release|Any CPU.ActiveCfg = Release|Any CPU
		{D5EE2D59-88D2-4BC6-AEC3-5E43F925D500}.Release|Any CPU.Build.0 = Release|Any CPU
		{5B8C499A-E560-41E6-8F88-A93DEBEF8464}.Debug|Any CPU.ActiveCfg = Debug|Any CPU
		{5B8C499A-E560-41E6-8F88-A93DEBEF8464}.Debug|Any CPU.Build.0 = Debug|Any CPU
		{5B8C499A-E560-41E6-8F88-A93DEBEF8464}.Release|Any CPU.ActiveCfg = Release|Any CPU
		{5B8C499A-E560-41E6-8F88-A93DEBEF8464}.Release|Any CPU.Build.0 = Release|Any CPU
		{8AFD1427-1C30-464F-BEC2-9B7E495B9B23}.Debug|Any CPU.ActiveCfg = Debug|Any CPU
		{8AFD1427-1C30-464F-BEC2-9B7E495B9B23}.Debug|Any CPU.Build.0 = Debug|Any CPU
		{8AFD1427-1C30-464F-BEC2-9B7E495B9B23}.Release|Any CPU.ActiveCfg = Release|Any CPU
		{8AFD1427-1C30-464F-BEC2-9B7E495B9B23}.Release|Any CPU.Build.0 = Release|Any CPU
		{37CAD71D-EDC7-4F2F-A3C7-DE624112EFB4}.Debug|Any CPU.ActiveCfg = Debug|Any CPU
		{37CAD71D-EDC7-4F2F-A3C7-DE624112EFB4}.Debug|Any CPU.Build.0 = Debug|Any CPU
		{37CAD71D-EDC7-4F2F-A3C7-DE624112EFB4}.Release|Any CPU.ActiveCfg = Release|Any CPU
		{37CAD71D-EDC7-4F2F-A3C7-DE624112EFB4}.Release|Any CPU.Build.0 = Release|Any CPU
		{58ED849B-556B-4973-908B-56B5082BDE1A}.Debug|Any CPU.ActiveCfg = Debug|Any CPU
		{58ED849B-556B-4973-908B-56B5082BDE1A}.Debug|Any CPU.Build.0 = Debug|Any CPU
		{58ED849B-556B-4973-908B-56B5082BDE1A}.Release|Any CPU.ActiveCfg = Release|Any CPU
		{58ED849B-556B-4973-908B-56B5082BDE1A}.Release|Any CPU.Build.0 = Release|Any CPU
		{C1AFC6D1-D249-4B13-B629-E8DBDE90F597}.Debug|Any CPU.ActiveCfg = Debug|Any CPU
		{C1AFC6D1-D249-4B13-B629-E8DBDE90F597}.Debug|Any CPU.Build.0 = Debug|Any CPU
		{C1AFC6D1-D249-4B13-B629-E8DBDE90F597}.Release|Any CPU.ActiveCfg = Release|Any CPU
		{C1AFC6D1-D249-4B13-B629-E8DBDE90F597}.Release|Any CPU.Build.0 = Release|Any CPU
		{795BD4CF-6290-496A-AFB3-97976F969F9B}.Debug|Any CPU.ActiveCfg = Debug|Any CPU
		{795BD4CF-6290-496A-AFB3-97976F969F9B}.Debug|Any CPU.Build.0 = Debug|Any CPU
		{795BD4CF-6290-496A-AFB3-97976F969F9B}.Release|Any CPU.ActiveCfg = Release|Any CPU
		{795BD4CF-6290-496A-AFB3-97976F969F9B}.Release|Any CPU.Build.0 = Release|Any CPU
		{11EC5C54-A1D6-4A21-9C13-32D8891A7195}.Debug|Any CPU.ActiveCfg = Debug|Any CPU
		{11EC5C54-A1D6-4A21-9C13-32D8891A7195}.Debug|Any CPU.Build.0 = Debug|Any CPU
		{11EC5C54-A1D6-4A21-9C13-32D8891A7195}.Release|Any CPU.ActiveCfg = Release|Any CPU
		{11EC5C54-A1D6-4A21-9C13-32D8891A7195}.Release|Any CPU.Build.0 = Release|Any CPU
		{D1C41C07-69E8-4561-A6FC-CBA5AD7505F8}.Debug|Any CPU.ActiveCfg = Debug|Any CPU
		{D1C41C07-69E8-4561-A6FC-CBA5AD7505F8}.Debug|Any CPU.Build.0 = Debug|Any CPU
		{D1C41C07-69E8-4561-A6FC-CBA5AD7505F8}.Release|Any CPU.ActiveCfg = Release|Any CPU
		{D1C41C07-69E8-4561-A6FC-CBA5AD7505F8}.Release|Any CPU.Build.0 = Release|Any CPU
		{15254D72-97F4-4906-9254-EE7A0B7A46F2}.Debug|Any CPU.ActiveCfg = Debug|Any CPU
		{15254D72-97F4-4906-9254-EE7A0B7A46F2}.Debug|Any CPU.Build.0 = Debug|Any CPU
		{15254D72-97F4-4906-9254-EE7A0B7A46F2}.Release|Any CPU.ActiveCfg = Release|Any CPU
		{15254D72-97F4-4906-9254-EE7A0B7A46F2}.Release|Any CPU.Build.0 = Release|Any CPU
		{5CE43AAC-4B40-44A6-9C74-FA4A351BC0D5}.Debug|Any CPU.ActiveCfg = Debug|Any CPU
		{5CE43AAC-4B40-44A6-9C74-FA4A351BC0D5}.Debug|Any CPU.Build.0 = Debug|Any CPU
		{5CE43AAC-4B40-44A6-9C74-FA4A351BC0D5}.Release|Any CPU.ActiveCfg = Release|Any CPU
		{5CE43AAC-4B40-44A6-9C74-FA4A351BC0D5}.Release|Any CPU.Build.0 = Release|Any CPU
		{AB06FF2D-A30C-4BCF-B82B-1FD7C4BAEE87}.Debug|Any CPU.ActiveCfg = Debug|Any CPU
		{AB06FF2D-A30C-4BCF-B82B-1FD7C4BAEE87}.Debug|Any CPU.Build.0 = Debug|Any CPU
		{AB06FF2D-A30C-4BCF-B82B-1FD7C4BAEE87}.Release|Any CPU.ActiveCfg = Release|Any CPU
		{AB06FF2D-A30C-4BCF-B82B-1FD7C4BAEE87}.Release|Any CPU.Build.0 = Release|Any CPU
		{62A3FE10-37ED-4149-96A0-05C609EBF18E}.Debug|Any CPU.ActiveCfg = Debug|Any CPU
		{62A3FE10-37ED-4149-96A0-05C609EBF18E}.Debug|Any CPU.Build.0 = Debug|Any CPU
		{62A3FE10-37ED-4149-96A0-05C609EBF18E}.Release|Any CPU.ActiveCfg = Release|Any CPU
		{62A3FE10-37ED-4149-96A0-05C609EBF18E}.Release|Any CPU.Build.0 = Release|Any CPU
		{4A617DEB-C0CD-4D21-BD26-122B597F01C5}.Debug|Any CPU.ActiveCfg = Debug|Any CPU
		{4A617DEB-C0CD-4D21-BD26-122B597F01C5}.Debug|Any CPU.Build.0 = Debug|Any CPU
		{4A617DEB-C0CD-4D21-BD26-122B597F01C5}.Release|Any CPU.ActiveCfg = Release|Any CPU
		{4A617DEB-C0CD-4D21-BD26-122B597F01C5}.Release|Any CPU.Build.0 = Release|Any CPU
		{DFC3E51F-6EB3-4D8B-808D-9FE4A7CA2B9F}.Debug|Any CPU.ActiveCfg = Debug|Any CPU
		{DFC3E51F-6EB3-4D8B-808D-9FE4A7CA2B9F}.Debug|Any CPU.Build.0 = Debug|Any CPU
		{DFC3E51F-6EB3-4D8B-808D-9FE4A7CA2B9F}.Release|Any CPU.ActiveCfg = Release|Any CPU
		{DFC3E51F-6EB3-4D8B-808D-9FE4A7CA2B9F}.Release|Any CPU.Build.0 = Release|Any CPU
		{8F946BC6-18E7-451D-BCD6-38371EDCF1F3}.Debug|Any CPU.ActiveCfg = Debug|Any CPU
		{8F946BC6-18E7-451D-BCD6-38371EDCF1F3}.Debug|Any CPU.Build.0 = Debug|Any CPU
		{8F946BC6-18E7-451D-BCD6-38371EDCF1F3}.Release|Any CPU.ActiveCfg = Release|Any CPU
		{8F946BC6-18E7-451D-BCD6-38371EDCF1F3}.Release|Any CPU.Build.0 = Release|Any CPU
		{D1BEE369-3A08-4F52-BECC-6CAFDE45B653}.Debug|Any CPU.ActiveCfg = Debug|Any CPU
		{D1BEE369-3A08-4F52-BECC-6CAFDE45B653}.Debug|Any CPU.Build.0 = Debug|Any CPU
		{D1BEE369-3A08-4F52-BECC-6CAFDE45B653}.Release|Any CPU.ActiveCfg = Release|Any CPU
		{D1BEE369-3A08-4F52-BECC-6CAFDE45B653}.Release|Any CPU.Build.0 = Release|Any CPU
		{01D3677C-7A12-4FFB-9368-30EE5DC3D410}.Debug|Any CPU.ActiveCfg = Debug|Any CPU
		{01D3677C-7A12-4FFB-9368-30EE5DC3D410}.Debug|Any CPU.Build.0 = Debug|Any CPU
		{01D3677C-7A12-4FFB-9368-30EE5DC3D410}.Release|Any CPU.ActiveCfg = Release|Any CPU
		{01D3677C-7A12-4FFB-9368-30EE5DC3D410}.Release|Any CPU.Build.0 = Release|Any CPU
		{843FD70B-445C-4834-8BAF-AB017A6B40D6}.Debug|Any CPU.ActiveCfg = Debug|Any CPU
		{843FD70B-445C-4834-8BAF-AB017A6B40D6}.Debug|Any CPU.Build.0 = Debug|Any CPU
		{843FD70B-445C-4834-8BAF-AB017A6B40D6}.Release|Any CPU.ActiveCfg = Release|Any CPU
		{843FD70B-445C-4834-8BAF-AB017A6B40D6}.Release|Any CPU.Build.0 = Release|Any CPU
		{26345D4B-8D64-4153-8344-C729432AEB72}.Debug|Any CPU.ActiveCfg = Debug|Any CPU
		{26345D4B-8D64-4153-8344-C729432AEB72}.Debug|Any CPU.Build.0 = Debug|Any CPU
		{26345D4B-8D64-4153-8344-C729432AEB72}.Release|Any CPU.ActiveCfg = Release|Any CPU
		{26345D4B-8D64-4153-8344-C729432AEB72}.Release|Any CPU.Build.0 = Release|Any CPU
		{A87CAB50-A19E-4524-894E-F462B90C0FFC}.Debug|Any CPU.ActiveCfg = Debug|Any CPU
		{A87CAB50-A19E-4524-894E-F462B90C0FFC}.Debug|Any CPU.Build.0 = Debug|Any CPU
		{A87CAB50-A19E-4524-894E-F462B90C0FFC}.Release|Any CPU.ActiveCfg = Release|Any CPU
		{A87CAB50-A19E-4524-894E-F462B90C0FFC}.Release|Any CPU.Build.0 = Release|Any CPU
		{88BAA339-9A87-44E8-8FC7-DBB5FB333F31}.Debug|Any CPU.ActiveCfg = Debug|Any CPU
		{88BAA339-9A87-44E8-8FC7-DBB5FB333F31}.Debug|Any CPU.Build.0 = Debug|Any CPU
		{88BAA339-9A87-44E8-8FC7-DBB5FB333F31}.Release|Any CPU.ActiveCfg = Release|Any CPU
		{88BAA339-9A87-44E8-8FC7-DBB5FB333F31}.Release|Any CPU.Build.0 = Release|Any CPU
		{E847DBEC-9E94-43CA-9B1C-DF523E998579}.Debug|Any CPU.ActiveCfg = Debug|Any CPU
		{E847DBEC-9E94-43CA-9B1C-DF523E998579}.Debug|Any CPU.Build.0 = Debug|Any CPU
		{E847DBEC-9E94-43CA-9B1C-DF523E998579}.Release|Any CPU.ActiveCfg = Release|Any CPU
		{E847DBEC-9E94-43CA-9B1C-DF523E998579}.Release|Any CPU.Build.0 = Release|Any CPU
		{207A5864-C4FC-421E-9BCD-8CB91C3E9BAA}.Debug|Any CPU.ActiveCfg = Debug|Any CPU
		{207A5864-C4FC-421E-9BCD-8CB91C3E9BAA}.Debug|Any CPU.Build.0 = Debug|Any CPU
		{207A5864-C4FC-421E-9BCD-8CB91C3E9BAA}.Release|Any CPU.ActiveCfg = Release|Any CPU
		{207A5864-C4FC-421E-9BCD-8CB91C3E9BAA}.Release|Any CPU.Build.0 = Release|Any CPU
		{7F8EE766-F935-4A0A-905E-3856C7374B39}.Debug|Any CPU.ActiveCfg = Debug|Any CPU
		{7F8EE766-F935-4A0A-905E-3856C7374B39}.Debug|Any CPU.Build.0 = Debug|Any CPU
		{7F8EE766-F935-4A0A-905E-3856C7374B39}.Release|Any CPU.ActiveCfg = Release|Any CPU
		{7F8EE766-F935-4A0A-905E-3856C7374B39}.Release|Any CPU.Build.0 = Release|Any CPU
		{E39F96E7-8153-4E41-B8C7-C94C784D1AF7}.Debug|Any CPU.ActiveCfg = Debug|Any CPU
		{E39F96E7-8153-4E41-B8C7-C94C784D1AF7}.Debug|Any CPU.Build.0 = Debug|Any CPU
		{E39F96E7-8153-4E41-B8C7-C94C784D1AF7}.Release|Any CPU.ActiveCfg = Release|Any CPU
		{E39F96E7-8153-4E41-B8C7-C94C784D1AF7}.Release|Any CPU.Build.0 = Release|Any CPU
		{1A2E5E46-9CD2-484B-A417-6533DBCD2B9C}.Debug|Any CPU.ActiveCfg = Debug|Any CPU
		{1A2E5E46-9CD2-484B-A417-6533DBCD2B9C}.Debug|Any CPU.Build.0 = Debug|Any CPU
		{1A2E5E46-9CD2-484B-A417-6533DBCD2B9C}.Release|Any CPU.ActiveCfg = Release|Any CPU
		{1A2E5E46-9CD2-484B-A417-6533DBCD2B9C}.Release|Any CPU.Build.0 = Release|Any CPU
		{B97FE140-1BA6-4D9C-9A8D-56071C4DFE7F}.Debug|Any CPU.ActiveCfg = Debug|Any CPU
		{B97FE140-1BA6-4D9C-9A8D-56071C4DFE7F}.Debug|Any CPU.Build.0 = Debug|Any CPU
		{B97FE140-1BA6-4D9C-9A8D-56071C4DFE7F}.Release|Any CPU.ActiveCfg = Release|Any CPU
		{B97FE140-1BA6-4D9C-9A8D-56071C4DFE7F}.Release|Any CPU.Build.0 = Release|Any CPU
		{064F3A19-B167-4CFB-9462-77735E07FD4F}.Debug|Any CPU.ActiveCfg = Debug|Any CPU
		{064F3A19-B167-4CFB-9462-77735E07FD4F}.Debug|Any CPU.Build.0 = Debug|Any CPU
		{064F3A19-B167-4CFB-9462-77735E07FD4F}.Release|Any CPU.ActiveCfg = Release|Any CPU
		{064F3A19-B167-4CFB-9462-77735E07FD4F}.Release|Any CPU.Build.0 = Release|Any CPU
		{AD8D767A-C8F4-4A48-972C-D75031A1EAA6}.Debug|Any CPU.ActiveCfg = Debug|Any CPU
		{AD8D767A-C8F4-4A48-972C-D75031A1EAA6}.Debug|Any CPU.Build.0 = Debug|Any CPU
		{AD8D767A-C8F4-4A48-972C-D75031A1EAA6}.Release|Any CPU.ActiveCfg = Release|Any CPU
		{AD8D767A-C8F4-4A48-972C-D75031A1EAA6}.Release|Any CPU.Build.0 = Release|Any CPU
		{3C479DF2-CA21-4F8E-9C11-4C362F836C42}.Debug|Any CPU.ActiveCfg = Debug|Any CPU
		{3C479DF2-CA21-4F8E-9C11-4C362F836C42}.Debug|Any CPU.Build.0 = Debug|Any CPU
		{3C479DF2-CA21-4F8E-9C11-4C362F836C42}.Release|Any CPU.ActiveCfg = Release|Any CPU
		{3C479DF2-CA21-4F8E-9C11-4C362F836C42}.Release|Any CPU.Build.0 = Release|Any CPU
		{B1552AF7-5145-4798-B00E-5F6214BF3AFB}.Debug|Any CPU.ActiveCfg = Debug|Any CPU
		{B1552AF7-5145-4798-B00E-5F6214BF3AFB}.Debug|Any CPU.Build.0 = Debug|Any CPU
		{B1552AF7-5145-4798-B00E-5F6214BF3AFB}.Release|Any CPU.ActiveCfg = Release|Any CPU
		{B1552AF7-5145-4798-B00E-5F6214BF3AFB}.Release|Any CPU.Build.0 = Release|Any CPU
		{625E8461-40A4-424E-80D0-641910C0F922}.Debug|Any CPU.ActiveCfg = Debug|Any CPU
		{625E8461-40A4-424E-80D0-641910C0F922}.Debug|Any CPU.Build.0 = Debug|Any CPU
		{625E8461-40A4-424E-80D0-641910C0F922}.Release|Any CPU.ActiveCfg = Release|Any CPU
		{625E8461-40A4-424E-80D0-641910C0F922}.Release|Any CPU.Build.0 = Release|Any CPU
		{AC31B63B-4790-4CBB-962D-7A282ED9E067}.Debug|Any CPU.ActiveCfg = Debug|Any CPU
		{AC31B63B-4790-4CBB-962D-7A282ED9E067}.Debug|Any CPU.Build.0 = Debug|Any CPU
		{AC31B63B-4790-4CBB-962D-7A282ED9E067}.Release|Any CPU.ActiveCfg = Release|Any CPU
		{AC31B63B-4790-4CBB-962D-7A282ED9E067}.Release|Any CPU.Build.0 = Release|Any CPU
		{06921DD1-374B-4800-951B-E35B3592FD4E}.Debug|Any CPU.ActiveCfg = Debug|Any CPU
		{06921DD1-374B-4800-951B-E35B3592FD4E}.Debug|Any CPU.Build.0 = Debug|Any CPU
		{06921DD1-374B-4800-951B-E35B3592FD4E}.Release|Any CPU.ActiveCfg = Release|Any CPU
		{06921DD1-374B-4800-951B-E35B3592FD4E}.Release|Any CPU.Build.0 = Release|Any CPU
		{2AC7A49F-A0CD-4278-8E25-034116B86D43}.Debug|Any CPU.ActiveCfg = Debug|Any CPU
		{2AC7A49F-A0CD-4278-8E25-034116B86D43}.Debug|Any CPU.Build.0 = Debug|Any CPU
		{2AC7A49F-A0CD-4278-8E25-034116B86D43}.Release|Any CPU.ActiveCfg = Release|Any CPU
		{2AC7A49F-A0CD-4278-8E25-034116B86D43}.Release|Any CPU.Build.0 = Release|Any CPU
		{F7539D13-825C-4500-A51B-D5CEFF6F9799}.Debug|Any CPU.ActiveCfg = Debug|Any CPU
		{F7539D13-825C-4500-A51B-D5CEFF6F9799}.Debug|Any CPU.Build.0 = Debug|Any CPU
		{F7539D13-825C-4500-A51B-D5CEFF6F9799}.Release|Any CPU.ActiveCfg = Release|Any CPU
		{F7539D13-825C-4500-A51B-D5CEFF6F9799}.Release|Any CPU.Build.0 = Release|Any CPU
		{053B9FC7-B65F-44A3-AB6A-46F02EDE6FC0}.Debug|Any CPU.ActiveCfg = Debug|Any CPU
		{053B9FC7-B65F-44A3-AB6A-46F02EDE6FC0}.Debug|Any CPU.Build.0 = Debug|Any CPU
		{053B9FC7-B65F-44A3-AB6A-46F02EDE6FC0}.Release|Any CPU.ActiveCfg = Release|Any CPU
		{053B9FC7-B65F-44A3-AB6A-46F02EDE6FC0}.Release|Any CPU.Build.0 = Release|Any CPU
		{21864F79-C6E8-4711-AD05-845EC8CE8031}.Debug|Any CPU.ActiveCfg = Debug|Any CPU
		{21864F79-C6E8-4711-AD05-845EC8CE8031}.Debug|Any CPU.Build.0 = Debug|Any CPU
		{21864F79-C6E8-4711-AD05-845EC8CE8031}.Release|Any CPU.ActiveCfg = Release|Any CPU
		{21864F79-C6E8-4711-AD05-845EC8CE8031}.Release|Any CPU.Build.0 = Release|Any CPU
		{4F84FA3E-FAEA-45FE-8C55-2D11F226F0B8}.Debug|Any CPU.ActiveCfg = Debug|Any CPU
		{4F84FA3E-FAEA-45FE-8C55-2D11F226F0B8}.Debug|Any CPU.Build.0 = Debug|Any CPU
		{4F84FA3E-FAEA-45FE-8C55-2D11F226F0B8}.Release|Any CPU.ActiveCfg = Release|Any CPU
		{4F84FA3E-FAEA-45FE-8C55-2D11F226F0B8}.Release|Any CPU.Build.0 = Release|Any CPU
		{994BF838-5B76-49FD-8DC3-BBADA2D94683}.Debug|Any CPU.ActiveCfg = Debug|Any CPU
		{994BF838-5B76-49FD-8DC3-BBADA2D94683}.Debug|Any CPU.Build.0 = Debug|Any CPU
		{994BF838-5B76-49FD-8DC3-BBADA2D94683}.Release|Any CPU.ActiveCfg = Release|Any CPU
		{994BF838-5B76-49FD-8DC3-BBADA2D94683}.Release|Any CPU.Build.0 = Release|Any CPU
		{58A175D0-4377-4C98-B8C6-98A1EA0323F9}.Debug|Any CPU.ActiveCfg = Debug|Any CPU
		{58A175D0-4377-4C98-B8C6-98A1EA0323F9}.Debug|Any CPU.Build.0 = Debug|Any CPU
		{58A175D0-4377-4C98-B8C6-98A1EA0323F9}.Release|Any CPU.ActiveCfg = Release|Any CPU
		{58A175D0-4377-4C98-B8C6-98A1EA0323F9}.Release|Any CPU.Build.0 = Release|Any CPU
		{8E59AACA-D276-474D-ADD3-7A9C4E58EAE8}.Debug|Any CPU.ActiveCfg = Debug|Any CPU
		{8E59AACA-D276-474D-ADD3-7A9C4E58EAE8}.Debug|Any CPU.Build.0 = Debug|Any CPU
		{8E59AACA-D276-474D-ADD3-7A9C4E58EAE8}.Release|Any CPU.ActiveCfg = Release|Any CPU
		{8E59AACA-D276-474D-ADD3-7A9C4E58EAE8}.Release|Any CPU.Build.0 = Release|Any CPU
		{3248AAF1-A4B4-4096-9827-0CAEAB28396A}.Debug|Any CPU.ActiveCfg = Debug|Any CPU
		{3248AAF1-A4B4-4096-9827-0CAEAB28396A}.Debug|Any CPU.Build.0 = Debug|Any CPU
		{3248AAF1-A4B4-4096-9827-0CAEAB28396A}.Release|Any CPU.ActiveCfg = Release|Any CPU
		{3248AAF1-A4B4-4096-9827-0CAEAB28396A}.Release|Any CPU.Build.0 = Release|Any CPU
		{5BFD8206-9801-43D2-A45A-BF64C9215A51}.Debug|Any CPU.ActiveCfg = Debug|Any CPU
		{5BFD8206-9801-43D2-A45A-BF64C9215A51}.Debug|Any CPU.Build.0 = Debug|Any CPU
		{5BFD8206-9801-43D2-A45A-BF64C9215A51}.Release|Any CPU.ActiveCfg = Release|Any CPU
		{5BFD8206-9801-43D2-A45A-BF64C9215A51}.Release|Any CPU.Build.0 = Release|Any CPU
		{CCCE0416-2632-41E5-BEB8-77ADEC57B355}.Debug|Any CPU.ActiveCfg = Debug|Any CPU
		{CCCE0416-2632-41E5-BEB8-77ADEC57B355}.Debug|Any CPU.Build.0 = Debug|Any CPU
		{CCCE0416-2632-41E5-BEB8-77ADEC57B355}.Release|Any CPU.ActiveCfg = Release|Any CPU
		{CCCE0416-2632-41E5-BEB8-77ADEC57B355}.Release|Any CPU.Build.0 = Release|Any CPU
		{6BFED67F-B871-4433-9F32-8C88E3017718}.Debug|Any CPU.ActiveCfg = Debug|Any CPU
		{6BFED67F-B871-4433-9F32-8C88E3017718}.Debug|Any CPU.Build.0 = Debug|Any CPU
		{6BFED67F-B871-4433-9F32-8C88E3017718}.Release|Any CPU.ActiveCfg = Release|Any CPU
		{6BFED67F-B871-4433-9F32-8C88E3017718}.Release|Any CPU.Build.0 = Release|Any CPU
		{00646426-D09D-4418-AF66-7034F71BEAD9}.Debug|Any CPU.ActiveCfg = Debug|Any CPU
		{00646426-D09D-4418-AF66-7034F71BEAD9}.Debug|Any CPU.Build.0 = Debug|Any CPU
		{00646426-D09D-4418-AF66-7034F71BEAD9}.Release|Any CPU.ActiveCfg = Release|Any CPU
		{00646426-D09D-4418-AF66-7034F71BEAD9}.Release|Any CPU.Build.0 = Release|Any CPU
		{6E3F6E74-5570-4D92-80BD-4699C762CC41}.Debug|Any CPU.ActiveCfg = Debug|Any CPU
		{6E3F6E74-5570-4D92-80BD-4699C762CC41}.Debug|Any CPU.Build.0 = Debug|Any CPU
		{6E3F6E74-5570-4D92-80BD-4699C762CC41}.Release|Any CPU.ActiveCfg = Release|Any CPU
		{6E3F6E74-5570-4D92-80BD-4699C762CC41}.Release|Any CPU.Build.0 = Release|Any CPU
		{233A60E4-70B9-42A1-9280-4C6401D6BB1C}.Debug|Any CPU.ActiveCfg = Debug|Any CPU
		{233A60E4-70B9-42A1-9280-4C6401D6BB1C}.Debug|Any CPU.Build.0 = Debug|Any CPU
		{233A60E4-70B9-42A1-9280-4C6401D6BB1C}.Release|Any CPU.ActiveCfg = Release|Any CPU
		{233A60E4-70B9-42A1-9280-4C6401D6BB1C}.Release|Any CPU.Build.0 = Release|Any CPU
		{64FFD98E-FCB1-4AB9-9DBA-9F9D715A2212}.Debug|Any CPU.ActiveCfg = Debug|Any CPU
		{64FFD98E-FCB1-4AB9-9DBA-9F9D715A2212}.Debug|Any CPU.Build.0 = Debug|Any CPU
		{64FFD98E-FCB1-4AB9-9DBA-9F9D715A2212}.Release|Any CPU.ActiveCfg = Release|Any CPU
		{64FFD98E-FCB1-4AB9-9DBA-9F9D715A2212}.Release|Any CPU.Build.0 = Release|Any CPU
		{FA9ABC8F-36F3-4F68-9A3E-295C004243BF}.Debug|Any CPU.ActiveCfg = Debug|Any CPU
		{FA9ABC8F-36F3-4F68-9A3E-295C004243BF}.Debug|Any CPU.Build.0 = Debug|Any CPU
		{FA9ABC8F-36F3-4F68-9A3E-295C004243BF}.Release|Any CPU.ActiveCfg = Release|Any CPU
		{FA9ABC8F-36F3-4F68-9A3E-295C004243BF}.Release|Any CPU.Build.0 = Release|Any CPU
		{30067E45-788B-47F6-BF00-2205B99C2FB0}.Debug|Any CPU.ActiveCfg = Debug|Any CPU
		{30067E45-788B-47F6-BF00-2205B99C2FB0}.Debug|Any CPU.Build.0 = Debug|Any CPU
		{30067E45-788B-47F6-BF00-2205B99C2FB0}.Release|Any CPU.ActiveCfg = Release|Any CPU
		{30067E45-788B-47F6-BF00-2205B99C2FB0}.Release|Any CPU.Build.0 = Release|Any CPU
		{77D14EF6-A650-4E87-B1BF-B929583F5783}.Debug|Any CPU.ActiveCfg = Debug|Any CPU
		{77D14EF6-A650-4E87-B1BF-B929583F5783}.Debug|Any CPU.Build.0 = Debug|Any CPU
		{77D14EF6-A650-4E87-B1BF-B929583F5783}.Release|Any CPU.ActiveCfg = Release|Any CPU
		{77D14EF6-A650-4E87-B1BF-B929583F5783}.Release|Any CPU.Build.0 = Release|Any CPU
		{A0428C78-BB99-4099-9A4A-DBFDCBAB1E45}.Debug|Any CPU.ActiveCfg = Debug|Any CPU
		{A0428C78-BB99-4099-9A4A-DBFDCBAB1E45}.Debug|Any CPU.Build.0 = Debug|Any CPU
		{A0428C78-BB99-4099-9A4A-DBFDCBAB1E45}.Release|Any CPU.ActiveCfg = Release|Any CPU
		{A0428C78-BB99-4099-9A4A-DBFDCBAB1E45}.Release|Any CPU.Build.0 = Release|Any CPU
		{0A74599F-F27B-42F3-B04E-FB55BAFD52CE}.Debug|Any CPU.ActiveCfg = Debug|Any CPU
		{0A74599F-F27B-42F3-B04E-FB55BAFD52CE}.Debug|Any CPU.Build.0 = Debug|Any CPU
		{0A74599F-F27B-42F3-B04E-FB55BAFD52CE}.Release|Any CPU.ActiveCfg = Release|Any CPU
		{0A74599F-F27B-42F3-B04E-FB55BAFD52CE}.Release|Any CPU.Build.0 = Release|Any CPU
		{F13CF6D8-8529-4D8F-BBA0-3BE2455805DC}.Debug|Any CPU.ActiveCfg = Debug|Any CPU
		{F13CF6D8-8529-4D8F-BBA0-3BE2455805DC}.Debug|Any CPU.Build.0 = Debug|Any CPU
		{F13CF6D8-8529-4D8F-BBA0-3BE2455805DC}.Release|Any CPU.ActiveCfg = Release|Any CPU
		{F13CF6D8-8529-4D8F-BBA0-3BE2455805DC}.Release|Any CPU.Build.0 = Release|Any CPU
		{BA263B4E-76F9-45B9-A398-E0E2D2D86EC9}.Debug|Any CPU.ActiveCfg = Debug|Any CPU
		{BA263B4E-76F9-45B9-A398-E0E2D2D86EC9}.Debug|Any CPU.Build.0 = Debug|Any CPU
		{BA263B4E-76F9-45B9-A398-E0E2D2D86EC9}.Release|Any CPU.ActiveCfg = Release|Any CPU
		{BA263B4E-76F9-45B9-A398-E0E2D2D86EC9}.Release|Any CPU.Build.0 = Release|Any CPU
		{2A9D73D5-A15B-4FDA-911E-DD1F927C5C9A}.Debug|Any CPU.ActiveCfg = Debug|Any CPU
		{2A9D73D5-A15B-4FDA-911E-DD1F927C5C9A}.Debug|Any CPU.Build.0 = Debug|Any CPU
		{2A9D73D5-A15B-4FDA-911E-DD1F927C5C9A}.Release|Any CPU.ActiveCfg = Release|Any CPU
		{2A9D73D5-A15B-4FDA-911E-DD1F927C5C9A}.Release|Any CPU.Build.0 = Release|Any CPU
		{E7A72F3B-B49B-44AE-A957-9401AF88891A}.Debug|Any CPU.ActiveCfg = Debug|Any CPU
		{E7A72F3B-B49B-44AE-A957-9401AF88891A}.Debug|Any CPU.Build.0 = Debug|Any CPU
		{E7A72F3B-B49B-44AE-A957-9401AF88891A}.Release|Any CPU.ActiveCfg = Release|Any CPU
		{E7A72F3B-B49B-44AE-A957-9401AF88891A}.Release|Any CPU.Build.0 = Release|Any CPU
		{FC7305A9-3F0A-47EB-A728-99EC32A4C35F}.Debug|Any CPU.ActiveCfg = Debug|Any CPU
		{FC7305A9-3F0A-47EB-A728-99EC32A4C35F}.Debug|Any CPU.Build.0 = Debug|Any CPU
		{FC7305A9-3F0A-47EB-A728-99EC32A4C35F}.Release|Any CPU.ActiveCfg = Release|Any CPU
		{FC7305A9-3F0A-47EB-A728-99EC32A4C35F}.Release|Any CPU.Build.0 = Release|Any CPU
	EndGlobalSection
	GlobalSection(SolutionProperties) = preSolution
		HideSolutionNode = FALSE
	EndGlobalSection
EndGlobal
