
Microsoft Visual Studio Solution File, Format Version 12.00
# Visual Studio 2012
Project("{FAE04EC0-301F-11D3-BF4B-00C04F79EFBC}") = "PanningWithoutUsingCtrl_SL", "PanningWithoutUsingCtrl\PanningWithoutUsingCtrl_SL.csproj", "{74518D76-5D22-4E8F-BA73-913C8BCFAA97}"
EndProject
Project("{FAE04EC0-301F-11D3-BF4B-00C04F79EFBC}") = "Layout_SL", "Layout\Layout_SL.csproj", "{0F709EAB-5EC6-485F-B101-7CAEABFFB665}"
EndProject
Project("{FAE04EC0-301F-11D3-BF4B-00C04F79EFBC}") = "CustomServices_SL", "CustomServices\CustomServices_SL.csproj", "{0C45F6ED-9BCC-43E6-9310-C29AF8804F89}"
EndProject
Project("{FAE04EC0-301F-11D3-BF4B-00C04F79EFBC}") = "ControlShape_SL", "ControlShape\ControlShape_SL.csproj", "{9834A5BB-85C2-446E-8E5E-58D76DCBA631}"
EndProject
Project("{FAE04EC0-301F-11D3-BF4B-00C04F79EFBC}") = "GlidingConnector_SL", "GlidingConnector\GlidingConnector_SL.csproj", "{FE23F95E-DD0B-4160-A3F6-8C7FA91E9E31}"
EndProject
Project("{FAE04EC0-301F-11D3-BF4B-00C04F79EFBC}") = "DockingIntegration_SL", "DockingIntegration\DockingIntegration_SL.csproj", "{E0C38A8B-9A69-404E-9268-6B820E79AC55}"
EndProject
Project("{FAE04EC0-301F-11D3-BF4B-00C04F79EFBC}") = "StyleSelectors_SL", "StyleSelectors\StyleSelectors_SL.csproj", "{B21A0629-3EA9-4E6F-8C75-21FA9CAA9CD0}"
EndProject
Project("{FAE04EC0-301F-11D3-BF4B-00C04F79EFBC}") = "MVVM_SL", "MVVM\MVVM_SL.csproj", "{810B449C-C9E2-4E3A-92D4-5BEFEDE5C744}"
EndProject
Project("{FAE04EC0-301F-11D3-BF4B-00C04F79EFBC}") = "CustomConnectors_SL", "CustomConnectors\CustomConnectors_SL.csproj", "{9993C49C-25A2-4157-9B3A-A8B15FE682BA}"
EndProject
Project("{FAE04EC0-301F-11D3-BF4B-00C04F79EFBC}") = "PascalTriangle_SL", "PascalTriangle\PascalTriangle_SL.csproj", "{2489C16D-ACB6-49E6-BB50-9051E3862F40}"
EndProject
Project("{FAE04EC0-301F-11D3-BF4B-00C04F79EFBC}") = "OrgChart_SL", "OrgChart\OrgChart_SL.csproj", "{31D20F2E-466B-414B-B950-99E961215F12}"
EndProject
Project("{FAE04EC0-301F-11D3-BF4B-00C04F79EFBC}") = "CustomSettingsPane_SL", "CustomSettingsPane\CustomSettingsPane_SL.csproj", "{D71374A8-BF41-46C2-B2BF-09BF055EC3E2}"
EndProject
Project("{FAE04EC0-301F-11D3-BF4B-00C04F79EFBC}") = "DiagramRibbonUI_SL", "DiagramRibbonUI\DiagramRibbonUI_SL.csproj", "{EB6C3442-04D4-4A27-961A-D1D8C7AF071C}"
EndProject
Project("{FAE04EC0-301F-11D3-BF4B-00C04F79EFBC}") = "DiagramDesignToolBox_SL", "DiagramToolBox\DiagramDesignToolBox_SL.csproj", "{6D486576-7B9B-4DDF-881A-DD9876B670D3}"
EndProject
Project("{FAE04EC0-301F-11D3-BF4B-00C04F79EFBC}") = "CustomToolboxDragDrop_SL", "CustomToolboxDragDrop\CustomToolboxDragDrop_SL.csproj", "{CA98B167-2D2E-435C-A48E-636CE302822E}"
EndProject
Project("{FAE04EC0-301F-11D3-BF4B-00C04F79EFBC}") = "CustomTools_SL", "CustomTools\CustomTools_SL.csproj", "{B5AF576C-83A5-4331-A6F3-B10B00D7EEF9}"
EndProject
Project("{FAE04EC0-301F-11D3-BF4B-00C04F79EFBC}") = "DiagramCustomPasteSL", "PasteOnMousePosition\DiagramCustomPasteSL.csproj", "{6312D6D5-5180-4587-85A6-896E67AE39B8}"
EndProject
Project("{FAE04EC0-301F-11D3-BF4B-00C04F79EFBC}") = "ExportToPDF_SL", "ExportToPDF\ExportToPDF_SL.csproj", "{0A04526A-95BF-48B9-810A-FECCD6619FB1}"
EndProject
Project("{FAE04EC0-301F-11D3-BF4B-00C04F79EFBC}") = "CustomConnectionCaps_SL", "CustomConnectionCaps\CustomConnectionCaps_SL.csproj", "{7825F2D3-4137-469C-896B-2277BA5B3C05}"
EndProject
Project("{FAE04EC0-301F-11D3-BF4B-00C04F79EFBC}") = "CustomConnectorsTool_SL", "CustomConnectorsTools\CustomConnectorsTool_SL.csproj", "{C3323E2C-62D2-44D9-8BD7-956634801284}"
EndProject
Project("{FAE04EC0-301F-11D3-BF4B-00C04F79EFBC}") = "MultipleRootsInSingleTreeLayout_SL", "MultipleRootsInSingleTreeLayout\MultipleRootsInSingleTreeLayout_SL.csproj", "{C85C23DB-CCCB-41ED-8D3B-E364A1BE50BF}"
EndProject
Global
	 
	GlobalSection(SolutionConfigurationPlatforms) = preSolution
		Debug|Any CPU = Debug|Any CPU
		Debug|Mixed Platforms = Debug|Mixed Platforms
		Debug|x86 = Debug|x86
		Release|Any CPU = Release|Any CPU
		Release|Mixed Platforms = Release|Mixed Platforms
		Release|x86 = Release|x86
	EndGlobalSection
	GlobalSection(ProjectConfigurationPlatforms) = postSolution
		{74518D76-5D22-4E8F-BA73-913C8BCFAA97}.Debug|Any CPU.ActiveCfg = Debug|Any CPU
		{74518D76-5D22-4E8F-BA73-913C8BCFAA97}.Debug|Any CPU.Build.0 = Debug|Any CPU
		{74518D76-5D22-4E8F-BA73-913C8BCFAA97}.Debug|Mixed Platforms.ActiveCfg = Debug|Any CPU
		{74518D76-5D22-4E8F-BA73-913C8BCFAA97}.Debug|Mixed Platforms.Build.0 = Debug|Any CPU
		{74518D76-5D22-4E8F-BA73-913C8BCFAA97}.Debug|x86.ActiveCfg = Debug|Any CPU
		{74518D76-5D22-4E8F-BA73-913C8BCFAA97}.Release|Any CPU.ActiveCfg = Release|Any CPU
		{74518D76-5D22-4E8F-BA73-913C8BCFAA97}.Release|Any CPU.Build.0 = Release|Any CPU
		{74518D76-5D22-4E8F-BA73-913C8BCFAA97}.Release|Mixed Platforms.ActiveCfg = Release|Any CPU
		{74518D76-5D22-4E8F-BA73-913C8BCFAA97}.Release|Mixed Platforms.Build.0 = Release|Any CPU
		{74518D76-5D22-4E8F-BA73-913C8BCFAA97}.Release|x86.ActiveCfg = Release|Any CPU
		{0F709EAB-5EC6-485F-B101-7CAEABFFB665}.Debug|Any CPU.ActiveCfg = Debug|Any CPU
		{0F709EAB-5EC6-485F-B101-7CAEABFFB665}.Debug|Any CPU.Build.0 = Debug|Any CPU
		{0F709EAB-5EC6-485F-B101-7CAEABFFB665}.Debug|Mixed Platforms.ActiveCfg = Debug|Any CPU
		{0F709EAB-5EC6-485F-B101-7CAEABFFB665}.Debug|Mixed Platforms.Build.0 = Debug|Any CPU
		{0F709EAB-5EC6-485F-B101-7CAEABFFB665}.Debug|x86.ActiveCfg = Debug|Any CPU
		{0F709EAB-5EC6-485F-B101-7CAEABFFB665}.Release|Any CPU.ActiveCfg = Release|Any CPU
		{0F709EAB-5EC6-485F-B101-7CAEABFFB665}.Release|Any CPU.Build.0 = Release|Any CPU
		{0F709EAB-5EC6-485F-B101-7CAEABFFB665}.Release|Mixed Platforms.ActiveCfg = Release|Any CPU
		{0F709EAB-5EC6-485F-B101-7CAEABFFB665}.Release|Mixed Platforms.Build.0 = Release|Any CPU
		{0F709EAB-5EC6-485F-B101-7CAEABFFB665}.Release|x86.ActiveCfg = Release|Any CPU
		{0C45F6ED-9BCC-43E6-9310-C29AF8804F89}.Debug|Any CPU.ActiveCfg = Debug|Any CPU
		{0C45F6ED-9BCC-43E6-9310-C29AF8804F89}.Debug|Any CPU.Build.0 = Debug|Any CPU
		{0C45F6ED-9BCC-43E6-9310-C29AF8804F89}.Debug|Mixed Platforms.ActiveCfg = Debug|Any CPU
		{0C45F6ED-9BCC-43E6-9310-C29AF8804F89}.Debug|Mixed Platforms.Build.0 = Debug|Any CPU
		{0C45F6ED-9BCC-43E6-9310-C29AF8804F89}.Debug|x86.ActiveCfg = Debug|Any CPU
		{0C45F6ED-9BCC-43E6-9310-C29AF8804F89}.Release|Any CPU.ActiveCfg = Release|Any CPU
		{0C45F6ED-9BCC-43E6-9310-C29AF8804F89}.Release|Any CPU.Build.0 = Release|Any CPU
		{0C45F6ED-9BCC-43E6-9310-C29AF8804F89}.Release|Mixed Platforms.ActiveCfg = Release|Any CPU
		{0C45F6ED-9BCC-43E6-9310-C29AF8804F89}.Release|Mixed Platforms.Build.0 = Release|Any CPU
		{0C45F6ED-9BCC-43E6-9310-C29AF8804F89}.Release|x86.ActiveCfg = Release|Any CPU
		{9834A5BB-85C2-446E-8E5E-58D76DCBA631}.Debug|Any CPU.ActiveCfg = Debug|Any CPU
		{9834A5BB-85C2-446E-8E5E-58D76DCBA631}.Debug|Any CPU.Build.0 = Debug|Any CPU
		{9834A5BB-85C2-446E-8E5E-58D76DCBA631}.Debug|Mixed Platforms.ActiveCfg = Debug|Any CPU
		{9834A5BB-85C2-446E-8E5E-58D76DCBA631}.Debug|Mixed Platforms.Build.0 = Debug|Any CPU
		{9834A5BB-85C2-446E-8E5E-58D76DCBA631}.Debug|x86.ActiveCfg = Debug|Any CPU
		{9834A5BB-85C2-446E-8E5E-58D76DCBA631}.Release|Any CPU.ActiveCfg = Release|Any CPU
		{9834A5BB-85C2-446E-8E5E-58D76DCBA631}.Release|Any CPU.Build.0 = Release|Any CPU
		{9834A5BB-85C2-446E-8E5E-58D76DCBA631}.Release|Mixed Platforms.ActiveCfg = Release|Any CPU
		{9834A5BB-85C2-446E-8E5E-58D76DCBA631}.Release|Mixed Platforms.Build.0 = Release|Any CPU
		{9834A5BB-85C2-446E-8E5E-58D76DCBA631}.Release|x86.ActiveCfg = Release|Any CPU
		{FE23F95E-DD0B-4160-A3F6-8C7FA91E9E31}.Debug|Any CPU.ActiveCfg = Debug|Any CPU
		{FE23F95E-DD0B-4160-A3F6-8C7FA91E9E31}.Debug|Any CPU.Build.0 = Debug|Any CPU
		{FE23F95E-DD0B-4160-A3F6-8C7FA91E9E31}.Debug|Mixed Platforms.ActiveCfg = Debug|Any CPU
		{FE23F95E-DD0B-4160-A3F6-8C7FA91E9E31}.Debug|Mixed Platforms.Build.0 = Debug|Any CPU
		{FE23F95E-DD0B-4160-A3F6-8C7FA91E9E31}.Debug|x86.ActiveCfg = Debug|Any CPU
		{FE23F95E-DD0B-4160-A3F6-8C7FA91E9E31}.Release|Any CPU.ActiveCfg = Release|Any CPU
		{FE23F95E-DD0B-4160-A3F6-8C7FA91E9E31}.Release|Any CPU.Build.0 = Release|Any CPU
		{FE23F95E-DD0B-4160-A3F6-8C7FA91E9E31}.Release|Mixed Platforms.ActiveCfg = Release|Any CPU
		{FE23F95E-DD0B-4160-A3F6-8C7FA91E9E31}.Release|Mixed Platforms.Build.0 = Release|Any CPU
		{FE23F95E-DD0B-4160-A3F6-8C7FA91E9E31}.Release|x86.ActiveCfg = Release|Any CPU
		{E0C38A8B-9A69-404E-9268-6B820E79AC55}.Debug|Any CPU.ActiveCfg = Debug|Any CPU
		{E0C38A8B-9A69-404E-9268-6B820E79AC55}.Debug|Any CPU.Build.0 = Debug|Any CPU
		{E0C38A8B-9A69-404E-9268-6B820E79AC55}.Debug|Mixed Platforms.ActiveCfg = Debug|Any CPU
		{E0C38A8B-9A69-404E-9268-6B820E79AC55}.Debug|Mixed Platforms.Build.0 = Debug|Any CPU
		{E0C38A8B-9A69-404E-9268-6B820E79AC55}.Debug|x86.ActiveCfg = Debug|Any CPU
		{E0C38A8B-9A69-404E-9268-6B820E79AC55}.Release|Any CPU.ActiveCfg = Release|Any CPU
		{E0C38A8B-9A69-404E-9268-6B820E79AC55}.Release|Any CPU.Build.0 = Release|Any CPU
		{E0C38A8B-9A69-404E-9268-6B820E79AC55}.Release|Mixed Platforms.ActiveCfg = Release|Any CPU
		{E0C38A8B-9A69-404E-9268-6B820E79AC55}.Release|Mixed Platforms.Build.0 = Release|Any CPU
		{E0C38A8B-9A69-404E-9268-6B820E79AC55}.Release|x86.ActiveCfg = Release|Any CPU
		{B21A0629-3EA9-4E6F-8C75-21FA9CAA9CD0}.Debug|Any CPU.ActiveCfg = Debug|Any CPU
		{B21A0629-3EA9-4E6F-8C75-21FA9CAA9CD0}.Debug|Any CPU.Build.0 = Debug|Any CPU
		{B21A0629-3EA9-4E6F-8C75-21FA9CAA9CD0}.Debug|Mixed Platforms.ActiveCfg = Debug|Any CPU
		{B21A0629-3EA9-4E6F-8C75-21FA9CAA9CD0}.Debug|Mixed Platforms.Build.0 = Debug|Any CPU
		{B21A0629-3EA9-4E6F-8C75-21FA9CAA9CD0}.Debug|x86.ActiveCfg = Debug|Any CPU
		{B21A0629-3EA9-4E6F-8C75-21FA9CAA9CD0}.Release|Any CPU.ActiveCfg = Release|Any CPU
		{B21A0629-3EA9-4E6F-8C75-21FA9CAA9CD0}.Release|Any CPU.Build.0 = Release|Any CPU
		{B21A0629-3EA9-4E6F-8C75-21FA9CAA9CD0}.Release|Mixed Platforms.ActiveCfg = Release|Any CPU
		{B21A0629-3EA9-4E6F-8C75-21FA9CAA9CD0}.Release|Mixed Platforms.Build.0 = Release|Any CPU
		{B21A0629-3EA9-4E6F-8C75-21FA9CAA9CD0}.Release|x86.ActiveCfg = Release|Any CPU
		{810B449C-C9E2-4E3A-92D4-5BEFEDE5C744}.Debug|Any CPU.ActiveCfg = Debug|Any CPU
		{810B449C-C9E2-4E3A-92D4-5BEFEDE5C744}.Debug|Any CPU.Build.0 = Debug|Any CPU
		{810B449C-C9E2-4E3A-92D4-5BEFEDE5C744}.Debug|Mixed Platforms.ActiveCfg = Debug|Any CPU
		{810B449C-C9E2-4E3A-92D4-5BEFEDE5C744}.Debug|Mixed Platforms.Build.0 = Debug|Any CPU
		{810B449C-C9E2-4E3A-92D4-5BEFEDE5C744}.Debug|x86.ActiveCfg = Debug|Any CPU
		{810B449C-C9E2-4E3A-92D4-5BEFEDE5C744}.Release|Any CPU.ActiveCfg = Release|Any CPU
		{810B449C-C9E2-4E3A-92D4-5BEFEDE5C744}.Release|Any CPU.Build.0 = Release|Any CPU
		{810B449C-C9E2-4E3A-92D4-5BEFEDE5C744}.Release|Mixed Platforms.ActiveCfg = Release|Any CPU
		{810B449C-C9E2-4E3A-92D4-5BEFEDE5C744}.Release|Mixed Platforms.Build.0 = Release|Any CPU
		{810B449C-C9E2-4E3A-92D4-5BEFEDE5C744}.Release|x86.ActiveCfg = Release|Any CPU
		{9993C49C-25A2-4157-9B3A-A8B15FE682BA}.Debug|Any CPU.ActiveCfg = Debug|Any CPU
		{9993C49C-25A2-4157-9B3A-A8B15FE682BA}.Debug|Any CPU.Build.0 = Debug|Any CPU
		{9993C49C-25A2-4157-9B3A-A8B15FE682BA}.Debug|Mixed Platforms.ActiveCfg = Debug|Any CPU
		{9993C49C-25A2-4157-9B3A-A8B15FE682BA}.Debug|Mixed Platforms.Build.0 = Debug|Any CPU
		{9993C49C-25A2-4157-9B3A-A8B15FE682BA}.Debug|x86.ActiveCfg = Debug|Any CPU
		{9993C49C-25A2-4157-9B3A-A8B15FE682BA}.Release|Any CPU.ActiveCfg = Release|Any CPU
		{9993C49C-25A2-4157-9B3A-A8B15FE682BA}.Release|Any CPU.Build.0 = Release|Any CPU
		{9993C49C-25A2-4157-9B3A-A8B15FE682BA}.Release|Mixed Platforms.ActiveCfg = Release|Any CPU
		{9993C49C-25A2-4157-9B3A-A8B15FE682BA}.Release|Mixed Platforms.Build.0 = Release|Any CPU
		{9993C49C-25A2-4157-9B3A-A8B15FE682BA}.Release|x86.ActiveCfg = Release|Any CPU
		{2489C16D-ACB6-49E6-BB50-9051E3862F40}.Debug|Any CPU.ActiveCfg = Debug|Any CPU
		{2489C16D-ACB6-49E6-BB50-9051E3862F40}.Debug|Any CPU.Build.0 = Debug|Any CPU
		{2489C16D-ACB6-49E6-BB50-9051E3862F40}.Debug|Mixed Platforms.ActiveCfg = Debug|Any CPU
		{2489C16D-ACB6-49E6-BB50-9051E3862F40}.Debug|Mixed Platforms.Build.0 = Debug|Any CPU
		{2489C16D-ACB6-49E6-BB50-9051E3862F40}.Debug|x86.ActiveCfg = Debug|Any CPU
		{2489C16D-ACB6-49E6-BB50-9051E3862F40}.Release|Any CPU.ActiveCfg = Release|Any CPU
		{2489C16D-ACB6-49E6-BB50-9051E3862F40}.Release|Any CPU.Build.0 = Release|Any CPU
		{2489C16D-ACB6-49E6-BB50-9051E3862F40}.Release|Mixed Platforms.ActiveCfg = Release|Any CPU
		{2489C16D-ACB6-49E6-BB50-9051E3862F40}.Release|Mixed Platforms.Build.0 = Release|Any CPU
		{2489C16D-ACB6-49E6-BB50-9051E3862F40}.Release|x86.ActiveCfg = Release|Any CPU
		{31D20F2E-466B-414B-B950-99E961215F12}.Debug|Any CPU.ActiveCfg = Debug|Any CPU
		{31D20F2E-466B-414B-B950-99E961215F12}.Debug|Any CPU.Build.0 = Debug|Any CPU
		{31D20F2E-466B-414B-B950-99E961215F12}.Debug|Mixed Platforms.ActiveCfg = Debug|Any CPU
		{31D20F2E-466B-414B-B950-99E961215F12}.Debug|Mixed Platforms.Build.0 = Debug|Any CPU
		{31D20F2E-466B-414B-B950-99E961215F12}.Debug|x86.ActiveCfg = Debug|Any CPU
		{31D20F2E-466B-414B-B950-99E961215F12}.Release|Any CPU.ActiveCfg = Release|Any CPU
		{31D20F2E-466B-414B-B950-99E961215F12}.Release|Any CPU.Build.0 = Release|Any CPU
		{31D20F2E-466B-414B-B950-99E961215F12}.Release|Mixed Platforms.ActiveCfg = Release|Any CPU
		{31D20F2E-466B-414B-B950-99E961215F12}.Release|Mixed Platforms.Build.0 = Release|Any CPU
		{31D20F2E-466B-414B-B950-99E961215F12}.Release|x86.ActiveCfg = Release|Any CPU
		{D71374A8-BF41-46C2-B2BF-09BF055EC3E2}.Debug|Any CPU.ActiveCfg = Debug|Any CPU
		{D71374A8-BF41-46C2-B2BF-09BF055EC3E2}.Debug|Any CPU.Build.0 = Debug|Any CPU
		{D71374A8-BF41-46C2-B2BF-09BF055EC3E2}.Debug|Mixed Platforms.ActiveCfg = Debug|Any CPU
		{D71374A8-BF41-46C2-B2BF-09BF055EC3E2}.Debug|Mixed Platforms.Build.0 = Debug|Any CPU
		{D71374A8-BF41-46C2-B2BF-09BF055EC3E2}.Debug|x86.ActiveCfg = Debug|Any CPU
		{D71374A8-BF41-46C2-B2BF-09BF055EC3E2}.Release|Any CPU.ActiveCfg = Release|Any CPU
		{D71374A8-BF41-46C2-B2BF-09BF055EC3E2}.Release|Any CPU.Build.0 = Release|Any CPU
		{D71374A8-BF41-46C2-B2BF-09BF055EC3E2}.Release|Mixed Platforms.ActiveCfg = Release|Any CPU
		{D71374A8-BF41-46C2-B2BF-09BF055EC3E2}.Release|Mixed Platforms.Build.0 = Release|Any CPU
		{D71374A8-BF41-46C2-B2BF-09BF055EC3E2}.Release|x86.ActiveCfg = Release|Any CPU
		{EB6C3442-04D4-4A27-961A-D1D8C7AF071C}.Debug|Any CPU.ActiveCfg = Debug|Any CPU
		{EB6C3442-04D4-4A27-961A-D1D8C7AF071C}.Debug|Any CPU.Build.0 = Debug|Any CPU
		{EB6C3442-04D4-4A27-961A-D1D8C7AF071C}.Debug|Mixed Platforms.ActiveCfg = Debug|Any CPU
		{EB6C3442-04D4-4A27-961A-D1D8C7AF071C}.Debug|Mixed Platforms.Build.0 = Debug|Any CPU
		{EB6C3442-04D4-4A27-961A-D1D8C7AF071C}.Debug|x86.ActiveCfg = Debug|Any CPU
		{EB6C3442-04D4-4A27-961A-D1D8C7AF071C}.Release|Any CPU.ActiveCfg = Release|Any CPU
		{EB6C3442-04D4-4A27-961A-D1D8C7AF071C}.Release|Any CPU.Build.0 = Release|Any CPU
		{EB6C3442-04D4-4A27-961A-D1D8C7AF071C}.Release|Mixed Platforms.ActiveCfg = Release|Any CPU
		{EB6C3442-04D4-4A27-961A-D1D8C7AF071C}.Release|Mixed Platforms.Build.0 = Release|Any CPU
		{EB6C3442-04D4-4A27-961A-D1D8C7AF071C}.Release|x86.ActiveCfg = Release|Any CPU
		{6D486576-7B9B-4DDF-881A-DD9876B670D3}.Debug|Any CPU.ActiveCfg = Debug|Any CPU
		{6D486576-7B9B-4DDF-881A-DD9876B670D3}.Debug|Any CPU.Build.0 = Debug|Any CPU
		{6D486576-7B9B-4DDF-881A-DD9876B670D3}.Debug|Mixed Platforms.ActiveCfg = Debug|Any CPU
		{6D486576-7B9B-4DDF-881A-DD9876B670D3}.Debug|Mixed Platforms.Build.0 = Debug|Any CPU
		{6D486576-7B9B-4DDF-881A-DD9876B670D3}.Debug|x86.ActiveCfg = Debug|Any CPU
		{6D486576-7B9B-4DDF-881A-DD9876B670D3}.Release|Any CPU.ActiveCfg = Release|Any CPU
		{6D486576-7B9B-4DDF-881A-DD9876B670D3}.Release|Any CPU.Build.0 = Release|Any CPU
		{6D486576-7B9B-4DDF-881A-DD9876B670D3}.Release|Mixed Platforms.ActiveCfg = Release|Any CPU
		{6D486576-7B9B-4DDF-881A-DD9876B670D3}.Release|Mixed Platforms.Build.0 = Release|Any CPU
		{6D486576-7B9B-4DDF-881A-DD9876B670D3}.Release|x86.ActiveCfg = Release|Any CPU
		{CA98B167-2D2E-435C-A48E-636CE302822E}.Debug|Any CPU.ActiveCfg = Debug|Any CPU
		{CA98B167-2D2E-435C-A48E-636CE302822E}.Debug|Any CPU.Build.0 = Debug|Any CPU
		{CA98B167-2D2E-435C-A48E-636CE302822E}.Debug|Mixed Platforms.ActiveCfg = Debug|Any CPU
		{CA98B167-2D2E-435C-A48E-636CE302822E}.Debug|Mixed Platforms.Build.0 = Debug|Any CPU
		{CA98B167-2D2E-435C-A48E-636CE302822E}.Debug|x86.ActiveCfg = Debug|Any CPU
		{CA98B167-2D2E-435C-A48E-636CE302822E}.Release|Any CPU.ActiveCfg = Release|Any CPU
		{CA98B167-2D2E-435C-A48E-636CE302822E}.Release|Any CPU.Build.0 = Release|Any CPU
		{CA98B167-2D2E-435C-A48E-636CE302822E}.Release|Mixed Platforms.ActiveCfg = Release|Any CPU
		{CA98B167-2D2E-435C-A48E-636CE302822E}.Release|Mixed Platforms.Build.0 = Release|Any CPU
		{CA98B167-2D2E-435C-A48E-636CE302822E}.Release|x86.ActiveCfg = Release|Any CPU
		{B5AF576C-83A5-4331-A6F3-B10B00D7EEF9}.Debug|Any CPU.ActiveCfg = Debug|Any CPU
		{B5AF576C-83A5-4331-A6F3-B10B00D7EEF9}.Debug|Any CPU.Build.0 = Debug|Any CPU
		{B5AF576C-83A5-4331-A6F3-B10B00D7EEF9}.Debug|Mixed Platforms.ActiveCfg = Debug|Any CPU
		{B5AF576C-83A5-4331-A6F3-B10B00D7EEF9}.Debug|Mixed Platforms.Build.0 = Debug|Any CPU
		{B5AF576C-83A5-4331-A6F3-B10B00D7EEF9}.Debug|x86.ActiveCfg = Debug|Any CPU
		{B5AF576C-83A5-4331-A6F3-B10B00D7EEF9}.Release|Any CPU.ActiveCfg = Release|Any CPU
		{B5AF576C-83A5-4331-A6F3-B10B00D7EEF9}.Release|Any CPU.Build.0 = Release|Any CPU
		{B5AF576C-83A5-4331-A6F3-B10B00D7EEF9}.Release|Mixed Platforms.ActiveCfg = Release|Any CPU
		{B5AF576C-83A5-4331-A6F3-B10B00D7EEF9}.Release|Mixed Platforms.Build.0 = Release|Any CPU
		{B5AF576C-83A5-4331-A6F3-B10B00D7EEF9}.Release|x86.ActiveCfg = Release|Any CPU
		{6312D6D5-5180-4587-85A6-896E67AE39B8}.Debug|Any CPU.ActiveCfg = Debug|Any CPU
		{6312D6D5-5180-4587-85A6-896E67AE39B8}.Debug|Any CPU.Build.0 = Debug|Any CPU
		{6312D6D5-5180-4587-85A6-896E67AE39B8}.Debug|Mixed Platforms.ActiveCfg = Debug|Any CPU
		{6312D6D5-5180-4587-85A6-896E67AE39B8}.Debug|Mixed Platforms.Build.0 = Debug|Any CPU
		{6312D6D5-5180-4587-85A6-896E67AE39B8}.Debug|x86.ActiveCfg = Debug|Any CPU
		{6312D6D5-5180-4587-85A6-896E67AE39B8}.Release|Any CPU.ActiveCfg = Release|Any CPU
		{6312D6D5-5180-4587-85A6-896E67AE39B8}.Release|Any CPU.Build.0 = Release|Any CPU
		{6312D6D5-5180-4587-85A6-896E67AE39B8}.Release|Mixed Platforms.ActiveCfg = Release|Any CPU
		{6312D6D5-5180-4587-85A6-896E67AE39B8}.Release|Mixed Platforms.Build.0 = Release|Any CPU
		{6312D6D5-5180-4587-85A6-896E67AE39B8}.Release|x86.ActiveCfg = Release|Any CPU
		{0A04526A-95BF-48B9-810A-FECCD6619FB1}.Debug|Any CPU.ActiveCfg = Debug|Any CPU
		{0A04526A-95BF-48B9-810A-FECCD6619FB1}.Debug|Any CPU.Build.0 = Debug|Any CPU
		{0A04526A-95BF-48B9-810A-FECCD6619FB1}.Debug|Mixed Platforms.ActiveCfg = Debug|Any CPU
		{0A04526A-95BF-48B9-810A-FECCD6619FB1}.Debug|Mixed Platforms.Build.0 = Debug|Any CPU
		{0A04526A-95BF-48B9-810A-FECCD6619FB1}.Debug|x86.ActiveCfg = Debug|Any CPU
		{0A04526A-95BF-48B9-810A-FECCD6619FB1}.Release|Any CPU.ActiveCfg = Release|Any CPU
		{0A04526A-95BF-48B9-810A-FECCD6619FB1}.Release|Any CPU.Build.0 = Release|Any CPU
		{0A04526A-95BF-48B9-810A-FECCD6619FB1}.Release|Mixed Platforms.ActiveCfg = Release|Any CPU
		{0A04526A-95BF-48B9-810A-FECCD6619FB1}.Release|Mixed Platforms.Build.0 = Release|Any CPU
		{0A04526A-95BF-48B9-810A-FECCD6619FB1}.Release|x86.ActiveCfg = Release|Any CPU
		{7825F2D3-4137-469C-896B-2277BA5B3C05}.Debug|Any CPU.ActiveCfg = Debug|Any CPU
		{7825F2D3-4137-469C-896B-2277BA5B3C05}.Debug|Any CPU.Build.0 = Debug|Any CPU
		{7825F2D3-4137-469C-896B-2277BA5B3C05}.Debug|Mixed Platforms.ActiveCfg = Debug|Any CPU
		{7825F2D3-4137-469C-896B-2277BA5B3C05}.Debug|Mixed Platforms.Build.0 = Debug|Any CPU
		{7825F2D3-4137-469C-896B-2277BA5B3C05}.Debug|x86.ActiveCfg = Debug|Any CPU
		{7825F2D3-4137-469C-896B-2277BA5B3C05}.Release|Any CPU.ActiveCfg = Release|Any CPU
		{7825F2D3-4137-469C-896B-2277BA5B3C05}.Release|Any CPU.Build.0 = Release|Any CPU
		{7825F2D3-4137-469C-896B-2277BA5B3C05}.Release|Mixed Platforms.ActiveCfg = Release|Any CPU
		{7825F2D3-4137-469C-896B-2277BA5B3C05}.Release|Mixed Platforms.Build.0 = Release|Any CPU
		{7825F2D3-4137-469C-896B-2277BA5B3C05}.Release|x86.ActiveCfg = Release|Any CPU
		{C3323E2C-62D2-44D9-8BD7-956634801284}.Debug|Any CPU.ActiveCfg = Debug|Any CPU
		{C3323E2C-62D2-44D9-8BD7-956634801284}.Debug|Any CPU.Build.0 = Debug|Any CPU
		{C3323E2C-62D2-44D9-8BD7-956634801284}.Debug|Mixed Platforms.ActiveCfg = Debug|Any CPU
		{C3323E2C-62D2-44D9-8BD7-956634801284}.Debug|Mixed Platforms.Build.0 = Debug|Any CPU
		{C3323E2C-62D2-44D9-8BD7-956634801284}.Debug|x86.ActiveCfg = Debug|Any CPU
		{C3323E2C-62D2-44D9-8BD7-956634801284}.Release|Any CPU.ActiveCfg = Release|Any CPU
		{C3323E2C-62D2-44D9-8BD7-956634801284}.Release|Any CPU.Build.0 = Release|Any CPU
		{C3323E2C-62D2-44D9-8BD7-956634801284}.Release|Mixed Platforms.ActiveCfg = Release|Any CPU
		{C3323E2C-62D2-44D9-8BD7-956634801284}.Release|Mixed Platforms.Build.0 = Release|Any CPU
		{C3323E2C-62D2-44D9-8BD7-956634801284}.Release|x86.ActiveCfg = Release|Any CPU
		{C85C23DB-CCCB-41ED-8D3B-E364A1BE50BF}.Debug|Any CPU.ActiveCfg = Debug|Any CPU
		{C85C23DB-CCCB-41ED-8D3B-E364A1BE50BF}.Debug|Any CPU.Build.0 = Debug|Any CPU
		{C85C23DB-CCCB-41ED-8D3B-E364A1BE50BF}.Debug|Mixed Platforms.ActiveCfg = Debug|Any CPU
		{C85C23DB-CCCB-41ED-8D3B-E364A1BE50BF}.Debug|Mixed Platforms.Build.0 = Debug|Any CPU
		{C85C23DB-CCCB-41ED-8D3B-E364A1BE50BF}.Debug|x86.ActiveCfg = Debug|Any CPU
		{C85C23DB-CCCB-41ED-8D3B-E364A1BE50BF}.Release|Any CPU.ActiveCfg = Release|Any CPU
		{C85C23DB-CCCB-41ED-8D3B-E364A1BE50BF}.Release|Any CPU.Build.0 = Release|Any CPU
		{C85C23DB-CCCB-41ED-8D3B-E364A1BE50BF}.Release|Mixed Platforms.ActiveCfg = Release|Any CPU
		{C85C23DB-CCCB-41ED-8D3B-E364A1BE50BF}.Release|Mixed Platforms.Build.0 = Release|Any CPU
		{C85C23DB-CCCB-41ED-8D3B-E364A1BE50BF}.Release|x86.ActiveCfg = Release|Any CPU
	EndGlobalSection
	GlobalSection(SolutionProperties) = preSolution
		HideSolutionNode = FALSE
	EndGlobalSection
EndGlobal
