
Microsoft Visual Studio Solution File, Format Version 12.00
# Visual Studio 2012
Project("{FAE04EC0-301F-11D3-BF4B-00C04F79EFBC}") = "RestoreFocus_WPF", "RestoreFocus\RestoreFocus_WPF.csproj", "{8E4B74DB-DC71-478A-8285-062AD82742E1}"
EndProject
Global
	 
	GlobalSection(SolutionConfigurationPlatforms) = preSolution
		Debug|Any CPU = Debug|Any CPU
		Release|Any CPU = Release|Any CPU
	EndGlobalSection
	GlobalSection(ProjectConfigurationPlatforms) = postSolution
		{8E4B74DB-DC71-478A-8285-062AD82742E1}.Debug|Any CPU.ActiveCfg = Debug|Any CPU
		{8E4B74DB-DC71-478A-8285-062AD82742E1}.Debug|Any CPU.Build.0 = Debug|Any CPU
		{8E4B74DB-DC71-478A-8285-062AD82742E1}.Release|Any CPU.ActiveCfg = Release|Any CPU
		{8E4B74DB-DC71-478A-8285-062AD82742E1}.Release|Any CPU.Build.0 = Release|Any CPU
	EndGlobalSection
	GlobalSection(SolutionProperties) = preSolution
		HideSolutionNode = FALSE
	EndGlobalSection
EndGlobal
