
Microsoft Visual Studio Solution File, Format Version 12.00
# Visual Studio 2010
Project("{FAE04EC0-301F-11D3-BF4B-00C04F79EFBC}") = "BindingColumnsFromViewModel_WPF", "BindingColumnsFromViewModel\BindingColumnsFromViewModel_WPF.csproj", "{BC8A8E52-FB31-494C-BE4A-0CF75C2CC604}"
EndProject
Project("{FAE04EC0-301F-11D3-BF4B-00C04F79EFBC}") = "BindingSelectedItemsFromViewModel_WPF", "BindingSelectedItemsFromViewModel\BindingSelectedItemsFromViewModel_WPF.csproj", "{399D448B-7278-438B-AE04-F06423674DB2}"
EndProject
Project("{FAE04EC0-301F-11D3-BF4B-00C04F79EFBC}") = "ColumnChooser_WPF", "ColumnChooser\ColumnChooser_WPF.csproj", "{F087425E-B625-423D-A9DB-0ADF2E607F33}"
EndProject
Project("{FAE04EC0-301F-11D3-BF4B-00C04F79EFBC}") = "CustomColumn_WPF", "CustomColumn\CustomColumn_WPF.csproj", "{64078BA9-5339-4AD9-9758-62D7C9A1F6C4}"
EndProject
Project("{2150E333-8FDC-42A3-9474-1A3956D46DE8}") = "Solution Items", "Solution Items", "{1693DB8A-98A1-4F40-8D42-54A35796DC62}"
	ProjectSection(SolutionItems) = preProject
		Readme.txt = Readme.txt
	EndProjectSection
EndProject
Project("{FAE04EC0-301F-11D3-BF4B-00C04F79EFBC}") = "FilterAsYouTypeGridViewInsideComboBox_WPF", "FilterAsYouTypeGridViewInsideComboBox\FilterAsYouTypeGridViewInsideComboBox_WPF.csproj", "{5C026368-5AC8-44EC-AE5D-92984DCE1244}"
EndProject
Project("{FAE04EC0-301F-11D3-BF4B-00C04F79EFBC}") = "CustomHierarchyUsingRowDetails_WPF", "CustomHierarchyUsingRowDetails\CustomHierarchyUsingRowDetails_WPF.csproj", "{E70A88EC-6AF0-40DE-8D56-1B75BD810C12}"
EndProject
Project("{FAE04EC0-301F-11D3-BF4B-00C04F79EFBC}") = "LightweightTemplateForCells_WPF", "LightweightTemplateForCells\LightweightTemplateForCells_WPF.csproj", "{9AA6FBB2-361A-4ACC-9F4A-5F1E0A68D0CE}"
EndProject
Project("{FAE04EC0-301F-11D3-BF4B-00C04F79EFBC}") = "ChangingThemesRuntime_WPF", "ChangingThemesRuntime\ChangingThemesRuntime_WPF.csproj", "{7C952A0F-C0B1-48D5-B93F-26E5C893E7EF}"
EndProject
Project("{FAE04EC0-301F-11D3-BF4B-00C04F79EFBC}") = "LocateRowAsYouType_WPF", "LocateRowAsYouType\LocateRowAsYouType_WPF.csproj", "{0907EC88-3DCD-4F25-986A-58C47409004B}"
EndProject
Project("{FAE04EC0-301F-11D3-BF4B-00C04F79EFBC}") = "GroupSelection_WPF", "GroupSelection\GroupSelection_WPF.csproj", "{319FB5F4-771D-4C30-9F61-B37B9649D121}"
EndProject
Project("{FAE04EC0-301F-11D3-BF4B-00C04F79EFBC}") = "ImageColumnFiltering_WPF", "ImageColumnFiltering\ImageColumnFiltering_WPF.csproj", "{473AF64D-55CE-4D47-A650-A5F692E237AC}"
EndProject
Project("{FAE04EC0-301F-11D3-BF4B-00C04F79EFBC}") = "CustomColumnFilterDescriptor_WPF", "CustomColumnFilterDescriptor\CustomColumnFilterDescriptor_WPF.csproj", "{5D071B74-EF0B-43E2-A9DA-5D5C89CE487A}"
EndProject
Project("{FAE04EC0-301F-11D3-BF4B-00C04F79EFBC}") = "FilteringCollectionProperties_WPF", "FilteringCollectionProperties\FilteringCollectionProperties_WPF.csproj", "{0EE07B3F-A35C-42C0-BD1F-8A174227DFF8}"
EndProject
Project("{FAE04EC0-301F-11D3-BF4B-00C04F79EFBC}") = "BindingRowDetailsElementWidth_WPF", "BindingRowDetailsElementWidth\BindingRowDetailsElementWidth_WPF.csproj", "{4CC5FE0C-D7A2-443A-AB45-10839C0D3483}"
EndProject
Project("{FAE04EC0-301F-11D3-BF4B-00C04F79EFBC}") = "CopyPasteFunctionality_WPF", "CopyPasteFunctionality\CopyPasteFunctionality_WPF.csproj", "{2AE48666-AE88-49BA-990F-FDAB2276F072}"
EndProject
Project("{FAE04EC0-301F-11D3-BF4B-00C04F79EFBC}") = "CloseFilteringPopupFilterButton_WPF", "CloseFilteringPopupFilterButton\CloseFilteringPopupFilterButton_WPF.csproj", "{BA01DE9D-6A54-4A1A-A9A1-07BCD21D2A62}"
EndProject
Project("{FAE04EC0-301F-11D3-BF4B-00C04F79EFBC}") = "LightweightTemplates_WPF", "LightweightTemplates\LightweightTemplates_WPF.csproj", "{CD3F67FC-C4E1-4F28-8D51-E50278EEF299}"
EndProject
Project("{FAE04EC0-301F-11D3-BF4B-00C04F79EFBC}") = "ComboboxColumn_WPF", "ComboboxColumn\ComboboxColumn_WPF.csproj", "{3D9EFF85-F8D1-4E68-94BE-341A6F58439F}"
EndProject
Project("{FAE04EC0-301F-11D3-BF4B-00C04F79EFBC}") = "CascadingComboboxColumns_WPF", "CascadingComboboxColumns\CascadingComboboxColumns_WPF.csproj", "{8E28507B-73D8-4D49-AC4E-1A45D5AF97D9}"
EndProject
Project("{FAE04EC0-301F-11D3-BF4B-00C04F79EFBC}") = "ComboboxColumnItemsSourceBinding_WPF", "ComboboxColumnItemsSourceBinding\ComboboxColumnItemsSourceBinding_WPF.csproj", "{9BA29968-A909-4672-8777-8AB652BA11FC}"
EndProject
Project("{FAE04EC0-301F-11D3-BF4B-00C04F79EFBC}") = "ControlPanel_WPF", "ControlPanel\ControlPanel_WPF.csproj", "{0E41921C-C91E-4D60-AC3F-F561B29D3FB3}"
EndProject
Project("{FAE04EC0-301F-11D3-BF4B-00C04F79EFBC}") = "AutoCompleteStringFilterEditor_WPF", "AutoCompleteStringFilterEditor\AutoCompleteStringFilterEditor_WPF.csproj", "{CF097301-53E0-4C08-817B-82D39899D3C9}"
EndProject
Project("{FAE04EC0-301F-11D3-BF4B-00C04F79EFBC}") = "ScrollTwoGridsSimultaneously_WPF", "ScrollTwoGridsSimultaneously\ScrollTwoGridsSimultaneously_WPF.csproj", "{41D43E75-A5FB-400C-BFDC-44341401BFF7}"
EndProject
Project("{FAE04EC0-301F-11D3-BF4B-00C04F79EFBC}") = "CellTooltipWhenTextTrimmed_WPF", "CellTooltipWhenTextTrimmed\CellTooltipWhenTextTrimmed_WPF.csproj", "{2C9F27F2-8D54-49F2-A59B-D90BB6334496}"
EndProject
Project("{FAE04EC0-301F-11D3-BF4B-00C04F79EFBC}") = "CustomKeyboardCommandProvider_WPF", "CustomKeyboardCommandProvider\CustomKeyboardCommandProvider_WPF.csproj", "{A47996EE-8EAA-4743-92D0-65873F987A20}"
EndProject
Project("{FAE04EC0-301F-11D3-BF4B-00C04F79EFBC}") = "DistinctValuesFilteringCaseSensitivity_WPF", "DistinctValuesFilteringCaseSensitivity\DistinctValuesFilteringCaseSensitivity_WPF.csproj", "{F879E0B6-5623-4BC3-8914-DCBF9A57C5EF}"
EndProject
Global
	 
	GlobalSection(SolutionConfigurationPlatforms) = preSolution
		Debug|Any CPU = Debug|Any CPU
		Debug|Mixed Platforms = Debug|Mixed Platforms
		Debug|x86 = Debug|x86
		Release|Any CPU = Release|Any CPU
		Release|Mixed Platforms = Release|Mixed Platforms
		Release|x86 = Release|x86
	EndGlobalSection
	GlobalSection(ProjectConfigurationPlatforms) = postSolution
		{BC8A8E52-FB31-494C-BE4A-0CF75C2CC604}.Debug|Any CPU.ActiveCfg = Debug|Any CPU
		{BC8A8E52-FB31-494C-BE4A-0CF75C2CC604}.Debug|Any CPU.Build.0 = Debug|Any CPU
		{BC8A8E52-FB31-494C-BE4A-0CF75C2CC604}.Debug|Mixed Platforms.ActiveCfg = Debug|x86
		{BC8A8E52-FB31-494C-BE4A-0CF75C2CC604}.Debug|Mixed Platforms.Build.0 = Debug|x86
		{BC8A8E52-FB31-494C-BE4A-0CF75C2CC604}.Debug|x86.ActiveCfg = Debug|x86
		{BC8A8E52-FB31-494C-BE4A-0CF75C2CC604}.Debug|x86.Build.0 = Debug|x86
		{BC8A8E52-FB31-494C-BE4A-0CF75C2CC604}.Release|Any CPU.ActiveCfg = Release|Any CPU
		{BC8A8E52-FB31-494C-BE4A-0CF75C2CC604}.Release|Any CPU.Build.0 = Release|Any CPU
		{BC8A8E52-FB31-494C-BE4A-0CF75C2CC604}.Release|Mixed Platforms.ActiveCfg = Release|x86
		{BC8A8E52-FB31-494C-BE4A-0CF75C2CC604}.Release|Mixed Platforms.Build.0 = Release|x86
		{BC8A8E52-FB31-494C-BE4A-0CF75C2CC604}.Release|x86.ActiveCfg = Release|x86
		{BC8A8E52-FB31-494C-BE4A-0CF75C2CC604}.Release|x86.Build.0 = Release|x86
		{399D448B-7278-438B-AE04-F06423674DB2}.Debug|Any CPU.ActiveCfg = Debug|Any CPU
		{399D448B-7278-438B-AE04-F06423674DB2}.Debug|Any CPU.Build.0 = Debug|Any CPU
		{399D448B-7278-438B-AE04-F06423674DB2}.Debug|Mixed Platforms.ActiveCfg = Debug|x86
		{399D448B-7278-438B-AE04-F06423674DB2}.Debug|Mixed Platforms.Build.0 = Debug|x86
		{399D448B-7278-438B-AE04-F06423674DB2}.Debug|x86.ActiveCfg = Debug|x86
		{399D448B-7278-438B-AE04-F06423674DB2}.Debug|x86.Build.0 = Debug|x86
		{399D448B-7278-438B-AE04-F06423674DB2}.Release|Any CPU.ActiveCfg = Release|Any CPU
		{399D448B-7278-438B-AE04-F06423674DB2}.Release|Any CPU.Build.0 = Release|Any CPU
		{399D448B-7278-438B-AE04-F06423674DB2}.Release|Mixed Platforms.ActiveCfg = Release|x86
		{399D448B-7278-438B-AE04-F06423674DB2}.Release|Mixed Platforms.Build.0 = Release|x86
		{399D448B-7278-438B-AE04-F06423674DB2}.Release|x86.ActiveCfg = Release|x86
		{399D448B-7278-438B-AE04-F06423674DB2}.Release|x86.Build.0 = Release|x86
		{F087425E-B625-423D-A9DB-0ADF2E607F33}.Debug|Any CPU.ActiveCfg = Debug|Any CPU
		{F087425E-B625-423D-A9DB-0ADF2E607F33}.Debug|Any CPU.Build.0 = Debug|Any CPU
		{F087425E-B625-423D-A9DB-0ADF2E607F33}.Debug|Mixed Platforms.ActiveCfg = Debug|x86
		{F087425E-B625-423D-A9DB-0ADF2E607F33}.Debug|Mixed Platforms.Build.0 = Debug|x86
		{F087425E-B625-423D-A9DB-0ADF2E607F33}.Debug|x86.ActiveCfg = Debug|x86
		{F087425E-B625-423D-A9DB-0ADF2E607F33}.Debug|x86.Build.0 = Debug|x86
		{F087425E-B625-423D-A9DB-0ADF2E607F33}.Release|Any CPU.ActiveCfg = Release|Any CPU
		{F087425E-B625-423D-A9DB-0ADF2E607F33}.Release|Any CPU.Build.0 = Release|Any CPU
		{F087425E-B625-423D-A9DB-0ADF2E607F33}.Release|Mixed Platforms.ActiveCfg = Release|x86
		{F087425E-B625-423D-A9DB-0ADF2E607F33}.Release|Mixed Platforms.Build.0 = Release|x86
		{F087425E-B625-423D-A9DB-0ADF2E607F33}.Release|x86.ActiveCfg = Release|x86
		{F087425E-B625-423D-A9DB-0ADF2E607F33}.Release|x86.Build.0 = Release|x86
		{64078BA9-5339-4AD9-9758-62D7C9A1F6C4}.Debug|Any CPU.ActiveCfg = Debug|Any CPU
		{64078BA9-5339-4AD9-9758-62D7C9A1F6C4}.Debug|Any CPU.Build.0 = Debug|Any CPU
		{64078BA9-5339-4AD9-9758-62D7C9A1F6C4}.Debug|Mixed Platforms.ActiveCfg = Debug|x86
		{64078BA9-5339-4AD9-9758-62D7C9A1F6C4}.Debug|Mixed Platforms.Build.0 = Debug|x86
		{64078BA9-5339-4AD9-9758-62D7C9A1F6C4}.Debug|x86.ActiveCfg = Debug|x86
		{64078BA9-5339-4AD9-9758-62D7C9A1F6C4}.Debug|x86.Build.0 = Debug|x86
		{64078BA9-5339-4AD9-9758-62D7C9A1F6C4}.Release|Any CPU.ActiveCfg = Release|Any CPU
		{64078BA9-5339-4AD9-9758-62D7C9A1F6C4}.Release|Any CPU.Build.0 = Release|Any CPU
		{64078BA9-5339-4AD9-9758-62D7C9A1F6C4}.Release|Mixed Platforms.ActiveCfg = Release|x86
		{64078BA9-5339-4AD9-9758-62D7C9A1F6C4}.Release|Mixed Platforms.Build.0 = Release|x86
		{64078BA9-5339-4AD9-9758-62D7C9A1F6C4}.Release|x86.ActiveCfg = Release|x86
		{64078BA9-5339-4AD9-9758-62D7C9A1F6C4}.Release|x86.Build.0 = Release|x86
		{5C026368-5AC8-44EC-AE5D-92984DCE1244}.Debug|Any CPU.ActiveCfg = Debug|Any CPU
		{5C026368-5AC8-44EC-AE5D-92984DCE1244}.Debug|Any CPU.Build.0 = Debug|Any CPU
		{5C026368-5AC8-44EC-AE5D-92984DCE1244}.Debug|Mixed Platforms.ActiveCfg = Debug|x86
		{5C026368-5AC8-44EC-AE5D-92984DCE1244}.Debug|Mixed Platforms.Build.0 = Debug|x86
		{5C026368-5AC8-44EC-AE5D-92984DCE1244}.Debug|x86.ActiveCfg = Debug|x86
		{5C026368-5AC8-44EC-AE5D-92984DCE1244}.Debug|x86.Build.0 = Debug|x86
		{5C026368-5AC8-44EC-AE5D-92984DCE1244}.Release|Any CPU.ActiveCfg = Release|Any CPU
		{5C026368-5AC8-44EC-AE5D-92984DCE1244}.Release|Any CPU.Build.0 = Release|Any CPU
		{5C026368-5AC8-44EC-AE5D-92984DCE1244}.Release|Mixed Platforms.ActiveCfg = Release|x86
		{5C026368-5AC8-44EC-AE5D-92984DCE1244}.Release|Mixed Platforms.Build.0 = Release|x86
		{5C026368-5AC8-44EC-AE5D-92984DCE1244}.Release|x86.ActiveCfg = Release|x86
		{5C026368-5AC8-44EC-AE5D-92984DCE1244}.Release|x86.Build.0 = Release|x86
		{E70A88EC-6AF0-40DE-8D56-1B75BD810C12}.Debug|Any CPU.ActiveCfg = Debug|Any CPU
		{E70A88EC-6AF0-40DE-8D56-1B75BD810C12}.Debug|Any CPU.Build.0 = Debug|Any CPU
		{E70A88EC-6AF0-40DE-8D56-1B75BD810C12}.Debug|Mixed Platforms.ActiveCfg = Debug|x86
		{E70A88EC-6AF0-40DE-8D56-1B75BD810C12}.Debug|Mixed Platforms.Build.0 = Debug|x86
		{E70A88EC-6AF0-40DE-8D56-1B75BD810C12}.Debug|x86.ActiveCfg = Debug|x86
		{E70A88EC-6AF0-40DE-8D56-1B75BD810C12}.Debug|x86.Build.0 = Debug|x86
		{E70A88EC-6AF0-40DE-8D56-1B75BD810C12}.Release|Any CPU.ActiveCfg = Release|Any CPU
		{E70A88EC-6AF0-40DE-8D56-1B75BD810C12}.Release|Any CPU.Build.0 = Release|Any CPU
		{E70A88EC-6AF0-40DE-8D56-1B75BD810C12}.Release|Mixed Platforms.ActiveCfg = Release|x86
		{E70A88EC-6AF0-40DE-8D56-1B75BD810C12}.Release|Mixed Platforms.Build.0 = Release|x86
		{E70A88EC-6AF0-40DE-8D56-1B75BD810C12}.Release|x86.ActiveCfg = Release|x86
		{E70A88EC-6AF0-40DE-8D56-1B75BD810C12}.Release|x86.Build.0 = Release|x86
		{9AA6FBB2-361A-4ACC-9F4A-5F1E0A68D0CE}.Debug|Any CPU.ActiveCfg = Debug|Any CPU
		{9AA6FBB2-361A-4ACC-9F4A-5F1E0A68D0CE}.Debug|Any CPU.Build.0 = Debug|Any CPU
		{9AA6FBB2-361A-4ACC-9F4A-5F1E0A68D0CE}.Debug|Mixed Platforms.ActiveCfg = Debug|x86
		{9AA6FBB2-361A-4ACC-9F4A-5F1E0A68D0CE}.Debug|Mixed Platforms.Build.0 = Debug|x86
		{9AA6FBB2-361A-4ACC-9F4A-5F1E0A68D0CE}.Debug|x86.ActiveCfg = Debug|x86
		{9AA6FBB2-361A-4ACC-9F4A-5F1E0A68D0CE}.Debug|x86.Build.0 = Debug|x86
		{9AA6FBB2-361A-4ACC-9F4A-5F1E0A68D0CE}.Release|Any CPU.ActiveCfg = Release|Any CPU
		{9AA6FBB2-361A-4ACC-9F4A-5F1E0A68D0CE}.Release|Any CPU.Build.0 = Release|Any CPU
		{9AA6FBB2-361A-4ACC-9F4A-5F1E0A68D0CE}.Release|Mixed Platforms.ActiveCfg = Release|x86
		{9AA6FBB2-361A-4ACC-9F4A-5F1E0A68D0CE}.Release|Mixed Platforms.Build.0 = Release|x86
		{9AA6FBB2-361A-4ACC-9F4A-5F1E0A68D0CE}.Release|x86.ActiveCfg = Release|x86
		{9AA6FBB2-361A-4ACC-9F4A-5F1E0A68D0CE}.Release|x86.Build.0 = Release|x86
		{7C952A0F-C0B1-48D5-B93F-26E5C893E7EF}.Debug|Any CPU.ActiveCfg = Debug|Any CPU
		{7C952A0F-C0B1-48D5-B93F-26E5C893E7EF}.Debug|Any CPU.Build.0 = Debug|Any CPU
		{7C952A0F-C0B1-48D5-B93F-26E5C893E7EF}.Debug|Mixed Platforms.ActiveCfg = Debug|x86
		{7C952A0F-C0B1-48D5-B93F-26E5C893E7EF}.Debug|Mixed Platforms.Build.0 = Debug|x86
		{7C952A0F-C0B1-48D5-B93F-26E5C893E7EF}.Debug|x86.ActiveCfg = Debug|x86
		{7C952A0F-C0B1-48D5-B93F-26E5C893E7EF}.Debug|x86.Build.0 = Debug|x86
		{7C952A0F-C0B1-48D5-B93F-26E5C893E7EF}.Release|Any CPU.ActiveCfg = Release|Any CPU
		{7C952A0F-C0B1-48D5-B93F-26E5C893E7EF}.Release|Any CPU.Build.0 = Release|Any CPU
		{7C952A0F-C0B1-48D5-B93F-26E5C893E7EF}.Release|Mixed Platforms.ActiveCfg = Release|x86
		{7C952A0F-C0B1-48D5-B93F-26E5C893E7EF}.Release|Mixed Platforms.Build.0 = Release|x86
		{7C952A0F-C0B1-48D5-B93F-26E5C893E7EF}.Release|x86.ActiveCfg = Release|x86
		{7C952A0F-C0B1-48D5-B93F-26E5C893E7EF}.Release|x86.Build.0 = Release|x86
		{0907EC88-3DCD-4F25-986A-58C47409004B}.Debug|Any CPU.ActiveCfg = Debug|Any CPU
		{0907EC88-3DCD-4F25-986A-58C47409004B}.Debug|Any CPU.Build.0 = Debug|Any CPU
		{0907EC88-3DCD-4F25-986A-58C47409004B}.Debug|Mixed Platforms.ActiveCfg = Debug|x86
		{0907EC88-3DCD-4F25-986A-58C47409004B}.Debug|Mixed Platforms.Build.0 = Debug|x86
		{0907EC88-3DCD-4F25-986A-58C47409004B}.Debug|x86.ActiveCfg = Debug|x86
		{0907EC88-3DCD-4F25-986A-58C47409004B}.Debug|x86.Build.0 = Debug|x86
		{0907EC88-3DCD-4F25-986A-58C47409004B}.Release|Any CPU.ActiveCfg = Release|Any CPU
		{0907EC88-3DCD-4F25-986A-58C47409004B}.Release|Any CPU.Build.0 = Release|Any CPU
		{0907EC88-3DCD-4F25-986A-58C47409004B}.Release|Mixed Platforms.ActiveCfg = Release|x86
		{0907EC88-3DCD-4F25-986A-58C47409004B}.Release|Mixed Platforms.Build.0 = Release|x86
		{0907EC88-3DCD-4F25-986A-58C47409004B}.Release|x86.ActiveCfg = Release|x86
		{0907EC88-3DCD-4F25-986A-58C47409004B}.Release|x86.Build.0 = Release|x86
		{319FB5F4-771D-4C30-9F61-B37B9649D121}.Debug|Any CPU.ActiveCfg = Debug|Any CPU
		{319FB5F4-771D-4C30-9F61-B37B9649D121}.Debug|Any CPU.Build.0 = Debug|Any CPU
		{319FB5F4-771D-4C30-9F61-B37B9649D121}.Debug|Mixed Platforms.ActiveCfg = Debug|x86
		{319FB5F4-771D-4C30-9F61-B37B9649D121}.Debug|Mixed Platforms.Build.0 = Debug|x86
		{319FB5F4-771D-4C30-9F61-B37B9649D121}.Debug|x86.ActiveCfg = Debug|x86
		{319FB5F4-771D-4C30-9F61-B37B9649D121}.Debug|x86.Build.0 = Debug|x86
		{319FB5F4-771D-4C30-9F61-B37B9649D121}.Release|Any CPU.ActiveCfg = Release|Any CPU
		{319FB5F4-771D-4C30-9F61-B37B9649D121}.Release|Any CPU.Build.0 = Release|Any CPU
		{319FB5F4-771D-4C30-9F61-B37B9649D121}.Release|Mixed Platforms.ActiveCfg = Release|x86
		{319FB5F4-771D-4C30-9F61-B37B9649D121}.Release|Mixed Platforms.Build.0 = Release|x86
		{319FB5F4-771D-4C30-9F61-B37B9649D121}.Release|x86.ActiveCfg = Release|x86
		{319FB5F4-771D-4C30-9F61-B37B9649D121}.Release|x86.Build.0 = Release|x86
		{473AF64D-55CE-4D47-A650-A5F692E237AC}.Debug|Any CPU.ActiveCfg = Debug|Any CPU
		{473AF64D-55CE-4D47-A650-A5F692E237AC}.Debug|Any CPU.Build.0 = Debug|Any CPU
		{473AF64D-55CE-4D47-A650-A5F692E237AC}.Debug|Mixed Platforms.ActiveCfg = Debug|x86
		{473AF64D-55CE-4D47-A650-A5F692E237AC}.Debug|Mixed Platforms.Build.0 = Debug|x86
		{473AF64D-55CE-4D47-A650-A5F692E237AC}.Debug|x86.ActiveCfg = Debug|x86
		{473AF64D-55CE-4D47-A650-A5F692E237AC}.Debug|x86.Build.0 = Debug|x86
		{473AF64D-55CE-4D47-A650-A5F692E237AC}.Release|Any CPU.ActiveCfg = Release|Any CPU
		{473AF64D-55CE-4D47-A650-A5F692E237AC}.Release|Any CPU.Build.0 = Release|Any CPU
		{473AF64D-55CE-4D47-A650-A5F692E237AC}.Release|Mixed Platforms.ActiveCfg = Release|x86
		{473AF64D-55CE-4D47-A650-A5F692E237AC}.Release|Mixed Platforms.Build.0 = Release|x86
		{473AF64D-55CE-4D47-A650-A5F692E237AC}.Release|x86.ActiveCfg = Release|x86
		{473AF64D-55CE-4D47-A650-A5F692E237AC}.Release|x86.Build.0 = Release|x86
		{5D071B74-EF0B-43E2-A9DA-5D5C89CE487A}.Debug|Any CPU.ActiveCfg = Debug|Any CPU
		{5D071B74-EF0B-43E2-A9DA-5D5C89CE487A}.Debug|Any CPU.Build.0 = Debug|Any CPU
		{5D071B74-EF0B-43E2-A9DA-5D5C89CE487A}.Debug|Mixed Platforms.ActiveCfg = Debug|x86
		{5D071B74-EF0B-43E2-A9DA-5D5C89CE487A}.Debug|Mixed Platforms.Build.0 = Debug|x86
		{5D071B74-EF0B-43E2-A9DA-5D5C89CE487A}.Debug|x86.ActiveCfg = Debug|x86
		{5D071B74-EF0B-43E2-A9DA-5D5C89CE487A}.Debug|x86.Build.0 = Debug|x86
		{5D071B74-EF0B-43E2-A9DA-5D5C89CE487A}.Release|Any CPU.ActiveCfg = Release|Any CPU
		{5D071B74-EF0B-43E2-A9DA-5D5C89CE487A}.Release|Any CPU.Build.0 = Release|Any CPU
		{5D071B74-EF0B-43E2-A9DA-5D5C89CE487A}.Release|Mixed Platforms.ActiveCfg = Release|x86
		{5D071B74-EF0B-43E2-A9DA-5D5C89CE487A}.Release|Mixed Platforms.Build.0 = Release|x86
		{5D071B74-EF0B-43E2-A9DA-5D5C89CE487A}.Release|x86.ActiveCfg = Release|x86
		{5D071B74-EF0B-43E2-A9DA-5D5C89CE487A}.Release|x86.Build.0 = Release|x86
		{0EE07B3F-A35C-42C0-BD1F-8A174227DFF8}.Debug|Any CPU.ActiveCfg = Debug|Any CPU
		{0EE07B3F-A35C-42C0-BD1F-8A174227DFF8}.Debug|Any CPU.Build.0 = Debug|Any CPU
		{0EE07B3F-A35C-42C0-BD1F-8A174227DFF8}.Debug|Mixed Platforms.ActiveCfg = Debug|x86
		{0EE07B3F-A35C-42C0-BD1F-8A174227DFF8}.Debug|Mixed Platforms.Build.0 = Debug|x86
		{0EE07B3F-A35C-42C0-BD1F-8A174227DFF8}.Debug|x86.ActiveCfg = Debug|x86
		{0EE07B3F-A35C-42C0-BD1F-8A174227DFF8}.Debug|x86.Build.0 = Debug|x86
		{0EE07B3F-A35C-42C0-BD1F-8A174227DFF8}.Release|Any CPU.ActiveCfg = Release|Any CPU
		{0EE07B3F-A35C-42C0-BD1F-8A174227DFF8}.Release|Any CPU.Build.0 = Release|Any CPU
		{0EE07B3F-A35C-42C0-BD1F-8A174227DFF8}.Release|Mixed Platforms.ActiveCfg = Release|x86
		{0EE07B3F-A35C-42C0-BD1F-8A174227DFF8}.Release|Mixed Platforms.Build.0 = Release|x86
		{0EE07B3F-A35C-42C0-BD1F-8A174227DFF8}.Release|x86.ActiveCfg = Release|x86
		{0EE07B3F-A35C-42C0-BD1F-8A174227DFF8}.Release|x86.Build.0 = Release|x86
		{4CC5FE0C-D7A2-443A-AB45-10839C0D3483}.Debug|Any CPU.ActiveCfg = Debug|x86
		{4CC5FE0C-D7A2-443A-AB45-10839C0D3483}.Debug|Mixed Platforms.ActiveCfg = Debug|x86
		{4CC5FE0C-D7A2-443A-AB45-10839C0D3483}.Debug|Mixed Platforms.Build.0 = Debug|x86
		{4CC5FE0C-D7A2-443A-AB45-10839C0D3483}.Debug|x86.ActiveCfg = Debug|x86
		{4CC5FE0C-D7A2-443A-AB45-10839C0D3483}.Debug|x86.Build.0 = Debug|x86
		{4CC5FE0C-D7A2-443A-AB45-10839C0D3483}.Release|Any CPU.ActiveCfg = Release|x86
		{4CC5FE0C-D7A2-443A-AB45-10839C0D3483}.Release|Mixed Platforms.ActiveCfg = Release|x86
		{4CC5FE0C-D7A2-443A-AB45-10839C0D3483}.Release|Mixed Platforms.Build.0 = Release|x86
		{4CC5FE0C-D7A2-443A-AB45-10839C0D3483}.Release|x86.ActiveCfg = Release|x86
		{4CC5FE0C-D7A2-443A-AB45-10839C0D3483}.Release|x86.Build.0 = Release|x86
		{2AE48666-AE88-49BA-990F-FDAB2276F072}.Debug|Any CPU.ActiveCfg = Debug|Any CPU
		{2AE48666-AE88-49BA-990F-FDAB2276F072}.Debug|Any CPU.Build.0 = Debug|Any CPU
		{2AE48666-AE88-49BA-990F-FDAB2276F072}.Debug|Mixed Platforms.ActiveCfg = Debug|Any CPU
		{2AE48666-AE88-49BA-990F-FDAB2276F072}.Debug|Mixed Platforms.Build.0 = Debug|Any CPU
		{2AE48666-AE88-49BA-990F-FDAB2276F072}.Debug|x86.ActiveCfg = Debug|Any CPU
		{2AE48666-AE88-49BA-990F-FDAB2276F072}.Release|Any CPU.ActiveCfg = Release|Any CPU
		{2AE48666-AE88-49BA-990F-FDAB2276F072}.Release|Any CPU.Build.0 = Release|Any CPU
		{2AE48666-AE88-49BA-990F-FDAB2276F072}.Release|Mixed Platforms.ActiveCfg = Release|Any CPU
		{2AE48666-AE88-49BA-990F-FDAB2276F072}.Release|Mixed Platforms.Build.0 = Release|Any CPU
		{2AE48666-AE88-49BA-990F-FDAB2276F072}.Release|x86.ActiveCfg = Release|Any CPU
		{BA01DE9D-6A54-4A1A-A9A1-07BCD21D2A62}.Debug|Any CPU.ActiveCfg = Debug|Any CPU
		{BA01DE9D-6A54-4A1A-A9A1-07BCD21D2A62}.Debug|Any CPU.Build.0 = Debug|Any CPU
		{BA01DE9D-6A54-4A1A-A9A1-07BCD21D2A62}.Debug|Mixed Platforms.ActiveCfg = Debug|Any CPU
		{BA01DE9D-6A54-4A1A-A9A1-07BCD21D2A62}.Debug|Mixed Platforms.Build.0 = Debug|Any CPU
		{BA01DE9D-6A54-4A1A-A9A1-07BCD21D2A62}.Debug|x86.ActiveCfg = Debug|x86
		{BA01DE9D-6A54-4A1A-A9A1-07BCD21D2A62}.Debug|x86.Build.0 = Debug|x86
		{BA01DE9D-6A54-4A1A-A9A1-07BCD21D2A62}.Release|Any CPU.ActiveCfg = Release|Any CPU
		{BA01DE9D-6A54-4A1A-A9A1-07BCD21D2A62}.Release|Any CPU.Build.0 = Release|Any CPU
		{BA01DE9D-6A54-4A1A-A9A1-07BCD21D2A62}.Release|Mixed Platforms.ActiveCfg = Release|Any CPU
		{BA01DE9D-6A54-4A1A-A9A1-07BCD21D2A62}.Release|Mixed Platforms.Build.0 = Release|Any CPU
		{BA01DE9D-6A54-4A1A-A9A1-07BCD21D2A62}.Release|x86.ActiveCfg = Release|x86
		{BA01DE9D-6A54-4A1A-A9A1-07BCD21D2A62}.Release|x86.Build.0 = Release|x86
		{CD3F67FC-C4E1-4F28-8D51-E50278EEF299}.Debug|Any CPU.ActiveCfg = Debug|Any CPU
		{CD3F67FC-C4E1-4F28-8D51-E50278EEF299}.Debug|Any CPU.Build.0 = Debug|Any CPU
		{CD3F67FC-C4E1-4F28-8D51-E50278EEF299}.Debug|Mixed Platforms.ActiveCfg = Debug|Any CPU
		{CD3F67FC-C4E1-4F28-8D51-E50278EEF299}.Debug|Mixed Platforms.Build.0 = Debug|Any CPU
		{CD3F67FC-C4E1-4F28-8D51-E50278EEF299}.Debug|x86.ActiveCfg = Debug|Any CPU
		{CD3F67FC-C4E1-4F28-8D51-E50278EEF299}.Release|Any CPU.ActiveCfg = Release|Any CPU
		{CD3F67FC-C4E1-4F28-8D51-E50278EEF299}.Release|Any CPU.Build.0 = Release|Any CPU
		{CD3F67FC-C4E1-4F28-8D51-E50278EEF299}.Release|Mixed Platforms.ActiveCfg = Release|Any CPU
		{CD3F67FC-C4E1-4F28-8D51-E50278EEF299}.Release|Mixed Platforms.Build.0 = Release|Any CPU
		{CD3F67FC-C4E1-4F28-8D51-E50278EEF299}.Release|x86.ActiveCfg = Release|Any CPU
		{3D9EFF85-F8D1-4E68-94BE-341A6F58439F}.Debug|Any CPU.ActiveCfg = Debug|Any CPU
		{3D9EFF85-F8D1-4E68-94BE-341A6F58439F}.Debug|Any CPU.Build.0 = Debug|Any CPU
		{3D9EFF85-F8D1-4E68-94BE-341A6F58439F}.Debug|Mixed Platforms.ActiveCfg = Debug|Any CPU
		{3D9EFF85-F8D1-4E68-94BE-341A6F58439F}.Debug|Mixed Platforms.Build.0 = Debug|Any CPU
		{3D9EFF85-F8D1-4E68-94BE-341A6F58439F}.Debug|x86.ActiveCfg = Debug|x86
		{3D9EFF85-F8D1-4E68-94BE-341A6F58439F}.Debug|x86.Build.0 = Debug|x86
		{3D9EFF85-F8D1-4E68-94BE-341A6F58439F}.Release|Any CPU.ActiveCfg = Release|Any CPU
		{3D9EFF85-F8D1-4E68-94BE-341A6F58439F}.Release|Any CPU.Build.0 = Release|Any CPU
		{3D9EFF85-F8D1-4E68-94BE-341A6F58439F}.Release|Mixed Platforms.ActiveCfg = Release|Any CPU
		{3D9EFF85-F8D1-4E68-94BE-341A6F58439F}.Release|Mixed Platforms.Build.0 = Release|Any CPU
		{3D9EFF85-F8D1-4E68-94BE-341A6F58439F}.Release|x86.ActiveCfg = Release|x86
		{3D9EFF85-F8D1-4E68-94BE-341A6F58439F}.Release|x86.Build.0 = Release|x86
		{8E28507B-73D8-4D49-AC4E-1A45D5AF97D9}.Debug|Any CPU.ActiveCfg = Debug|Any CPU
		{8E28507B-73D8-4D49-AC4E-1A45D5AF97D9}.Debug|Any CPU.Build.0 = Debug|Any CPU
		{8E28507B-73D8-4D49-AC4E-1A45D5AF97D9}.Debug|Mixed Platforms.ActiveCfg = Debug|Any CPU
		{8E28507B-73D8-4D49-AC4E-1A45D5AF97D9}.Debug|Mixed Platforms.Build.0 = Debug|Any CPU
		{8E28507B-73D8-4D49-AC4E-1A45D5AF97D9}.Debug|x86.ActiveCfg = Debug|x86
		{8E28507B-73D8-4D49-AC4E-1A45D5AF97D9}.Debug|x86.Build.0 = Debug|x86
		{8E28507B-73D8-4D49-AC4E-1A45D5AF97D9}.Release|Any CPU.ActiveCfg = Release|Any CPU
		{8E28507B-73D8-4D49-AC4E-1A45D5AF97D9}.Release|Any CPU.Build.0 = Release|Any CPU
		{8E28507B-73D8-4D49-AC4E-1A45D5AF97D9}.Release|Mixed Platforms.ActiveCfg = Release|Any CPU
		{8E28507B-73D8-4D49-AC4E-1A45D5AF97D9}.Release|Mixed Platforms.Build.0 = Release|Any CPU
		{8E28507B-73D8-4D49-AC4E-1A45D5AF97D9}.Release|x86.ActiveCfg = Release|x86
		{8E28507B-73D8-4D49-AC4E-1A45D5AF97D9}.Release|x86.Build.0 = Release|x86
		{9BA29968-A909-4672-8777-8AB652BA11FC}.Debug|Any CPU.ActiveCfg = Debug|Any CPU
		{9BA29968-A909-4672-8777-8AB652BA11FC}.Debug|Any CPU.Build.0 = Debug|Any CPU
		{9BA29968-A909-4672-8777-8AB652BA11FC}.Debug|Mixed Platforms.ActiveCfg = Debug|Any CPU
		{9BA29968-A909-4672-8777-8AB652BA11FC}.Debug|Mixed Platforms.Build.0 = Debug|Any CPU
		{9BA29968-A909-4672-8777-8AB652BA11FC}.Debug|x86.ActiveCfg = Debug|x86
		{9BA29968-A909-4672-8777-8AB652BA11FC}.Debug|x86.Build.0 = Debug|x86
		{9BA29968-A909-4672-8777-8AB652BA11FC}.Release|Any CPU.ActiveCfg = Release|Any CPU
		{9BA29968-A909-4672-8777-8AB652BA11FC}.Release|Any CPU.Build.0 = Release|Any CPU
		{9BA29968-A909-4672-8777-8AB652BA11FC}.Release|Mixed Platforms.ActiveCfg = Release|Any CPU
		{9BA29968-A909-4672-8777-8AB652BA11FC}.Release|Mixed Platforms.Build.0 = Release|Any CPU
		{9BA29968-A909-4672-8777-8AB652BA11FC}.Release|x86.ActiveCfg = Release|x86
		{9BA29968-A909-4672-8777-8AB652BA11FC}.Release|x86.Build.0 = Release|x86
		{0E41921C-C91E-4D60-AC3F-F561B29D3FB3}.Debug|Any CPU.ActiveCfg = Debug|Any CPU
		{0E41921C-C91E-4D60-AC3F-F561B29D3FB3}.Debug|Any CPU.Build.0 = Debug|Any CPU
		{0E41921C-C91E-4D60-AC3F-F561B29D3FB3}.Debug|Mixed Platforms.ActiveCfg = Debug|Any CPU
		{0E41921C-C91E-4D60-AC3F-F561B29D3FB3}.Debug|Mixed Platforms.Build.0 = Debug|Any CPU
		{0E41921C-C91E-4D60-AC3F-F561B29D3FB3}.Debug|x86.ActiveCfg = Debug|Any CPU
		{0E41921C-C91E-4D60-AC3F-F561B29D3FB3}.Release|Any CPU.ActiveCfg = Release|Any CPU
		{0E41921C-C91E-4D60-AC3F-F561B29D3FB3}.Release|Any CPU.Build.0 = Release|Any CPU
		{0E41921C-C91E-4D60-AC3F-F561B29D3FB3}.Release|Mixed Platforms.ActiveCfg = Release|Any CPU
		{0E41921C-C91E-4D60-AC3F-F561B29D3FB3}.Release|Mixed Platforms.Build.0 = Release|Any CPU
		{0E41921C-C91E-4D60-AC3F-F561B29D3FB3}.Release|x86.ActiveCfg = Release|Any CPU
		{CF097301-53E0-4C08-817B-82D39899D3C9}.Debug|Any CPU.ActiveCfg = Debug|x86
		{CF097301-53E0-4C08-817B-82D39899D3C9}.Debug|Mixed Platforms.ActiveCfg = Debug|x86
		{CF097301-53E0-4C08-817B-82D39899D3C9}.Debug|Mixed Platforms.Build.0 = Debug|x86
		{CF097301-53E0-4C08-817B-82D39899D3C9}.Debug|x86.ActiveCfg = Debug|x86
		{CF097301-53E0-4C08-817B-82D39899D3C9}.Debug|x86.Build.0 = Debug|x86
		{CF097301-53E0-4C08-817B-82D39899D3C9}.Release|Any CPU.ActiveCfg = Release|x86
		{CF097301-53E0-4C08-817B-82D39899D3C9}.Release|Mixed Platforms.ActiveCfg = Release|x86
		{CF097301-53E0-4C08-817B-82D39899D3C9}.Release|Mixed Platforms.Build.0 = Release|x86
		{CF097301-53E0-4C08-817B-82D39899D3C9}.Release|x86.ActiveCfg = Release|x86
		{CF097301-53E0-4C08-817B-82D39899D3C9}.Release|x86.Build.0 = Release|x86
		{41D43E75-A5FB-400C-BFDC-44341401BFF7}.Debug|Any CPU.ActiveCfg = Debug|Any CPU
		{41D43E75-A5FB-400C-BFDC-44341401BFF7}.Debug|Any CPU.Build.0 = Debug|Any CPU
		{41D43E75-A5FB-400C-BFDC-44341401BFF7}.Debug|Mixed Platforms.ActiveCfg = Debug|Any CPU
		{41D43E75-A5FB-400C-BFDC-44341401BFF7}.Debug|Mixed Platforms.Build.0 = Debug|Any CPU
		{41D43E75-A5FB-400C-BFDC-44341401BFF7}.Debug|x86.ActiveCfg = Debug|x86
		{41D43E75-A5FB-400C-BFDC-44341401BFF7}.Debug|x86.Build.0 = Debug|x86
		{41D43E75-A5FB-400C-BFDC-44341401BFF7}.Release|Any CPU.ActiveCfg = Release|Any CPU
		{41D43E75-A5FB-400C-BFDC-44341401BFF7}.Release|Any CPU.Build.0 = Release|Any CPU
		{41D43E75-A5FB-400C-BFDC-44341401BFF7}.Release|Mixed Platforms.ActiveCfg = Release|Any CPU
		{41D43E75-A5FB-400C-BFDC-44341401BFF7}.Release|Mixed Platforms.Build.0 = Release|Any CPU
		{41D43E75-A5FB-400C-BFDC-44341401BFF7}.Release|x86.ActiveCfg = Release|x86
		{41D43E75-A5FB-400C-BFDC-44341401BFF7}.Release|x86.Build.0 = Release|x86
		{2C9F27F2-8D54-49F2-A59B-D90BB6334496}.Debug|Any CPU.ActiveCfg = Debug|x86
		{2C9F27F2-8D54-49F2-A59B-D90BB6334496}.Debug|Mixed Platforms.ActiveCfg = Debug|x86
		{2C9F27F2-8D54-49F2-A59B-D90BB6334496}.Debug|Mixed Platforms.Build.0 = Debug|x86
		{2C9F27F2-8D54-49F2-A59B-D90BB6334496}.Debug|x86.ActiveCfg = Debug|x86
		{2C9F27F2-8D54-49F2-A59B-D90BB6334496}.Debug|x86.Build.0 = Debug|x86
		{2C9F27F2-8D54-49F2-A59B-D90BB6334496}.Release|Any CPU.ActiveCfg = Release|x86
		{2C9F27F2-8D54-49F2-A59B-D90BB6334496}.Release|Mixed Platforms.ActiveCfg = Release|x86
		{2C9F27F2-8D54-49F2-A59B-D90BB6334496}.Release|Mixed Platforms.Build.0 = Release|x86
		{2C9F27F2-8D54-49F2-A59B-D90BB6334496}.Release|x86.ActiveCfg = Release|x86
		{2C9F27F2-8D54-49F2-A59B-D90BB6334496}.Release|x86.Build.0 = Release|x86
		{A47996EE-8EAA-4743-92D0-65873F987A20}.Debug|Any CPU.ActiveCfg = Debug|Any CPU
		{A47996EE-8EAA-4743-92D0-65873F987A20}.Debug|Any CPU.Build.0 = Debug|Any CPU
		{A47996EE-8EAA-4743-92D0-65873F987A20}.Debug|Mixed Platforms.ActiveCfg = Debug|Any CPU
		{A47996EE-8EAA-4743-92D0-65873F987A20}.Debug|Mixed Platforms.Build.0 = Debug|Any CPU
		{A47996EE-8EAA-4743-92D0-65873F987A20}.Debug|x86.ActiveCfg = Debug|x86
		{A47996EE-8EAA-4743-92D0-65873F987A20}.Debug|x86.Build.0 = Debug|x86
		{A47996EE-8EAA-4743-92D0-65873F987A20}.Release|Any CPU.ActiveCfg = Release|Any CPU
		{A47996EE-8EAA-4743-92D0-65873F987A20}.Release|Any CPU.Build.0 = Release|Any CPU
		{A47996EE-8EAA-4743-92D0-65873F987A20}.Release|Mixed Platforms.ActiveCfg = Release|Any CPU
		{A47996EE-8EAA-4743-92D0-65873F987A20}.Release|Mixed Platforms.Build.0 = Release|Any CPU
		{A47996EE-8EAA-4743-92D0-65873F987A20}.Release|x86.ActiveCfg = Release|x86
		{A47996EE-8EAA-4743-92D0-65873F987A20}.Release|x86.Build.0 = Release|x86
		{F879E0B6-5623-4BC3-8914-DCBF9A57C5EF}.Debug|Any CPU.ActiveCfg = Debug|Any CPU
		{F879E0B6-5623-4BC3-8914-DCBF9A57C5EF}.Debug|Any CPU.Build.0 = Debug|Any CPU
		{F879E0B6-5623-4BC3-8914-DCBF9A57C5EF}.Debug|Mixed Platforms.ActiveCfg = Debug|Any CPU
		{F879E0B6-5623-4BC3-8914-DCBF9A57C5EF}.Debug|Mixed Platforms.Build.0 = Debug|Any CPU
		{F879E0B6-5623-4BC3-8914-DCBF9A57C5EF}.Debug|x86.ActiveCfg = Debug|x86
		{F879E0B6-5623-4BC3-8914-DCBF9A57C5EF}.Debug|x86.Build.0 = Debug|x86
		{F879E0B6-5623-4BC3-8914-DCBF9A57C5EF}.Release|Any CPU.ActiveCfg = Release|Any CPU
		{F879E0B6-5623-4BC3-8914-DCBF9A57C5EF}.Release|Any CPU.Build.0 = Release|Any CPU
		{F879E0B6-5623-4BC3-8914-DCBF9A57C5EF}.Release|Mixed Platforms.ActiveCfg = Release|Any CPU
		{F879E0B6-5623-4BC3-8914-DCBF9A57C5EF}.Release|Mixed Platforms.Build.0 = Release|Any CPU
		{F879E0B6-5623-4BC3-8914-DCBF9A57C5EF}.Release|x86.ActiveCfg = Release|x86
		{F879E0B6-5623-4BC3-8914-DCBF9A57C5EF}.Release|x86.Build.0 = Release|x86
	EndGlobalSection
	GlobalSection(SolutionProperties) = preSolution
		HideSolutionNode = FALSE
	EndGlobalSection
EndGlobal
